// !$*UTF8*$!
{
	archiveVersion = 1;
	classes = {
	};
	objectVersion = 48;
	objects = {

/* Begin PBXBuildFile section */
		C09D9F5D25F6A09A00CDCB5F /* ServerUserData.swift in Sources */ = {isa = PBXBuildFile; fileRef = C09D9F5C25F6A09A00CDCB5F /* ServerUserData.swift */; };
		C0ACB08E25C85137006A8228 /* KeycloakServer.swift in Sources */ = {isa = PBXBuildFile; fileRef = C0ACB08D25C85137006A8228 /* KeycloakServer.swift */; };
		C407AF71216D0DB400970ABD /* ContactGroup.swift in Sources */ = {isa = PBXBuildFile; fileRef = C407AF70216D0DB400970ABD /* ContactGroup.swift */; };
		C4124EBE200399B300F51B11 /* OwnedIdentity.swift in Sources */ = {isa = PBXBuildFile; fileRef = C4124EBD200399B300F51B11 /* OwnedIdentity.swift */; };
		C4124EDA200399FA00F51B11 /* ContactIdentity.swift in Sources */ = {isa = PBXBuildFile; fileRef = C4124ED9200399FA00F51B11 /* ContactIdentity.swift */; };
		C419E365274B8FCA00EF0225 /* KeycloakRevokedIdentity.swift in Sources */ = {isa = PBXBuildFile; fileRef = C419E364274B8FCA00EF0225 /* KeycloakRevokedIdentity.swift */; };
		C41B08CD21EE99B6001F2AAE /* ContactIdentityDetailsPublished.swift in Sources */ = {isa = PBXBuildFile; fileRef = C41B08CC21EE99B6001F2AAE /* ContactIdentityDetailsPublished.swift */; };
		C41B08D321EE99BE001F2AAE /* ContactIdentityDetailsTrusted.swift in Sources */ = {isa = PBXBuildFile; fileRef = C41B08D221EE99BE001F2AAE /* ContactIdentityDetailsTrusted.swift */; };
		C41B850E26405847005F6658 /* OlvidUtils.framework in Frameworks */ = {isa = PBXBuildFile; fileRef = C41B850D2640583F005F6658 /* OlvidUtils.framework */; };
		C41C9C4F21B93BB3000B64F6 /* PendingGroupMember.swift in Sources */ = {isa = PBXBuildFile; fileRef = C41C9C4E21B93BB3000B64F6 /* PendingGroupMember.swift */; };
		C41F5909200365DF00053581 /* ObvIdentityManager.h in Headers */ = {isa = PBXBuildFile; fileRef = C41F58FB200365DF00053581 /* ObvIdentityManager.h */; settings = {ATTRIBUTES = (Public, ); }; };
		C45882F0241EDE5700B8D510 /* BackupItemObjectAssociation.swift in Sources */ = {isa = PBXBuildFile; fileRef = C45882EF241EDE5700B8D510 /* BackupItemObjectAssociation.swift */; };
		C47A6A1E2215A20C008002F4 /* PersistedTrustOrigin.swift in Sources */ = {isa = PBXBuildFile; fileRef = C47A6A1D2215A20C008002F4 /* PersistedTrustOrigin.swift */; };
		C482D6F32281C977000DBB66 /* ContactGroupDetails.swift in Sources */ = {isa = PBXBuildFile; fileRef = C482D6F22281C977000DBB66 /* ContactGroupDetails.swift */; };
		C482D6F92281CD82000DBB66 /* ContactGroupOwned.swift in Sources */ = {isa = PBXBuildFile; fileRef = C482D6F82281CD82000DBB66 /* ContactGroupOwned.swift */; };
		C482D6FB2281CE11000DBB66 /* ContactGroupJoined.swift in Sources */ = {isa = PBXBuildFile; fileRef = C482D6FA2281CE11000DBB66 /* ContactGroupJoined.swift */; };
		C48DA9602018EC22006BBAE3 /* ObvIdentityManagerImplementation.swift in Sources */ = {isa = PBXBuildFile; fileRef = C48DA95F2018EC22006BBAE3 /* ObvIdentityManagerImplementation.swift */; };
		C497F2C1228420D100CC67EC /* ContactGroupDetailsPublished.swift in Sources */ = {isa = PBXBuildFile; fileRef = C497F2C0228420D100CC67EC /* ContactGroupDetailsPublished.swift */; };
		C497F2C32284211300CC67EC /* ContactGroupDetailsLatest.swift in Sources */ = {isa = PBXBuildFile; fileRef = C497F2C22284211300CC67EC /* ContactGroupDetailsLatest.swift */; };
		C497F2C52284213300CC67EC /* ContactGroupDetailsTrusted.swift in Sources */ = {isa = PBXBuildFile; fileRef = C497F2C42284213300CC67EC /* ContactGroupDetailsTrusted.swift */; };
		C4ACF926205ADA2900F44105 /* ObvIdentityDelegateManager.swift in Sources */ = {isa = PBXBuildFile; fileRef = C4ACF925205ADA2900F44105 /* ObvIdentityDelegateManager.swift */; };
		C4B18B9520193B94005EB4C7 /* OwnedDevice.swift in Sources */ = {isa = PBXBuildFile; fileRef = C4B18B9420193B94005EB4C7 /* OwnedDevice.swift */; };
		C4BF0CDC219F6B8F0042F9B8 /* ObvTypes.framework in Frameworks */ = {isa = PBXBuildFile; fileRef = C4BF0CD9219F6B8B0042F9B8 /* ObvTypes.framework */; };
		C4BF0CE8219F6BA40042F9B8 /* ObvCrypto.framework in Frameworks */ = {isa = PBXBuildFile; fileRef = C4BF0CE7219F6BA00042F9B8 /* ObvCrypto.framework */; };
		C4BF0CF2219F6BBD0042F9B8 /* ObvMetaManager.framework in Frameworks */ = {isa = PBXBuildFile; fileRef = C4BF0CF1219F6BB90042F9B8 /* ObvMetaManager.framework */; };
		C4CAEA61274F8B7C0054FCCE /* JsonKeycloakRevocation.swift in Sources */ = {isa = PBXBuildFile; fileRef = C4CAEA60274F8B7C0054FCCE /* JsonKeycloakRevocation.swift */; };
		C4D25D8E2747BDFB005BAB17 /* JWS.framework in Frameworks */ = {isa = PBXBuildFile; fileRef = C026E627260A3C7000D0DAD2 /* JWS.framework */; };
		C4D2C6D321DE44F700DA237D /* OwnedIdentityMaskingUID.swift in Sources */ = {isa = PBXBuildFile; fileRef = C4D2C6D221DE44F700DA237D /* OwnedIdentityMaskingUID.swift */; };
		C4D47D3A2019D4970049B538 /* ContactDevice.swift in Sources */ = {isa = PBXBuildFile; fileRef = C4D47D392019D4970049B538 /* ContactDevice.swift */; };
		C4D5527721EE0FF900F50D3D /* ContactIdentityDetails.swift in Sources */ = {isa = PBXBuildFile; fileRef = C4D5527621EE0FF900F50D3D /* ContactIdentityDetails.swift */; };
		C4D5528B21EE1CF400F50D3D /* OwnedIdentityDetailsPublished.swift in Sources */ = {isa = PBXBuildFile; fileRef = C4D5528A21EE1CF400F50D3D /* OwnedIdentityDetailsPublished.swift */; };
		C4F1BEEC22846FEC00E0D5A2 /* ObvIdentityManagerError.swift in Sources */ = {isa = PBXBuildFile; fileRef = C4F1BEEB22846FEC00E0D5A2 /* ObvIdentityManagerError.swift */; };
/* End PBXBuildFile section */

/* Begin PBXContainerItemProxy section */
		C026E626260A3C7000D0DAD2 /* PBXContainerItemProxy */ = {
			isa = PBXContainerItemProxy;
			containerPortal = C026E622260A3C7000D0DAD2 /* JWS.xcodeproj */;
			proxyType = 2;
			remoteGlobalIDString = C026E59D260A367400D0DAD2;
			remoteInfo = JWS;
		};
		C41B850C2640583F005F6658 /* PBXContainerItemProxy */ = {
			isa = PBXContainerItemProxy;
			containerPortal = C41B85032640583F005F6658 /* OlvidUtils.xcodeproj */;
			proxyType = 2;
			remoteGlobalIDString = C49AA9EE261F4A9100E055F9;
			remoteInfo = OlvidUtils;
		};
		C4BF0CD8219F6B8B0042F9B8 /* PBXContainerItemProxy */ = {
			isa = PBXContainerItemProxy;
			containerPortal = C4BF0CD3219F6B8B0042F9B8 /* ObvTypes.xcodeproj */;
			proxyType = 2;
			remoteGlobalIDString = C4C11F691FA0879800D5E44B;
			remoteInfo = ObvTypes;
		};
		C4BF0CDA219F6B8B0042F9B8 /* PBXContainerItemProxy */ = {
			isa = PBXContainerItemProxy;
			containerPortal = C4BF0CD3219F6B8B0042F9B8 /* ObvTypes.xcodeproj */;
			proxyType = 2;
			remoteGlobalIDString = C4C11F721FA0879800D5E44B;
			remoteInfo = ObvTypesTests;
		};
		C4BF0CE6219F6BA00042F9B8 /* PBXContainerItemProxy */ = {
			isa = PBXContainerItemProxy;
			containerPortal = C4BF0CDD219F6BA00042F9B8 /* ObvCrypto.xcodeproj */;
			proxyType = 2;
			remoteGlobalIDString = C47BB4FA1F6952C900B6E189;
			remoteInfo = ObvCrypto;
		};
		C4BF0CF0219F6BB90042F9B8 /* PBXContainerItemProxy */ = {
			isa = PBXContainerItemProxy;
			containerPortal = C4BF0CE9219F6BB80042F9B8 /* ObvMetaManager.xcodeproj */;
			proxyType = 2;
			remoteGlobalIDString = C4E76FE4200CEC600026D9A3;
			remoteInfo = ObvMetaManager;
		};
/* End PBXContainerItemProxy section */

/* Begin PBXFileReference section */
		C026E622260A3C7000D0DAD2 /* JWS.xcodeproj */ = {isa = PBXFileReference; lastKnownFileType = "wrapper.pb-project"; name = JWS.xcodeproj; path = ../JWS/JWS.xcodeproj; sourceTree = "<group>"; };
		C09D9F5C25F6A09A00CDCB5F /* ServerUserData.swift */ = {isa = PBXFileReference; lastKnownFileType = sourcecode.swift; path = ServerUserData.swift; sourceTree = "<group>"; };
		C0ACB08D25C85137006A8228 /* KeycloakServer.swift */ = {isa = PBXFileReference; lastKnownFileType = sourcecode.swift; path = KeycloakServer.swift; sourceTree = "<group>"; };
		C0B4A4DA276F5AC400816D8D /* .swiftlint.yml */ = {isa = PBXFileReference; fileEncoding = 4; lastKnownFileType = text.yaml; path = .swiftlint.yml; sourceTree = "<group>"; };
		C407AF70216D0DB400970ABD /* ContactGroup.swift */ = {isa = PBXFileReference; lastKnownFileType = sourcecode.swift; path = ContactGroup.swift; sourceTree = "<group>"; };
		C4124EBD200399B300F51B11 /* OwnedIdentity.swift */ = {isa = PBXFileReference; lastKnownFileType = sourcecode.swift; path = OwnedIdentity.swift; sourceTree = "<group>"; };
		C4124ED9200399FA00F51B11 /* ContactIdentity.swift */ = {isa = PBXFileReference; lastKnownFileType = sourcecode.swift; path = ContactIdentity.swift; sourceTree = "<group>"; };
		C419E364274B8FCA00EF0225 /* KeycloakRevokedIdentity.swift */ = {isa = PBXFileReference; lastKnownFileType = sourcecode.swift; path = KeycloakRevokedIdentity.swift; sourceTree = "<group>"; };
		C41B08CC21EE99B6001F2AAE /* ContactIdentityDetailsPublished.swift */ = {isa = PBXFileReference; lastKnownFileType = sourcecode.swift; path = ContactIdentityDetailsPublished.swift; sourceTree = "<group>"; };
		C41B08D221EE99BE001F2AAE /* ContactIdentityDetailsTrusted.swift */ = {isa = PBXFileReference; lastKnownFileType = sourcecode.swift; path = ContactIdentityDetailsTrusted.swift; sourceTree = "<group>"; };
		C41B85032640583F005F6658 /* OlvidUtils.xcodeproj */ = {isa = PBXFileReference; lastKnownFileType = "wrapper.pb-project"; name = OlvidUtils.xcodeproj; path = ../../OlvidUtils/OlvidUtils.xcodeproj; sourceTree = "<group>"; };
		C41C9C4E21B93BB3000B64F6 /* PendingGroupMember.swift */ = {isa = PBXFileReference; lastKnownFileType = sourcecode.swift; path = PendingGroupMember.swift; sourceTree = "<group>"; };
		C41F58F8200365DF00053581 /* ObvIdentityManager.framework */ = {isa = PBXFileReference; explicitFileType = wrapper.framework; includeInIndex = 0; path = ObvIdentityManager.framework; sourceTree = BUILT_PRODUCTS_DIR; };
		C41F58FB200365DF00053581 /* ObvIdentityManager.h */ = {isa = PBXFileReference; lastKnownFileType = sourcecode.c.h; path = ObvIdentityManager.h; sourceTree = "<group>"; };
		C41F58FC200365DF00053581 /* Info.plist */ = {isa = PBXFileReference; lastKnownFileType = text.plist.xml; path = Info.plist; sourceTree = "<group>"; };
		C45882EF241EDE5700B8D510 /* BackupItemObjectAssociation.swift */ = {isa = PBXFileReference; lastKnownFileType = sourcecode.swift; path = BackupItemObjectAssociation.swift; sourceTree = "<group>"; };
		C47A6A1D2215A20C008002F4 /* PersistedTrustOrigin.swift */ = {isa = PBXFileReference; lastKnownFileType = sourcecode.swift; path = PersistedTrustOrigin.swift; sourceTree = "<group>"; };
		C482D6F22281C977000DBB66 /* ContactGroupDetails.swift */ = {isa = PBXFileReference; lastKnownFileType = sourcecode.swift; path = ContactGroupDetails.swift; sourceTree = "<group>"; };
		C482D6F82281CD82000DBB66 /* ContactGroupOwned.swift */ = {isa = PBXFileReference; lastKnownFileType = sourcecode.swift; path = ContactGroupOwned.swift; sourceTree = "<group>"; };
		C482D6FA2281CE11000DBB66 /* ContactGroupJoined.swift */ = {isa = PBXFileReference; lastKnownFileType = sourcecode.swift; path = ContactGroupJoined.swift; sourceTree = "<group>"; };
		C48DA95F2018EC22006BBAE3 /* ObvIdentityManagerImplementation.swift */ = {isa = PBXFileReference; lastKnownFileType = sourcecode.swift; path = ObvIdentityManagerImplementation.swift; sourceTree = "<group>"; };
		C497F2C0228420D100CC67EC /* ContactGroupDetailsPublished.swift */ = {isa = PBXFileReference; lastKnownFileType = sourcecode.swift; path = ContactGroupDetailsPublished.swift; sourceTree = "<group>"; };
		C497F2C22284211300CC67EC /* ContactGroupDetailsLatest.swift */ = {isa = PBXFileReference; lastKnownFileType = sourcecode.swift; path = ContactGroupDetailsLatest.swift; sourceTree = "<group>"; };
		C497F2C42284213300CC67EC /* ContactGroupDetailsTrusted.swift */ = {isa = PBXFileReference; lastKnownFileType = sourcecode.swift; path = ContactGroupDetailsTrusted.swift; sourceTree = "<group>"; };
		C4ACF925205ADA2900F44105 /* ObvIdentityDelegateManager.swift */ = {isa = PBXFileReference; fileEncoding = 4; lastKnownFileType = sourcecode.swift; path = ObvIdentityDelegateManager.swift; sourceTree = "<group>"; };
		C4B18B9420193B94005EB4C7 /* OwnedDevice.swift */ = {isa = PBXFileReference; lastKnownFileType = sourcecode.swift; path = OwnedDevice.swift; sourceTree = "<group>"; };
		C4BF0CD3219F6B8B0042F9B8 /* ObvTypes.xcodeproj */ = {isa = PBXFileReference; lastKnownFileType = "wrapper.pb-project"; name = ObvTypes.xcodeproj; path = ../ObvTypes/ObvTypes.xcodeproj; sourceTree = "<group>"; };
		C4BF0CDD219F6BA00042F9B8 /* ObvCrypto.xcodeproj */ = {isa = PBXFileReference; lastKnownFileType = "wrapper.pb-project"; name = ObvCrypto.xcodeproj; path = ../ObvCrypto/ObvCrypto.xcodeproj; sourceTree = "<group>"; };
		C4BF0CE9219F6BB80042F9B8 /* ObvMetaManager.xcodeproj */ = {isa = PBXFileReference; lastKnownFileType = "wrapper.pb-project"; name = ObvMetaManager.xcodeproj; path = ../ObvMetaManager/ObvMetaManager.xcodeproj; sourceTree = "<group>"; };
		C4CAEA60274F8B7C0054FCCE /* JsonKeycloakRevocation.swift */ = {isa = PBXFileReference; lastKnownFileType = sourcecode.swift; path = JsonKeycloakRevocation.swift; sourceTree = "<group>"; };
		C4D2C6D221DE44F700DA237D /* OwnedIdentityMaskingUID.swift */ = {isa = PBXFileReference; lastKnownFileType = sourcecode.swift; path = OwnedIdentityMaskingUID.swift; sourceTree = "<group>"; };
		C4D47D392019D4970049B538 /* ContactDevice.swift */ = {isa = PBXFileReference; lastKnownFileType = sourcecode.swift; path = ContactDevice.swift; sourceTree = "<group>"; };
		C4D5527621EE0FF900F50D3D /* ContactIdentityDetails.swift */ = {isa = PBXFileReference; lastKnownFileType = sourcecode.swift; path = ContactIdentityDetails.swift; sourceTree = "<group>"; };
		C4D5528A21EE1CF400F50D3D /* OwnedIdentityDetailsPublished.swift */ = {isa = PBXFileReference; lastKnownFileType = sourcecode.swift; path = OwnedIdentityDetailsPublished.swift; sourceTree = "<group>"; };
		C4F1BEEB22846FEC00E0D5A2 /* ObvIdentityManagerError.swift */ = {isa = PBXFileReference; lastKnownFileType = sourcecode.swift; path = ObvIdentityManagerError.swift; sourceTree = "<group>"; };
/* End PBXFileReference section */

/* Begin PBXFrameworksBuildPhase section */
		C41F58F4200365DF00053581 /* Frameworks */ = {
			isa = PBXFrameworksBuildPhase;
			buildActionMask = 2147483647;
			files = (
				C4BF0CF2219F6BBD0042F9B8 /* ObvMetaManager.framework in Frameworks */,
				C41B850E26405847005F6658 /* OlvidUtils.framework in Frameworks */,
				C4BF0CE8219F6BA40042F9B8 /* ObvCrypto.framework in Frameworks */,
				C4D25D8E2747BDFB005BAB17 /* JWS.framework in Frameworks */,
				C4BF0CDC219F6B8F0042F9B8 /* ObvTypes.framework in Frameworks */,
			);
			runOnlyForDeploymentPostprocessing = 0;
		};
/* End PBXFrameworksBuildPhase section */

/* Begin PBXGroup section */
		C026E623260A3C7000D0DAD2 /* Products */ = {
			isa = PBXGroup;
			children = (
				C026E627260A3C7000D0DAD2 /* JWS.framework */,
			);
			name = Products;
			sourceTree = "<group>";
		};
		C41B85042640583F005F6658 /* Products */ = {
			isa = PBXGroup;
			children = (
				C41B850D2640583F005F6658 /* OlvidUtils.framework */,
			);
			name = Products;
			sourceTree = "<group>";
		};
		C41F58EE200365DF00053581 = {
			isa = PBXGroup;
			children = (
				C0B4A4DA276F5AC400816D8D /* .swiftlint.yml */,
				C41F58FA200365DF00053581 /* ObvIdentityManager */,
				C41F58F9200365DF00053581 /* Products */,
				C41F5912200365F200053581 /* Frameworks */,
			);
			sourceTree = "<group>";
		};
		C41F58F9200365DF00053581 /* Products */ = {
			isa = PBXGroup;
			children = (
				C41F58F8200365DF00053581 /* ObvIdentityManager.framework */,
			);
			name = Products;
			sourceTree = "<group>";
		};
		C41F58FA200365DF00053581 /* ObvIdentityManager */ = {
			isa = PBXGroup;
			children = (
				C4ACF925205ADA2900F44105 /* ObvIdentityDelegateManager.swift */,
				C48DA95F2018EC22006BBAE3 /* ObvIdentityManagerImplementation.swift */,
				C4F1BEEB22846FEC00E0D5A2 /* ObvIdentityManagerError.swift */,
				C41F59422003667000053581 /* CoreData */,
				C4CAEA59274F8B630054FCCE /* OtherTypes */,
				C41F58FB200365DF00053581 /* ObvIdentityManager.h */,
				C41F58FC200365DF00053581 /* Info.plist */,
				C45882EF241EDE5700B8D510 /* BackupItemObjectAssociation.swift */,
			);
			path = ObvIdentityManager;
			sourceTree = "<group>";
		};
		C41F5912200365F200053581 /* Frameworks */ = {
			isa = PBXGroup;
			children = (
				C41B85032640583F005F6658 /* OlvidUtils.xcodeproj */,
				C026E622260A3C7000D0DAD2 /* JWS.xcodeproj */,
				C4BF0CE9219F6BB80042F9B8 /* ObvMetaManager.xcodeproj */,
				C4BF0CDD219F6BA00042F9B8 /* ObvCrypto.xcodeproj */,
				C4BF0CD3219F6B8B0042F9B8 /* ObvTypes.xcodeproj */,
			);
			name = Frameworks;
			sourceTree = "<group>";
		};
		C41F59422003667000053581 /* CoreData */ = {
			isa = PBXGroup;
			children = (
				C4D47D392019D4970049B538 /* ContactDevice.swift */,
				C407AF70216D0DB400970ABD /* ContactGroup.swift */,
				C482D6F22281C977000DBB66 /* ContactGroupDetails.swift */,
				C497F2C22284211300CC67EC /* ContactGroupDetailsLatest.swift */,
				C497F2C0228420D100CC67EC /* ContactGroupDetailsPublished.swift */,
				C497F2C42284213300CC67EC /* ContactGroupDetailsTrusted.swift */,
				C482D6FA2281CE11000DBB66 /* ContactGroupJoined.swift */,
				C482D6F82281CD82000DBB66 /* ContactGroupOwned.swift */,
				C4124ED9200399FA00F51B11 /* ContactIdentity.swift */,
				C4D5527621EE0FF900F50D3D /* ContactIdentityDetails.swift */,
				C41B08CC21EE99B6001F2AAE /* ContactIdentityDetailsPublished.swift */,
				C41B08D221EE99BE001F2AAE /* ContactIdentityDetailsTrusted.swift */,
				C4B18B9420193B94005EB4C7 /* OwnedDevice.swift */,
				C4124EBD200399B300F51B11 /* OwnedIdentity.swift */,
				C4D5528A21EE1CF400F50D3D /* OwnedIdentityDetailsPublished.swift */,
				C4D2C6D221DE44F700DA237D /* OwnedIdentityMaskingUID.swift */,
				C41C9C4E21B93BB3000B64F6 /* PendingGroupMember.swift */,
				C47A6A1D2215A20C008002F4 /* PersistedTrustOrigin.swift */,
				C09D9F5C25F6A09A00CDCB5F /* ServerUserData.swift */,
				C0ACB08D25C85137006A8228 /* KeycloakServer.swift */,
				C419E364274B8FCA00EF0225 /* KeycloakRevokedIdentity.swift */,
			);
			path = CoreData;
			sourceTree = "<group>";
		};
		C4BF0CD4219F6B8B0042F9B8 /* Products */ = {
			isa = PBXGroup;
			children = (
				C4BF0CD9219F6B8B0042F9B8 /* ObvTypes.framework */,
				C4BF0CDB219F6B8B0042F9B8 /* ObvTypesTests.xctest */,
			);
			name = Products;
			sourceTree = "<group>";
		};
		C4BF0CDE219F6BA00042F9B8 /* Products */ = {
			isa = PBXGroup;
			children = (
				C4BF0CE7219F6BA00042F9B8 /* ObvCrypto.framework */,
			);
			name = Products;
			sourceTree = "<group>";
		};
		C4BF0CEA219F6BB80042F9B8 /* Products */ = {
			isa = PBXGroup;
			children = (
				C4BF0CF1219F6BB90042F9B8 /* ObvMetaManager.framework */,
			);
			name = Products;
			sourceTree = "<group>";
		};
		C4CAEA59274F8B630054FCCE /* OtherTypes */ = {
			isa = PBXGroup;
			children = (
				C4CAEA60274F8B7C0054FCCE /* JsonKeycloakRevocation.swift */,
			);
			path = OtherTypes;
			sourceTree = "<group>";
		};
/* End PBXGroup section */

/* Begin PBXHeadersBuildPhase section */
		C41F58F5200365DF00053581 /* Headers */ = {
			isa = PBXHeadersBuildPhase;
			buildActionMask = 2147483647;
			files = (
				C41F5909200365DF00053581 /* ObvIdentityManager.h in Headers */,
			);
			runOnlyForDeploymentPostprocessing = 0;
		};
/* End PBXHeadersBuildPhase section */

/* Begin PBXNativeTarget section */
		C41F58F7200365DF00053581 /* ObvIdentityManager */ = {
			isa = PBXNativeTarget;
			buildConfigurationList = C41F590C200365DF00053581 /* Build configuration list for PBXNativeTarget "ObvIdentityManager" */;
			buildPhases = (
				C41F58F3200365DF00053581 /* Sources */,
				C41F58F4200365DF00053581 /* Frameworks */,
				C41F58F5200365DF00053581 /* Headers */,
				C0B4A4E2276F5ACE00816D8D /* ShellScript */,
			);
			buildRules = (
			);
			dependencies = (
			);
			name = ObvIdentityManager;
			packageProductDependencies = (
			);
			productName = ObvIdentityManager;
			productReference = C41F58F8200365DF00053581 /* ObvIdentityManager.framework */;
			productType = "com.apple.product-type.framework";
		};
/* End PBXNativeTarget section */

/* Begin PBXProject section */
		C41F58EF200365DF00053581 /* Project object */ = {
			isa = PBXProject;
			attributes = {
				LastSwiftUpdateCheck = 0920;
				LastUpgradeCheck = 1320;
				ORGANIZATIONNAME = Olvid;
				TargetAttributes = {
					C41F58F7200365DF00053581 = {
						CreatedOnToolsVersion = 9.2;
						LastSwiftMigration = 1020;
						ProvisioningStyle = Automatic;
					};
				};
			};
			buildConfigurationList = C41F58F2200365DF00053581 /* Build configuration list for PBXProject "ObvIdentityManager" */;
			compatibilityVersion = "Xcode 8.0";
			developmentRegion = en;
			hasScannedForEncodings = 0;
			knownRegions = (
				en,
				Base,
			);
			mainGroup = C41F58EE200365DF00053581;
			packageReferences = (
			);
			productRefGroup = C41F58F9200365DF00053581 /* Products */;
			projectDirPath = "";
			projectReferences = (
				{
					ProductGroup = C026E623260A3C7000D0DAD2 /* Products */;
					ProjectRef = C026E622260A3C7000D0DAD2 /* JWS.xcodeproj */;
				},
				{
					ProductGroup = C4BF0CDE219F6BA00042F9B8 /* Products */;
					ProjectRef = C4BF0CDD219F6BA00042F9B8 /* ObvCrypto.xcodeproj */;
				},
				{
					ProductGroup = C4BF0CEA219F6BB80042F9B8 /* Products */;
					ProjectRef = C4BF0CE9219F6BB80042F9B8 /* ObvMetaManager.xcodeproj */;
				},
				{
					ProductGroup = C4BF0CD4219F6B8B0042F9B8 /* Products */;
					ProjectRef = C4BF0CD3219F6B8B0042F9B8 /* ObvTypes.xcodeproj */;
				},
				{
					ProductGroup = C41B85042640583F005F6658 /* Products */;
					ProjectRef = C41B85032640583F005F6658 /* OlvidUtils.xcodeproj */;
				},
			);
			projectRoot = "";
			targets = (
				C41F58F7200365DF00053581 /* ObvIdentityManager */,
			);
		};
/* End PBXProject section */

/* Begin PBXReferenceProxy section */
		C026E627260A3C7000D0DAD2 /* JWS.framework */ = {
			isa = PBXReferenceProxy;
			fileType = wrapper.framework;
			path = JWS.framework;
			remoteRef = C026E626260A3C7000D0DAD2 /* PBXContainerItemProxy */;
			sourceTree = BUILT_PRODUCTS_DIR;
		};
		C41B850D2640583F005F6658 /* OlvidUtils.framework */ = {
			isa = PBXReferenceProxy;
			fileType = wrapper.framework;
			path = OlvidUtils.framework;
			remoteRef = C41B850C2640583F005F6658 /* PBXContainerItemProxy */;
			sourceTree = BUILT_PRODUCTS_DIR;
		};
		C4BF0CD9219F6B8B0042F9B8 /* ObvTypes.framework */ = {
			isa = PBXReferenceProxy;
			fileType = wrapper.framework;
			path = ObvTypes.framework;
			remoteRef = C4BF0CD8219F6B8B0042F9B8 /* PBXContainerItemProxy */;
			sourceTree = BUILT_PRODUCTS_DIR;
		};
		C4BF0CDB219F6B8B0042F9B8 /* ObvTypesTests.xctest */ = {
			isa = PBXReferenceProxy;
			fileType = wrapper.cfbundle;
			path = ObvTypesTests.xctest;
			remoteRef = C4BF0CDA219F6B8B0042F9B8 /* PBXContainerItemProxy */;
			sourceTree = BUILT_PRODUCTS_DIR;
		};
		C4BF0CE7219F6BA00042F9B8 /* ObvCrypto.framework */ = {
			isa = PBXReferenceProxy;
			fileType = wrapper.framework;
			path = ObvCrypto.framework;
			remoteRef = C4BF0CE6219F6BA00042F9B8 /* PBXContainerItemProxy */;
			sourceTree = BUILT_PRODUCTS_DIR;
		};
		C4BF0CF1219F6BB90042F9B8 /* ObvMetaManager.framework */ = {
			isa = PBXReferenceProxy;
			fileType = wrapper.framework;
			path = ObvMetaManager.framework;
			remoteRef = C4BF0CF0219F6BB90042F9B8 /* PBXContainerItemProxy */;
			sourceTree = BUILT_PRODUCTS_DIR;
		};
/* End PBXReferenceProxy section */

/* Begin PBXShellScriptBuildPhase section */
		C0B4A4E2276F5ACE00816D8D /* ShellScript */ = {
			isa = PBXShellScriptBuildPhase;
			buildActionMask = 2147483647;
			files = (
			);
			inputFileListPaths = (
			);
			inputPaths = (
			);
			outputFileListPaths = (
			);
			outputPaths = (
			);
			runOnlyForDeploymentPostprocessing = 0;
			shellPath = /bin/sh;
			shellScript = "PATH=${PATH}:~/.mint/bin/\nif which swiftlint >/dev/null; then\n  swiftlint\nelse\n  echo \"warning: SwiftLint not installed, download from https://github.com/realm/SwiftLint\"\nfi\n";
		};
/* End PBXShellScriptBuildPhase section */

/* Begin PBXSourcesBuildPhase section */
		C41F58F3200365DF00053581 /* Sources */ = {
			isa = PBXSourcesBuildPhase;
			buildActionMask = 2147483647;
			files = (
				C4D47D3A2019D4970049B538 /* ContactDevice.swift in Sources */,
				C4CAEA61274F8B7C0054FCCE /* JsonKeycloakRevocation.swift in Sources */,
				C4D5528B21EE1CF400F50D3D /* OwnedIdentityDetailsPublished.swift in Sources */,
				C48DA9602018EC22006BBAE3 /* ObvIdentityManagerImplementation.swift in Sources */,
				C4ACF926205ADA2900F44105 /* ObvIdentityDelegateManager.swift in Sources */,
				C4D2C6D321DE44F700DA237D /* OwnedIdentityMaskingUID.swift in Sources */,
				C45882F0241EDE5700B8D510 /* BackupItemObjectAssociation.swift in Sources */,
				C4D5527721EE0FF900F50D3D /* ContactIdentityDetails.swift in Sources */,
				C4124EBE200399B300F51B11 /* OwnedIdentity.swift in Sources */,
				C497F2C52284213300CC67EC /* ContactGroupDetailsTrusted.swift in Sources */,
				C47A6A1E2215A20C008002F4 /* PersistedTrustOrigin.swift in Sources */,
				C4124EDA200399FA00F51B11 /* ContactIdentity.swift in Sources */,
				C482D6F92281CD82000DBB66 /* ContactGroupOwned.swift in Sources */,
				C482D6F32281C977000DBB66 /* ContactGroupDetails.swift in Sources */,
				C497F2C32284211300CC67EC /* ContactGroupDetailsLatest.swift in Sources */,
				C419E365274B8FCA00EF0225 /* KeycloakRevokedIdentity.swift in Sources */,
				C09D9F5D25F6A09A00CDCB5F /* ServerUserData.swift in Sources */,
				C41B08D321EE99BE001F2AAE /* ContactIdentityDetailsTrusted.swift in Sources */,
				C4F1BEEC22846FEC00E0D5A2 /* ObvIdentityManagerError.swift in Sources */,
				C0ACB08E25C85137006A8228 /* KeycloakServer.swift in Sources */,
				C41C9C4F21B93BB3000B64F6 /* PendingGroupMember.swift in Sources */,
				C407AF71216D0DB400970ABD /* ContactGroup.swift in Sources */,
				C497F2C1228420D100CC67EC /* ContactGroupDetailsPublished.swift in Sources */,
				C41B08CD21EE99B6001F2AAE /* ContactIdentityDetailsPublished.swift in Sources */,
				C4B18B9520193B94005EB4C7 /* OwnedDevice.swift in Sources */,
				C482D6FB2281CE11000DBB66 /* ContactGroupJoined.swift in Sources */,
			);
			runOnlyForDeploymentPostprocessing = 0;
		};
/* End PBXSourcesBuildPhase section */

/* Begin XCBuildConfiguration section */
		C41F590A200365DF00053581 /* Debug */ = {
			isa = XCBuildConfiguration;
			buildSettings = {
				ALWAYS_SEARCH_USER_PATHS = NO;
				CLANG_ANALYZER_NONNULL = YES;
				CLANG_ANALYZER_NUMBER_OBJECT_CONVERSION = YES_AGGRESSIVE;
				CLANG_CXX_LANGUAGE_STANDARD = "gnu++14";
				CLANG_CXX_LIBRARY = "libc++";
				CLANG_ENABLE_MODULES = YES;
				CLANG_ENABLE_OBJC_ARC = YES;
				CLANG_WARN_BLOCK_CAPTURE_AUTORELEASING = YES;
				CLANG_WARN_BOOL_CONVERSION = YES;
				CLANG_WARN_COMMA = YES;
				CLANG_WARN_CONSTANT_CONVERSION = YES;
				CLANG_WARN_DEPRECATED_OBJC_IMPLEMENTATIONS = YES;
				CLANG_WARN_DIRECT_OBJC_ISA_USAGE = YES_ERROR;
				CLANG_WARN_DOCUMENTATION_COMMENTS = YES;
				CLANG_WARN_EMPTY_BODY = YES;
				CLANG_WARN_ENUM_CONVERSION = YES;
				CLANG_WARN_INFINITE_RECURSION = YES;
				CLANG_WARN_INT_CONVERSION = YES;
				CLANG_WARN_NON_LITERAL_NULL_CONVERSION = YES;
				CLANG_WARN_OBJC_IMPLICIT_RETAIN_SELF = YES;
				CLANG_WARN_OBJC_LITERAL_CONVERSION = YES;
				CLANG_WARN_OBJC_ROOT_CLASS = YES_ERROR;
				CLANG_WARN_QUOTED_INCLUDE_IN_FRAMEWORK_HEADER = YES;
				CLANG_WARN_RANGE_LOOP_ANALYSIS = YES;
				CLANG_WARN_STRICT_PROTOTYPES = YES;
				CLANG_WARN_SUSPICIOUS_MOVE = YES;
				CLANG_WARN_UNGUARDED_AVAILABILITY = YES_AGGRESSIVE;
				CLANG_WARN_UNREACHABLE_CODE = YES;
				CLANG_WARN__DUPLICATE_METHOD_MATCH = YES;
				CODE_SIGN_IDENTITY = "iPhone Developer";
				COPY_PHASE_STRIP = NO;
				CURRENT_PROJECT_VERSION = 1;
				DEBUG_INFORMATION_FORMAT = dwarf;
				ENABLE_STRICT_OBJC_MSGSEND = YES;
				ENABLE_TESTABILITY = YES;
				GCC_C_LANGUAGE_STANDARD = gnu11;
				GCC_DYNAMIC_NO_PIC = NO;
				GCC_NO_COMMON_BLOCKS = YES;
				GCC_OPTIMIZATION_LEVEL = 0;
				GCC_PREPROCESSOR_DEFINITIONS = (
					"DEBUG=1",
					"$(inherited)",
				);
				GCC_WARN_64_TO_32_BIT_CONVERSION = YES;
				GCC_WARN_ABOUT_RETURN_TYPE = YES_ERROR;
				GCC_WARN_UNDECLARED_SELECTOR = YES;
				GCC_WARN_UNINITIALIZED_AUTOS = YES_AGGRESSIVE;
				GCC_WARN_UNUSED_FUNCTION = YES;
				GCC_WARN_UNUSED_VARIABLE = YES;
				IPHONEOS_DEPLOYMENT_TARGET = 13.0;
				MTL_ENABLE_DEBUG_INFO = YES;
				ONLY_ACTIVE_ARCH = YES;
				SDKROOT = iphoneos;
				SWIFT_ACTIVE_COMPILATION_CONDITIONS = DEBUG;
				SWIFT_OPTIMIZATION_LEVEL = "-Onone";
				VERSIONING_SYSTEM = "apple-generic";
				VERSION_INFO_PREFIX = "";
			};
			name = Debug;
		};
		C41F590B200365DF00053581 /* Release */ = {
			isa = XCBuildConfiguration;
			buildSettings = {
				ALWAYS_SEARCH_USER_PATHS = NO;
				CLANG_ANALYZER_NONNULL = YES;
				CLANG_ANALYZER_NUMBER_OBJECT_CONVERSION = YES_AGGRESSIVE;
				CLANG_CXX_LANGUAGE_STANDARD = "gnu++14";
				CLANG_CXX_LIBRARY = "libc++";
				CLANG_ENABLE_MODULES = YES;
				CLANG_ENABLE_OBJC_ARC = YES;
				CLANG_WARN_BLOCK_CAPTURE_AUTORELEASING = YES;
				CLANG_WARN_BOOL_CONVERSION = YES;
				CLANG_WARN_COMMA = YES;
				CLANG_WARN_CONSTANT_CONVERSION = YES;
				CLANG_WARN_DEPRECATED_OBJC_IMPLEMENTATIONS = YES;
				CLANG_WARN_DIRECT_OBJC_ISA_USAGE = YES_ERROR;
				CLANG_WARN_DOCUMENTATION_COMMENTS = YES;
				CLANG_WARN_EMPTY_BODY = YES;
				CLANG_WARN_ENUM_CONVERSION = YES;
				CLANG_WARN_INFINITE_RECURSION = YES;
				CLANG_WARN_INT_CONVERSION = YES;
				CLANG_WARN_NON_LITERAL_NULL_CONVERSION = YES;
				CLANG_WARN_OBJC_IMPLICIT_RETAIN_SELF = YES;
				CLANG_WARN_OBJC_LITERAL_CONVERSION = YES;
				CLANG_WARN_OBJC_ROOT_CLASS = YES_ERROR;
				CLANG_WARN_QUOTED_INCLUDE_IN_FRAMEWORK_HEADER = YES;
				CLANG_WARN_RANGE_LOOP_ANALYSIS = YES;
				CLANG_WARN_STRICT_PROTOTYPES = YES;
				CLANG_WARN_SUSPICIOUS_MOVE = YES;
				CLANG_WARN_UNGUARDED_AVAILABILITY = YES_AGGRESSIVE;
				CLANG_WARN_UNREACHABLE_CODE = YES;
				CLANG_WARN__DUPLICATE_METHOD_MATCH = YES;
				CODE_SIGN_IDENTITY = "iPhone Developer";
				COPY_PHASE_STRIP = NO;
				CURRENT_PROJECT_VERSION = 1;
				DEBUG_INFORMATION_FORMAT = "dwarf-with-dsym";
				ENABLE_NS_ASSERTIONS = NO;
				ENABLE_STRICT_OBJC_MSGSEND = YES;
				GCC_C_LANGUAGE_STANDARD = gnu11;
				GCC_NO_COMMON_BLOCKS = YES;
				GCC_WARN_64_TO_32_BIT_CONVERSION = YES;
				GCC_WARN_ABOUT_RETURN_TYPE = YES_ERROR;
				GCC_WARN_UNDECLARED_SELECTOR = YES;
				GCC_WARN_UNINITIALIZED_AUTOS = YES_AGGRESSIVE;
				GCC_WARN_UNUSED_FUNCTION = YES;
				GCC_WARN_UNUSED_VARIABLE = YES;
				IPHONEOS_DEPLOYMENT_TARGET = 13.0;
				MTL_ENABLE_DEBUG_INFO = NO;
				SDKROOT = iphoneos;
				SWIFT_OPTIMIZATION_LEVEL = "-Owholemodule";
				VALIDATE_PRODUCT = YES;
				VERSIONING_SYSTEM = "apple-generic";
				VERSION_INFO_PREFIX = "";
			};
			name = Release;
		};
		C41F590D200365DF00053581 /* Debug */ = {
			isa = XCBuildConfiguration;
			buildSettings = {
				APPLICATION_EXTENSION_API_ONLY = YES;
				CLANG_ENABLE_MODULES = YES;
				CODE_SIGN_IDENTITY = "";
				CODE_SIGN_STYLE = Automatic;
				DEFINES_MODULE = YES;
				DEVELOPMENT_TEAM = 4879F8N45X;
				DYLIB_COMPATIBILITY_VERSION = 1;
				DYLIB_CURRENT_VERSION = 1;
				DYLIB_INSTALL_NAME_BASE = "@rpath";
				INFOPLIST_FILE = ObvIdentityManager/Info.plist;
				INSTALL_PATH = "$(LOCAL_LIBRARY_DIR)/Frameworks";
				IPHONEOS_DEPLOYMENT_TARGET = 13.0;
				LD_RUNPATH_SEARCH_PATHS = "$(inherited) @executable_path/Frameworks @loader_path/Frameworks";
				PRODUCT_BUNDLE_IDENTIFIER = io.olvid.ObvIdentityManager;
				PRODUCT_NAME = "$(TARGET_NAME:c99extidentifier)";
				SKIP_INSTALL = YES;
				SWIFT_OPTIMIZATION_LEVEL = "-Onone";
				SWIFT_VERSION = 5.0;
				TARGETED_DEVICE_FAMILY = "1,2";
			};
			name = Debug;
		};
		C41F590E200365DF00053581 /* Release */ = {
			isa = XCBuildConfiguration;
			buildSettings = {
				APPLICATION_EXTENSION_API_ONLY = YES;
				CLANG_ENABLE_MODULES = YES;
				CODE_SIGN_IDENTITY = "";
				CODE_SIGN_STYLE = Automatic;
				DEFINES_MODULE = YES;
				DEVELOPMENT_TEAM = 4879F8N45X;
				DYLIB_COMPATIBILITY_VERSION = 1;
				DYLIB_CURRENT_VERSION = 1;
				DYLIB_INSTALL_NAME_BASE = "@rpath";
				INFOPLIST_FILE = ObvIdentityManager/Info.plist;
				INSTALL_PATH = "$(LOCAL_LIBRARY_DIR)/Frameworks";
				IPHONEOS_DEPLOYMENT_TARGET = 13.0;
				LD_RUNPATH_SEARCH_PATHS = "$(inherited) @executable_path/Frameworks @loader_path/Frameworks";
				PRODUCT_BUNDLE_IDENTIFIER = io.olvid.ObvIdentityManager;
				PRODUCT_NAME = "$(TARGET_NAME:c99extidentifier)";
				SKIP_INSTALL = YES;
				SWIFT_VERSION = 5.0;
				TARGETED_DEVICE_FAMILY = "1,2";
			};
			name = Release;
		};
/* End XCBuildConfiguration section */

/* Begin XCConfigurationList section */
		C41F58F2200365DF00053581 /* Build configuration list for PBXProject "ObvIdentityManager" */ = {
			isa = XCConfigurationList;
			buildConfigurations = (
				C41F590A200365DF00053581 /* Debug */,
				C41F590B200365DF00053581 /* Release */,
			);
			defaultConfigurationIsVisible = 0;
			defaultConfigurationName = Release;
		};
		C41F590C200365DF00053581 /* Build configuration list for PBXNativeTarget "ObvIdentityManager" */ = {
			isa = XCConfigurationList;
			buildConfigurations = (
				C41F590D200365DF00053581 /* Debug */,
				C41F590E200365DF00053581 /* Release */,
			);
			defaultConfigurationIsVisible = 0;
			defaultConfigurationName = Release;
		};
/* End XCConfigurationList section */
	};
	rootObject = C41F58EF200365DF00053581 /* Project object */;
}
