// !$*UTF8*$!
{
	archiveVersion = 1;
	classes = {
	};
	objectVersion = 54;
	objects = {

/* Begin PBXBuildFile section */
		C09DA07225F7B75D00CDCB5F /* KeycloakContactAdditionProtocol.swift in Sources */ = {isa = PBXBuildFile; fileRef = C09DA07125F7B75D00CDCB5F /* KeycloakContactAdditionProtocol.swift */; };
		C09DA07625F7BA1800CDCB5F /* KeycloakContactAdditionProtocolSteps.swift in Sources */ = {isa = PBXBuildFile; fileRef = C09DA07525F7BA1700CDCB5F /* KeycloakContactAdditionProtocolSteps.swift */; };
		C09DA07925F7BA2400CDCB5F /* KeycloakContactAdditionProtocolMessages.swift in Sources */ = {isa = PBXBuildFile; fileRef = C09DA07825F7BA2400CDCB5F /* KeycloakContactAdditionProtocolMessages.swift */; };
		C09DA07C25F7BA3000CDCB5F /* KeycloakContactAdditionProtocolStates.swift in Sources */ = {isa = PBXBuildFile; fileRef = C09DA07B25F7BA3000CDCB5F /* KeycloakContactAdditionProtocolStates.swift */; };
		C0AFFDEA259E1DBC00653FE9 /* DownloadGroupPhotoChildProtocol.swift in Sources */ = {isa = PBXBuildFile; fileRef = C0AFFDE9259E1DBC00653FE9 /* DownloadGroupPhotoChildProtocol.swift */; };
		C0AFFDEE259E1EAA00653FE9 /* DownloadGroupPhotoChildProtocolSteps.swift in Sources */ = {isa = PBXBuildFile; fileRef = C0AFFDED259E1EAA00653FE9 /* DownloadGroupPhotoChildProtocolSteps.swift */; };
		C0AFFDF1259E1F3B00653FE9 /* DownloadGroupPhotoChildProtocolMessages.swift in Sources */ = {isa = PBXBuildFile; fileRef = C0AFFDF0259E1F3B00653FE9 /* DownloadGroupPhotoChildProtocolMessages.swift */; };
		C0AFFDF4259E1F8600653FE9 /* DownloadGroupPhotoChildProtocolStates.swift in Sources */ = {isa = PBXBuildFile; fileRef = C0AFFDF3259E1F8600653FE9 /* DownloadGroupPhotoChildProtocolStates.swift */; };
		C40262B221A08EFA008AFEFC /* ObvMetaManager.framework in Frameworks */ = {isa = PBXBuildFile; fileRef = C40262B121A08EF4008AFEFC /* ObvMetaManager.framework */; };
		C40262BA21A08F1A008AFEFC /* ObvOperation.framework in Frameworks */ = {isa = PBXBuildFile; fileRef = C40262B921A08F16008AFEFC /* ObvOperation.framework */; };
		C40B6E1520F8C77700DC18FA /* DeviceDiscoveryForRemoteIdentityProtocol.swift in Sources */ = {isa = PBXBuildFile; fileRef = C40B6E1420F8C77700DC18FA /* DeviceDiscoveryForRemoteIdentityProtocol.swift */; };
		C41220D2201F10E600AE66CE /* ProtocolOperation.swift in Sources */ = {isa = PBXBuildFile; fileRef = C41220D1201F10E600AE66CE /* ProtocolOperation.swift */; };
		C41220D5201F56B800AE66CE /* DeviceDiscoveryForContactIdentityProtocol.swift in Sources */ = {isa = PBXBuildFile; fileRef = C41220D4201F56B800AE66CE /* DeviceDiscoveryForContactIdentityProtocol.swift */; };
		C416509927F7364300ECF472 /* GroupV2Protocol.swift in Sources */ = {isa = PBXBuildFile; fileRef = C416509827F7364300ECF472 /* GroupV2Protocol.swift */; };
		C416509B27F7369300ECF472 /* GroupV2ProtocolSteps.swift in Sources */ = {isa = PBXBuildFile; fileRef = C416509A27F7369300ECF472 /* GroupV2ProtocolSteps.swift */; };
		C416509D27F7369A00ECF472 /* GroupV2ProtocolMessages.swift in Sources */ = {isa = PBXBuildFile; fileRef = C416509C27F7369A00ECF472 /* GroupV2ProtocolMessages.swift */; };
		C416509F27F736A100ECF472 /* GroupV2ProtocolStates.swift in Sources */ = {isa = PBXBuildFile; fileRef = C416509E27F736A100ECF472 /* GroupV2ProtocolStates.swift */; };
		C417627221AD86FC008D2F29 /* ObvProtocolManagerDummy.swift in Sources */ = {isa = PBXBuildFile; fileRef = C417627121AD86FC008D2F29 /* ObvProtocolManagerDummy.swift */; };
		C41F43E42840CEC900AE3E21 /* DownloadGroupV2PhotoProtocol.swift in Sources */ = {isa = PBXBuildFile; fileRef = C41F43E32840CEC900AE3E21 /* DownloadGroupV2PhotoProtocol.swift */; };
		C41F43E62840CF9400AE3E21 /* DownloadGroupV2PhotoProtocolStates.swift in Sources */ = {isa = PBXBuildFile; fileRef = C41F43E52840CF9300AE3E21 /* DownloadGroupV2PhotoProtocolStates.swift */; };
		C41F43E82841489900AE3E21 /* DownloadGroupV2PhotoProtocolMessages.swift in Sources */ = {isa = PBXBuildFile; fileRef = C41F43E72841489900AE3E21 /* DownloadGroupV2PhotoProtocolMessages.swift */; };
		C41F43EA28414D3500AE3E21 /* DownloadGroupV2PhotoProtocolSteps.swift in Sources */ = {isa = PBXBuildFile; fileRef = C41F43E928414D3500AE3E21 /* DownloadGroupV2PhotoProtocolSteps.swift */; };
		C421EF90207D1E560039B9DE /* ChannelCreationWithContactDeviceProtocolInstance.swift in Sources */ = {isa = PBXBuildFile; fileRef = C421EF8F207D1E560039B9DE /* ChannelCreationWithContactDeviceProtocolInstance.swift */; };
		C4224DCE243CB2FF008E43B8 /* FullRatchetProtocol.swift in Sources */ = {isa = PBXBuildFile; fileRef = C4224DCD243CB2FF008E43B8 /* FullRatchetProtocol.swift */; };
		C4224DD0243CB308008E43B8 /* FullRatchetProtocolSteps.swift in Sources */ = {isa = PBXBuildFile; fileRef = C4224DCF243CB308008E43B8 /* FullRatchetProtocolSteps.swift */; };
		C4224DD2243CB313008E43B8 /* FullRatchetProtocolMessages.swift in Sources */ = {isa = PBXBuildFile; fileRef = C4224DD1243CB313008E43B8 /* FullRatchetProtocolMessages.swift */; };
		C4224DD4243CB31A008E43B8 /* FullRatchetProtocolStates.swift in Sources */ = {isa = PBXBuildFile; fileRef = C4224DD3243CB31A008E43B8 /* FullRatchetProtocolStates.swift */; };
		C4255A3025B586AF00DBDA39 /* ChannelCreationPingSignatureReceived.swift in Sources */ = {isa = PBXBuildFile; fileRef = C4255A2F25B586AF00DBDA39 /* ChannelCreationPingSignatureReceived.swift */; };
		C44686C826AD792000762CC8 /* TrustEstablishmentWithMutualScanProtocol.swift in Sources */ = {isa = PBXBuildFile; fileRef = C44686C726AD792000762CC8 /* TrustEstablishmentWithMutualScanProtocol.swift */; };
		C44686CF26AD8A8100762CC8 /* OlvidUtils.framework in Frameworks */ = {isa = PBXBuildFile; fileRef = C44686CE26AD8A7A00762CC8 /* OlvidUtils.framework */; };
		C44686D326AD8AE300762CC8 /* TrustEstablishmentWithMutualScanProtocolStates.swift in Sources */ = {isa = PBXBuildFile; fileRef = C44686D226AD8AE300762CC8 /* TrustEstablishmentWithMutualScanProtocolStates.swift */; };
		C44686D526AD8C5B00762CC8 /* TrustEstablishmentWithMutualScanProtocolMessages.swift in Sources */ = {isa = PBXBuildFile; fileRef = C44686D426AD8C5B00762CC8 /* TrustEstablishmentWithMutualScanProtocolMessages.swift */; };
		C44686D726AD975700762CC8 /* TrustEstablishmentWithMutualScanProtocolMessagesSteps.swift in Sources */ = {isa = PBXBuildFile; fileRef = C44686D626AD975700762CC8 /* TrustEstablishmentWithMutualScanProtocolMessagesSteps.swift */; };
		C44687BF26ADBFF500762CC8 /* MutualScanSignatureReceived.swift in Sources */ = {isa = PBXBuildFile; fileRef = C44687BE26ADBFF500762CC8 /* MutualScanSignatureReceived.swift */; };
		C461DAED210685D300A936FA /* ContactMutualIntroductionProtocol.swift in Sources */ = {isa = PBXBuildFile; fileRef = C461DAEC210685D300A936FA /* ContactMutualIntroductionProtocol.swift */; };
		C461DAEF210688A100A936FA /* ContactMutualIntroductionProtocolSteps.swift in Sources */ = {isa = PBXBuildFile; fileRef = C461DAEE210688A100A936FA /* ContactMutualIntroductionProtocolSteps.swift */; };
		C461DAF121068A5500A936FA /* ContactMutualIntroductionProtocolMessages.swift in Sources */ = {isa = PBXBuildFile; fileRef = C461DAF021068A5500A936FA /* ContactMutualIntroductionProtocolMessages.swift */; };
		C461DAF321068A5C00A936FA /* ContactMutualIntroductionProtocolStates.swift in Sources */ = {isa = PBXBuildFile; fileRef = C461DAF221068A5C00A936FA /* ContactMutualIntroductionProtocolStates.swift */; };
		C46C2D8427A448C300525761 /* OneToOneContactInvitationProtocol.swift in Sources */ = {isa = PBXBuildFile; fileRef = C46C2D8327A448C300525761 /* OneToOneContactInvitationProtocol.swift */; };
		C46C2D8627A4492500525761 /* OneToOneContactInvitationProtocolSteps.swift in Sources */ = {isa = PBXBuildFile; fileRef = C46C2D8527A4492500525761 /* OneToOneContactInvitationProtocolSteps.swift */; };
		C46C2D8827A4493D00525761 /* OneToOneContactInvitationProtocolMessages.swift in Sources */ = {isa = PBXBuildFile; fileRef = C46C2D8727A4493D00525761 /* OneToOneContactInvitationProtocolMessages.swift */; };
		C46C2D8A27A4495700525761 /* OneToOneContactInvitationProtocolStates.swift in Sources */ = {isa = PBXBuildFile; fileRef = C46C2D8927A4495700525761 /* OneToOneContactInvitationProtocolStates.swift */; };
		C4744F6C228ABEBD003312D9 /* GroupInvitationProtocol.swift in Sources */ = {isa = PBXBuildFile; fileRef = C4744F6B228ABEBD003312D9 /* GroupInvitationProtocol.swift */; };
		C4744F6E228ABF4F003312D9 /* GroupInvitationProtocolSteps.swift in Sources */ = {isa = PBXBuildFile; fileRef = C4744F6D228ABF4F003312D9 /* GroupInvitationProtocolSteps.swift */; };
		C4744F70228ABF58003312D9 /* GroupInvitationProtocolMessages.swift in Sources */ = {isa = PBXBuildFile; fileRef = C4744F6F228ABF58003312D9 /* GroupInvitationProtocolMessages.swift */; };
		C4744F72228ABF5F003312D9 /* GroupInvitationProtocolStates.swift in Sources */ = {isa = PBXBuildFile; fileRef = C4744F71228ABF5F003312D9 /* GroupInvitationProtocolStates.swift */; };
		C475AC9928F09116000A3045 /* DeleteProtocolInstancesInAFinalStateOperation.swift in Sources */ = {isa = PBXBuildFile; fileRef = C475AC9828F09116000A3045 /* DeleteProtocolInstancesInAFinalStateOperation.swift */; };
		C476934A2022230D008E2E28 /* ConcreteCryptoProtocol.swift in Sources */ = {isa = PBXBuildFile; fileRef = C47693492022230D008E2E28 /* ConcreteCryptoProtocol.swift */; };
		C476934C2022233B008E2E28 /* ConcreteProtocolState.swift in Sources */ = {isa = PBXBuildFile; fileRef = C476934B2022233B008E2E28 /* ConcreteProtocolState.swift */; };
		C476934E202223FC008E2E28 /* ConcreteProtocolMessage.swift in Sources */ = {isa = PBXBuildFile; fileRef = C476934D202223FC008E2E28 /* ConcreteProtocolMessage.swift */; };
		C47693502022241A008E2E28 /* ConcreteProtocolStep.swift in Sources */ = {isa = PBXBuildFile; fileRef = C476934F2022241A008E2E28 /* ConcreteProtocolStep.swift */; };
		C47693522022243F008E2E28 /* CryptoProtocolId.swift in Sources */ = {isa = PBXBuildFile; fileRef = C47693512022243F008E2E28 /* CryptoProtocolId.swift */; };
		C4808C4D2361C92800BF98E5 /* TrustEstablishmentWithSASProtocol.swift in Sources */ = {isa = PBXBuildFile; fileRef = C4808C4C2361C92800BF98E5 /* TrustEstablishmentWithSASProtocol.swift */; };
		C4808C4F2361C93000BF98E5 /* TrustEstablishmentWithSASProtocolSteps.swift in Sources */ = {isa = PBXBuildFile; fileRef = C4808C4E2361C93000BF98E5 /* TrustEstablishmentWithSASProtocolSteps.swift */; };
		C4808C512361C93700BF98E5 /* TrustEstablishmentWithSASProtocolMessages.swift in Sources */ = {isa = PBXBuildFile; fileRef = C4808C502361C93700BF98E5 /* TrustEstablishmentWithSASProtocolMessages.swift */; };
		C4808C532361C94000BF98E5 /* TrustEstablishmentWithSASProtocolStates.swift in Sources */ = {isa = PBXBuildFile; fileRef = C4808C522361C94000BF98E5 /* TrustEstablishmentWithSASProtocolStates.swift */; };
		C486261525B9B3D800788B96 /* TrustEstablishmentCommitmentReceived.swift in Sources */ = {isa = PBXBuildFile; fileRef = C486261425B9B3D800788B96 /* TrustEstablishmentCommitmentReceived.swift */; };
		C486A9A320237DDE00DCDDA3 /* ProtocolStep.swift in Sources */ = {isa = PBXBuildFile; fileRef = C486A9A220237DDE00DCDDA3 /* ProtocolStep.swift */; };
		C488DD172028ADBF00B6B811 /* ConcreteProtocolInitialState.swift in Sources */ = {isa = PBXBuildFile; fileRef = C488DD162028ADBF00B6B811 /* ConcreteProtocolInitialState.swift */; };
		C48E160E2791C05B00A5CF9C /* DeviceCapabilitiesDiscoveryProtocol.swift in Sources */ = {isa = PBXBuildFile; fileRef = C48E160D2791C05B00A5CF9C /* DeviceCapabilitiesDiscoveryProtocol.swift */; };
		C48E16142791C0E300A5CF9C /* DeviceCapabilitiesDiscoveryProtocolStates.swift in Sources */ = {isa = PBXBuildFile; fileRef = C48E16132791C0E300A5CF9C /* DeviceCapabilitiesDiscoveryProtocolStates.swift */; };
		C48E16162791C15500A5CF9C /* DeviceCapabilitiesDiscoveryProtocolMessages.swift in Sources */ = {isa = PBXBuildFile; fileRef = C48E16152791C15500A5CF9C /* DeviceCapabilitiesDiscoveryProtocolMessages.swift */; };
		C48E16182791CE8D00A5CF9C /* DeviceCapabilitiesDiscoveryProtocolSteps.swift in Sources */ = {isa = PBXBuildFile; fileRef = C48E16172791CE8D00A5CF9C /* DeviceCapabilitiesDiscoveryProtocolSteps.swift */; };
		C49684142965A8A9002C34DE /* ContactOwnedIdentityDeletionSignatureReceived.swift in Sources */ = {isa = PBXBuildFile; fileRef = C49684132965A8A9002C34DE /* ContactOwnedIdentityDeletionSignatureReceived.swift */; };
		C4A7568F201B643B00A7F1D1 /* ObvProtocolManager.h in Headers */ = {isa = PBXBuildFile; fileRef = C4A7568D201B643B00A7F1D1 /* ObvProtocolManager.h */; settings = {ATTRIBUTES = (Public, ); }; };
		C4A9F6E120DCF30D00306839 /* TrustEstablishmentProtocolStates.swift in Sources */ = {isa = PBXBuildFile; fileRef = C4A9F6E020DCF30D00306839 /* TrustEstablishmentProtocolStates.swift */; };
		C4A9F6E320DCF5B200306839 /* TrustEstablishmentProtocolMessages.swift in Sources */ = {isa = PBXBuildFile; fileRef = C4A9F6E220DCF5B200306839 /* TrustEstablishmentProtocolMessages.swift */; };
		C4A9F6E520DCFBA000306839 /* TrustEstablishmentProtocolSteps.swift in Sources */ = {isa = PBXBuildFile; fileRef = C4A9F6E420DCFBA000306839 /* TrustEstablishmentProtocolSteps.swift */; };
		C4ACF72A205A863E00F44105 /* ProtocolStarterCoordinator.swift in Sources */ = {isa = PBXBuildFile; fileRef = C4ACF729205A863E00F44105 /* ProtocolStarterCoordinator.swift */; };
		C4ACF736205A960800F44105 /* ProtocolStarterDelegate.swift in Sources */ = {isa = PBXBuildFile; fileRef = C4ACF735205A960800F44105 /* ProtocolStarterDelegate.swift */; };
		C4AF0F012023A64B00E6C2FE /* ObvChannelProtocolMessageToSendGenerator.swift in Sources */ = {isa = PBXBuildFile; fileRef = C4AF0F002023A64B00E6C2FE /* ObvChannelProtocolMessageToSendGenerator.swift */; };
		C4AF0F0D2023A69900E6C2FE /* GenericProtocolMessageToSendGenerator.swift in Sources */ = {isa = PBXBuildFile; fileRef = C4AF0F0C2023A69900E6C2FE /* GenericProtocolMessageToSendGenerator.swift */; };
		C4AF0F0F2023C9E300E6C2FE /* CoreProtocolMessage.swift in Sources */ = {isa = PBXBuildFile; fileRef = C4AF0F0E2023C9E300E6C2FE /* CoreProtocolMessage.swift */; };
		C4B23EAD2923BEB500E0163C /* DeleteObsoleteReceivedMessagesOperation.swift in Sources */ = {isa = PBXBuildFile; fileRef = C4B23EAC2923BEB500E0163C /* DeleteObsoleteReceivedMessagesOperation.swift */; };
		C4B8EA992216CC3500FA0BC7 /* ProtocolInstanceWaitingForContactUpgradeToOneToOne.swift in Sources */ = {isa = PBXBuildFile; fileRef = C4B8EA982216CC3500FA0BC7 /* ProtocolInstanceWaitingForContactUpgradeToOneToOne.swift */; };
		C4B8EADB2216E97D00FA0BC7 /* ContactTrustLevelWatcher.swift in Sources */ = {isa = PBXBuildFile; fileRef = C4B8EADA2216E97D00FA0BC7 /* ContactTrustLevelWatcher.swift */; };
		C4BA68D82811851D008FC95E /* GroupV2SignatureReceived.swift in Sources */ = {isa = PBXBuildFile; fileRef = C4BA68D72811851D008FC95E /* GroupV2SignatureReceived.swift */; };
		C4C9E351203DC5CE0006932A /* ChildToParentProtocolMessageInputs.swift in Sources */ = {isa = PBXBuildFile; fileRef = C4C9E350203DC5CE0006932A /* ChildToParentProtocolMessageInputs.swift */; };
		C4CB7B8321FB09130010228A /* DownloadIdentityPhotoChildProtocol.swift in Sources */ = {isa = PBXBuildFile; fileRef = C4CB7B8221FB09130010228A /* DownloadIdentityPhotoChildProtocol.swift */; };
		C4CB7B8521FB091A0010228A /* DownloadIdentityPhotoChildProtocolSteps.swift in Sources */ = {isa = PBXBuildFile; fileRef = C4CB7B8421FB091A0010228A /* DownloadIdentityPhotoChildProtocolSteps.swift */; };
		C4CB7B8721FB09210010228A /* DownloadIdentityPhotoChildProtocolMessages.swift in Sources */ = {isa = PBXBuildFile; fileRef = C4CB7B8621FB09210010228A /* DownloadIdentityPhotoChildProtocolMessages.swift */; };
		C4CB7B8921FB092A0010228A /* DownloadIdentityPhotoChildProtocolStates.swift in Sources */ = {isa = PBXBuildFile; fileRef = C4CB7B8821FB092A0010228A /* DownloadIdentityPhotoChildProtocolStates.swift */; };
		C4D0143F292FAF450021940A /* OwnedIdentityDeletionProtocol.swift in Sources */ = {isa = PBXBuildFile; fileRef = C4D0143E292FAF450021940A /* OwnedIdentityDeletionProtocol.swift */; };
		C4D01441292FAFBA0021940A /* OwnedIdentityDeletionProtocolMessages.swift in Sources */ = {isa = PBXBuildFile; fileRef = C4D01440292FAFBA0021940A /* OwnedIdentityDeletionProtocolMessages.swift */; };
		C4D01443292FB18C0021940A /* OwnedIdentityDeletionProtocolStates.swift in Sources */ = {isa = PBXBuildFile; fileRef = C4D01442292FB18C0021940A /* OwnedIdentityDeletionProtocolStates.swift */; };
		C4D01445292FB2130021940A /* OwnedIdentityDeletionProtocolSteps.swift in Sources */ = {isa = PBXBuildFile; fileRef = C4D01444292FB2130021940A /* OwnedIdentityDeletionProtocolSteps.swift */; };
		C4D25D912747BE17005BAB17 /* JWS.framework in Frameworks */ = {isa = PBXBuildFile; fileRef = C4121D69262E46D300CD07AF /* JWS.framework */; };
		C4DCD991201B9963004FF917 /* ProtocolInstance.swift in Sources */ = {isa = PBXBuildFile; fileRef = C4DCD990201B9963004FF917 /* ProtocolInstance.swift */; };
		C4DCD993201B9B0B004FF917 /* ReceivedMessage.swift in Sources */ = {isa = PBXBuildFile; fileRef = C4DCD992201B9B0B004FF917 /* ReceivedMessage.swift */; };
		C4E4B6A520DBCA45007B46E2 /* TrustEstablishmentProtocol.swift in Sources */ = {isa = PBXBuildFile; fileRef = C4E4B6A420DBCA45007B46E2 /* TrustEstablishmentProtocol.swift */; };
		C4E9A6AE21FA206700DAD46F /* IdentityDetailsPublicationProtocolStates.swift in Sources */ = {isa = PBXBuildFile; fileRef = C4E9A6AD21FA206700DAD46F /* IdentityDetailsPublicationProtocolStates.swift */; };
		C4E9A6B121FA208200DAD46F /* IdentityDetailsPublicationProtocol.swift in Sources */ = {isa = PBXBuildFile; fileRef = C4E9A6B021FA208200DAD46F /* IdentityDetailsPublicationProtocol.swift */; };
		C4E9A6B321FA218300DAD46F /* IdentityDetailsPublicationProtocolSteps.swift in Sources */ = {isa = PBXBuildFile; fileRef = C4E9A6B221FA218300DAD46F /* IdentityDetailsPublicationProtocolSteps.swift */; };
		C4E9A6B521FA218C00DAD46F /* IdentityDetailsPublicationProtocolMessages.swift in Sources */ = {isa = PBXBuildFile; fileRef = C4E9A6B421FA218C00DAD46F /* IdentityDetailsPublicationProtocolMessages.swift */; };
		C4EE42F2201E7FAF00637081 /* GenericProtocolMessages.swift in Sources */ = {isa = PBXBuildFile; fileRef = C4EE42F1201E7FAF00637081 /* GenericProtocolMessages.swift */; };
		C4EE42FE201E8D7700637081 /* ObvProtocolManager.swift in Sources */ = {isa = PBXBuildFile; fileRef = C4EE42FD201E8D7700637081 /* ObvProtocolManager.swift */; };
		C4EE4300201E8E1C00637081 /* ObvProtocolDelegateManager.swift in Sources */ = {isa = PBXBuildFile; fileRef = C4EE42FF201E8E1C00637081 /* ObvProtocolDelegateManager.swift */; };
		C4EE4303201E927F00637081 /* ReceivedMessageDelegate.swift in Sources */ = {isa = PBXBuildFile; fileRef = C4EE4302201E927F00637081 /* ReceivedMessageDelegate.swift */; };
		C4EE4306201E930D00637081 /* ReceivedMessageCoordinator.swift in Sources */ = {isa = PBXBuildFile; fileRef = C4EE4305201E930D00637081 /* ReceivedMessageCoordinator.swift */; };
		C4EF525022D362C500B505B0 /* ContactManagementProtocol.swift in Sources */ = {isa = PBXBuildFile; fileRef = C4EF524F22D362C500B505B0 /* ContactManagementProtocol.swift */; };
		C4EF525222D363B800B505B0 /* ContactManagementProtocolSteps.swift in Sources */ = {isa = PBXBuildFile; fileRef = C4EF525122D363B800B505B0 /* ContactManagementProtocolSteps.swift */; };
		C4EF525422D363BE00B505B0 /* ContactManagementProtocolMessages.swift in Sources */ = {isa = PBXBuildFile; fileRef = C4EF525322D363BE00B505B0 /* ContactManagementProtocolMessages.swift */; };
		C4EF525622D363C400B505B0 /* ContactManagementProtocolStates.swift in Sources */ = {isa = PBXBuildFile; fileRef = C4EF525522D363C400B505B0 /* ContactManagementProtocolStates.swift */; };
		C4FC8E2020E1345700467BE8 /* ChannelCreationWithContactDeviceProtocol.swift in Sources */ = {isa = PBXBuildFile; fileRef = C4FC8E1F20E1345700467BE8 /* ChannelCreationWithContactDeviceProtocol.swift */; };
		C4FC8E2220E1348400467BE8 /* ChannelCreationWithContactDeviceProtocolStates.swift in Sources */ = {isa = PBXBuildFile; fileRef = C4FC8E2120E1348400467BE8 /* ChannelCreationWithContactDeviceProtocolStates.swift */; };
		C4FC8E2420E1396300467BE8 /* ChannelCreationWithContactDeviceProtocolMessages.swift in Sources */ = {isa = PBXBuildFile; fileRef = C4FC8E2320E1396300467BE8 /* ChannelCreationWithContactDeviceProtocolMessages.swift */; };
		C4FC8E2620E13DDA00467BE8 /* ChannelCreationWithContactDeviceProtocolSteps.swift in Sources */ = {isa = PBXBuildFile; fileRef = C4FC8E2520E13DDA00467BE8 /* ChannelCreationWithContactDeviceProtocolSteps.swift */; };
		C4FDA72D228C383F0050B49F /* GroupManagementProtocol.swift in Sources */ = {isa = PBXBuildFile; fileRef = C4FDA72C228C383F0050B49F /* GroupManagementProtocol.swift */; };
		C4FDA72F228C39950050B49F /* GroupManagementProtocolSteps.swift in Sources */ = {isa = PBXBuildFile; fileRef = C4FDA72E228C39950050B49F /* GroupManagementProtocolSteps.swift */; };
		C4FDA731228C399B0050B49F /* GroupManagementProtocolMessages.swift in Sources */ = {isa = PBXBuildFile; fileRef = C4FDA730228C399B0050B49F /* GroupManagementProtocolMessages.swift */; };
		C4FDA733228C39A10050B49F /* GroupManagementProtocolStates.swift in Sources */ = {isa = PBXBuildFile; fileRef = C4FDA732228C39A10050B49F /* GroupManagementProtocolStates.swift */; };
		C4FF1695203D858E00A51E3F /* LinkBetweenProtocolInstances.swift in Sources */ = {isa = PBXBuildFile; fileRef = C4FF1694203D858E00A51E3F /* LinkBetweenProtocolInstances.swift */; };
/* End PBXBuildFile section */

/* Begin PBXContainerItemProxy section */
		C40262B021A08EF4008AFEFC /* PBXContainerItemProxy */ = {
			isa = PBXContainerItemProxy;
			containerPortal = C40262A421A08EF4008AFEFC /* ObvMetaManager.xcodeproj */;
			proxyType = 2;
			remoteGlobalIDString = C4E76FE4200CEC600026D9A3;
			remoteInfo = ObvMetaManager;
		};
		C40262B821A08F16008AFEFC /* PBXContainerItemProxy */ = {
			isa = PBXContainerItemProxy;
			containerPortal = C40262B321A08F16008AFEFC /* ObvOperation.xcodeproj */;
			proxyType = 2;
			remoteGlobalIDString = C4F0C8711F9F386E00EE88F4;
			remoteInfo = ObvOperation;
		};
		C4121D68262E46D300CD07AF /* PBXContainerItemProxy */ = {
			isa = PBXContainerItemProxy;
			containerPortal = C4121D64262E46D300CD07AF /* JWS.xcodeproj */;
			proxyType = 2;
			remoteGlobalIDString = C026E59D260A367400D0DAD2;
			remoteInfo = JWS;
		};
		C44686CD26AD8A7A00762CC8 /* PBXContainerItemProxy */ = {
			isa = PBXContainerItemProxy;
			containerPortal = C44686C926AD8A7A00762CC8 /* OlvidUtils.xcodeproj */;
			proxyType = 2;
			remoteGlobalIDString = C49AA9EE261F4A9100E055F9;
			remoteInfo = OlvidUtils;
		};
/* End PBXContainerItemProxy section */

/* Begin PBXFileReference section */
		C028A2EC260A3FF50024AFF7 /* JWS.framework */ = {isa = PBXFileReference; explicitFileType = wrapper.framework; path = JWS.framework; sourceTree = BUILT_PRODUCTS_DIR; };
		C09DA07125F7B75D00CDCB5F /* KeycloakContactAdditionProtocol.swift */ = {isa = PBXFileReference; lastKnownFileType = sourcecode.swift; path = KeycloakContactAdditionProtocol.swift; sourceTree = "<group>"; };
		C09DA07525F7BA1700CDCB5F /* KeycloakContactAdditionProtocolSteps.swift */ = {isa = PBXFileReference; lastKnownFileType = sourcecode.swift; path = KeycloakContactAdditionProtocolSteps.swift; sourceTree = "<group>"; };
		C09DA07825F7BA2400CDCB5F /* KeycloakContactAdditionProtocolMessages.swift */ = {isa = PBXFileReference; lastKnownFileType = sourcecode.swift; path = KeycloakContactAdditionProtocolMessages.swift; sourceTree = "<group>"; };
		C09DA07B25F7BA3000CDCB5F /* KeycloakContactAdditionProtocolStates.swift */ = {isa = PBXFileReference; lastKnownFileType = sourcecode.swift; path = KeycloakContactAdditionProtocolStates.swift; sourceTree = "<group>"; };
		C0AFFDE9259E1DBC00653FE9 /* DownloadGroupPhotoChildProtocol.swift */ = {isa = PBXFileReference; lastKnownFileType = sourcecode.swift; path = DownloadGroupPhotoChildProtocol.swift; sourceTree = "<group>"; };
		C0AFFDED259E1EAA00653FE9 /* DownloadGroupPhotoChildProtocolSteps.swift */ = {isa = PBXFileReference; lastKnownFileType = sourcecode.swift; path = DownloadGroupPhotoChildProtocolSteps.swift; sourceTree = "<group>"; };
		C0AFFDF0259E1F3B00653FE9 /* DownloadGroupPhotoChildProtocolMessages.swift */ = {isa = PBXFileReference; lastKnownFileType = sourcecode.swift; path = DownloadGroupPhotoChildProtocolMessages.swift; sourceTree = "<group>"; };
		C0AFFDF3259E1F8600653FE9 /* DownloadGroupPhotoChildProtocolStates.swift */ = {isa = PBXFileReference; lastKnownFileType = sourcecode.swift; path = DownloadGroupPhotoChildProtocolStates.swift; sourceTree = "<group>"; };
		C0B4A500276F7D9B00816D8D /* .swiftlint.yml */ = {isa = PBXFileReference; fileEncoding = 4; lastKnownFileType = text.yaml; path = .swiftlint.yml; sourceTree = "<group>"; };
		C40262A421A08EF4008AFEFC /* ObvMetaManager.xcodeproj */ = {isa = PBXFileReference; lastKnownFileType = "wrapper.pb-project"; name = ObvMetaManager.xcodeproj; path = ../ObvMetaManager/ObvMetaManager.xcodeproj; sourceTree = "<group>"; };
		C40262B321A08F16008AFEFC /* ObvOperation.xcodeproj */ = {isa = PBXFileReference; lastKnownFileType = "wrapper.pb-project"; name = ObvOperation.xcodeproj; path = ../ObvOperation/ObvOperation.xcodeproj; sourceTree = "<group>"; };
		C40B6E1420F8C77700DC18FA /* DeviceDiscoveryForRemoteIdentityProtocol.swift */ = {isa = PBXFileReference; lastKnownFileType = sourcecode.swift; path = DeviceDiscoveryForRemoteIdentityProtocol.swift; sourceTree = "<group>"; };
		C4121D64262E46D300CD07AF /* JWS.xcodeproj */ = {isa = PBXFileReference; lastKnownFileType = "wrapper.pb-project"; name = JWS.xcodeproj; path = ../JWS/JWS.xcodeproj; sourceTree = "<group>"; };
		C41220D1201F10E600AE66CE /* ProtocolOperation.swift */ = {isa = PBXFileReference; lastKnownFileType = sourcecode.swift; path = ProtocolOperation.swift; sourceTree = "<group>"; };
		C41220D4201F56B800AE66CE /* DeviceDiscoveryForContactIdentityProtocol.swift */ = {isa = PBXFileReference; lastKnownFileType = sourcecode.swift; path = DeviceDiscoveryForContactIdentityProtocol.swift; sourceTree = "<group>"; };
		C416509827F7364300ECF472 /* GroupV2Protocol.swift */ = {isa = PBXFileReference; lastKnownFileType = sourcecode.swift; path = GroupV2Protocol.swift; sourceTree = "<group>"; };
		C416509A27F7369300ECF472 /* GroupV2ProtocolSteps.swift */ = {isa = PBXFileReference; lastKnownFileType = sourcecode.swift; path = GroupV2ProtocolSteps.swift; sourceTree = "<group>"; };
		C416509C27F7369A00ECF472 /* GroupV2ProtocolMessages.swift */ = {isa = PBXFileReference; lastKnownFileType = sourcecode.swift; path = GroupV2ProtocolMessages.swift; sourceTree = "<group>"; };
		C416509E27F736A100ECF472 /* GroupV2ProtocolStates.swift */ = {isa = PBXFileReference; lastKnownFileType = sourcecode.swift; path = GroupV2ProtocolStates.swift; sourceTree = "<group>"; };
		C417627121AD86FC008D2F29 /* ObvProtocolManagerDummy.swift */ = {isa = PBXFileReference; lastKnownFileType = sourcecode.swift; path = ObvProtocolManagerDummy.swift; sourceTree = "<group>"; };
		C41F43E32840CEC900AE3E21 /* DownloadGroupV2PhotoProtocol.swift */ = {isa = PBXFileReference; lastKnownFileType = sourcecode.swift; path = DownloadGroupV2PhotoProtocol.swift; sourceTree = "<group>"; };
		C41F43E52840CF9300AE3E21 /* DownloadGroupV2PhotoProtocolStates.swift */ = {isa = PBXFileReference; lastKnownFileType = sourcecode.swift; path = DownloadGroupV2PhotoProtocolStates.swift; sourceTree = "<group>"; };
		C41F43E72841489900AE3E21 /* DownloadGroupV2PhotoProtocolMessages.swift */ = {isa = PBXFileReference; lastKnownFileType = sourcecode.swift; path = DownloadGroupV2PhotoProtocolMessages.swift; sourceTree = "<group>"; };
		C41F43E928414D3500AE3E21 /* DownloadGroupV2PhotoProtocolSteps.swift */ = {isa = PBXFileReference; lastKnownFileType = sourcecode.swift; path = DownloadGroupV2PhotoProtocolSteps.swift; sourceTree = "<group>"; };
		C421EF8F207D1E560039B9DE /* ChannelCreationWithContactDeviceProtocolInstance.swift */ = {isa = PBXFileReference; fileEncoding = 4; lastKnownFileType = sourcecode.swift; path = ChannelCreationWithContactDeviceProtocolInstance.swift; sourceTree = "<group>"; };
		C4224DCD243CB2FF008E43B8 /* FullRatchetProtocol.swift */ = {isa = PBXFileReference; lastKnownFileType = sourcecode.swift; path = FullRatchetProtocol.swift; sourceTree = "<group>"; };
		C4224DCF243CB308008E43B8 /* FullRatchetProtocolSteps.swift */ = {isa = PBXFileReference; lastKnownFileType = sourcecode.swift; path = FullRatchetProtocolSteps.swift; sourceTree = "<group>"; };
		C4224DD1243CB313008E43B8 /* FullRatchetProtocolMessages.swift */ = {isa = PBXFileReference; lastKnownFileType = sourcecode.swift; path = FullRatchetProtocolMessages.swift; sourceTree = "<group>"; };
		C4224DD3243CB31A008E43B8 /* FullRatchetProtocolStates.swift */ = {isa = PBXFileReference; lastKnownFileType = sourcecode.swift; path = FullRatchetProtocolStates.swift; sourceTree = "<group>"; };
		C4255A2F25B586AF00DBDA39 /* ChannelCreationPingSignatureReceived.swift */ = {isa = PBXFileReference; lastKnownFileType = sourcecode.swift; path = ChannelCreationPingSignatureReceived.swift; sourceTree = "<group>"; };
		C44686C726AD792000762CC8 /* TrustEstablishmentWithMutualScanProtocol.swift */ = {isa = PBXFileReference; lastKnownFileType = sourcecode.swift; path = TrustEstablishmentWithMutualScanProtocol.swift; sourceTree = "<group>"; };
		C44686C926AD8A7A00762CC8 /* OlvidUtils.xcodeproj */ = {isa = PBXFileReference; lastKnownFileType = "wrapper.pb-project"; name = OlvidUtils.xcodeproj; path = ../../OlvidUtils/OlvidUtils.xcodeproj; sourceTree = "<group>"; };
		C44686D226AD8AE300762CC8 /* TrustEstablishmentWithMutualScanProtocolStates.swift */ = {isa = PBXFileReference; lastKnownFileType = sourcecode.swift; path = TrustEstablishmentWithMutualScanProtocolStates.swift; sourceTree = "<group>"; };
		C44686D426AD8C5B00762CC8 /* TrustEstablishmentWithMutualScanProtocolMessages.swift */ = {isa = PBXFileReference; lastKnownFileType = sourcecode.swift; path = TrustEstablishmentWithMutualScanProtocolMessages.swift; sourceTree = "<group>"; };
		C44686D626AD975700762CC8 /* TrustEstablishmentWithMutualScanProtocolMessagesSteps.swift */ = {isa = PBXFileReference; lastKnownFileType = sourcecode.swift; path = TrustEstablishmentWithMutualScanProtocolMessagesSteps.swift; sourceTree = "<group>"; };
		C44687BE26ADBFF500762CC8 /* MutualScanSignatureReceived.swift */ = {isa = PBXFileReference; lastKnownFileType = sourcecode.swift; path = MutualScanSignatureReceived.swift; sourceTree = "<group>"; };
		C461DAEC210685D300A936FA /* ContactMutualIntroductionProtocol.swift */ = {isa = PBXFileReference; lastKnownFileType = sourcecode.swift; path = ContactMutualIntroductionProtocol.swift; sourceTree = "<group>"; };
		C461DAEE210688A100A936FA /* ContactMutualIntroductionProtocolSteps.swift */ = {isa = PBXFileReference; lastKnownFileType = sourcecode.swift; path = ContactMutualIntroductionProtocolSteps.swift; sourceTree = "<group>"; };
		C461DAF021068A5500A936FA /* ContactMutualIntroductionProtocolMessages.swift */ = {isa = PBXFileReference; lastKnownFileType = sourcecode.swift; path = ContactMutualIntroductionProtocolMessages.swift; sourceTree = "<group>"; };
		C461DAF221068A5C00A936FA /* ContactMutualIntroductionProtocolStates.swift */ = {isa = PBXFileReference; lastKnownFileType = sourcecode.swift; path = ContactMutualIntroductionProtocolStates.swift; sourceTree = "<group>"; };
		C46C2D8327A448C300525761 /* OneToOneContactInvitationProtocol.swift */ = {isa = PBXFileReference; lastKnownFileType = sourcecode.swift; path = OneToOneContactInvitationProtocol.swift; sourceTree = "<group>"; };
		C46C2D8527A4492500525761 /* OneToOneContactInvitationProtocolSteps.swift */ = {isa = PBXFileReference; lastKnownFileType = sourcecode.swift; path = OneToOneContactInvitationProtocolSteps.swift; sourceTree = "<group>"; };
		C46C2D8727A4493D00525761 /* OneToOneContactInvitationProtocolMessages.swift */ = {isa = PBXFileReference; lastKnownFileType = sourcecode.swift; path = OneToOneContactInvitationProtocolMessages.swift; sourceTree = "<group>"; };
		C46C2D8927A4495700525761 /* OneToOneContactInvitationProtocolStates.swift */ = {isa = PBXFileReference; lastKnownFileType = sourcecode.swift; path = OneToOneContactInvitationProtocolStates.swift; sourceTree = "<group>"; };
		C4744F6B228ABEBD003312D9 /* GroupInvitationProtocol.swift */ = {isa = PBXFileReference; lastKnownFileType = sourcecode.swift; path = GroupInvitationProtocol.swift; sourceTree = "<group>"; };
		C4744F6D228ABF4F003312D9 /* GroupInvitationProtocolSteps.swift */ = {isa = PBXFileReference; lastKnownFileType = sourcecode.swift; path = GroupInvitationProtocolSteps.swift; sourceTree = "<group>"; };
		C4744F6F228ABF58003312D9 /* GroupInvitationProtocolMessages.swift */ = {isa = PBXFileReference; lastKnownFileType = sourcecode.swift; path = GroupInvitationProtocolMessages.swift; sourceTree = "<group>"; };
		C4744F71228ABF5F003312D9 /* GroupInvitationProtocolStates.swift */ = {isa = PBXFileReference; lastKnownFileType = sourcecode.swift; path = GroupInvitationProtocolStates.swift; sourceTree = "<group>"; };
		C475AC9828F09116000A3045 /* DeleteProtocolInstancesInAFinalStateOperation.swift */ = {isa = PBXFileReference; lastKnownFileType = sourcecode.swift; path = DeleteProtocolInstancesInAFinalStateOperation.swift; sourceTree = "<group>"; };
		C47693492022230D008E2E28 /* ConcreteCryptoProtocol.swift */ = {isa = PBXFileReference; lastKnownFileType = sourcecode.swift; path = ConcreteCryptoProtocol.swift; sourceTree = "<group>"; };
		C476934B2022233B008E2E28 /* ConcreteProtocolState.swift */ = {isa = PBXFileReference; lastKnownFileType = sourcecode.swift; path = ConcreteProtocolState.swift; sourceTree = "<group>"; };
		C476934D202223FC008E2E28 /* ConcreteProtocolMessage.swift */ = {isa = PBXFileReference; lastKnownFileType = sourcecode.swift; path = ConcreteProtocolMessage.swift; sourceTree = "<group>"; };
		C476934F2022241A008E2E28 /* ConcreteProtocolStep.swift */ = {isa = PBXFileReference; lastKnownFileType = sourcecode.swift; path = ConcreteProtocolStep.swift; sourceTree = "<group>"; };
		C47693512022243F008E2E28 /* CryptoProtocolId.swift */ = {isa = PBXFileReference; lastKnownFileType = sourcecode.swift; path = CryptoProtocolId.swift; sourceTree = "<group>"; };
		C4808C4C2361C92800BF98E5 /* TrustEstablishmentWithSASProtocol.swift */ = {isa = PBXFileReference; lastKnownFileType = sourcecode.swift; path = TrustEstablishmentWithSASProtocol.swift; sourceTree = "<group>"; };
		C4808C4E2361C93000BF98E5 /* TrustEstablishmentWithSASProtocolSteps.swift */ = {isa = PBXFileReference; lastKnownFileType = sourcecode.swift; path = TrustEstablishmentWithSASProtocolSteps.swift; sourceTree = "<group>"; };
		C4808C502361C93700BF98E5 /* TrustEstablishmentWithSASProtocolMessages.swift */ = {isa = PBXFileReference; lastKnownFileType = sourcecode.swift; path = TrustEstablishmentWithSASProtocolMessages.swift; sourceTree = "<group>"; };
		C4808C522361C94000BF98E5 /* TrustEstablishmentWithSASProtocolStates.swift */ = {isa = PBXFileReference; lastKnownFileType = sourcecode.swift; path = TrustEstablishmentWithSASProtocolStates.swift; sourceTree = "<group>"; };
		C486261425B9B3D800788B96 /* TrustEstablishmentCommitmentReceived.swift */ = {isa = PBXFileReference; lastKnownFileType = sourcecode.swift; path = TrustEstablishmentCommitmentReceived.swift; sourceTree = "<group>"; };
		C486A9A220237DDE00DCDDA3 /* ProtocolStep.swift */ = {isa = PBXFileReference; lastKnownFileType = sourcecode.swift; path = ProtocolStep.swift; sourceTree = "<group>"; };
		C488DD162028ADBF00B6B811 /* ConcreteProtocolInitialState.swift */ = {isa = PBXFileReference; lastKnownFileType = sourcecode.swift; path = ConcreteProtocolInitialState.swift; sourceTree = "<group>"; };
		C48E160D2791C05B00A5CF9C /* DeviceCapabilitiesDiscoveryProtocol.swift */ = {isa = PBXFileReference; lastKnownFileType = sourcecode.swift; path = DeviceCapabilitiesDiscoveryProtocol.swift; sourceTree = "<group>"; };
		C48E16132791C0E300A5CF9C /* DeviceCapabilitiesDiscoveryProtocolStates.swift */ = {isa = PBXFileReference; lastKnownFileType = sourcecode.swift; path = DeviceCapabilitiesDiscoveryProtocolStates.swift; sourceTree = "<group>"; };
		C48E16152791C15500A5CF9C /* DeviceCapabilitiesDiscoveryProtocolMessages.swift */ = {isa = PBXFileReference; lastKnownFileType = sourcecode.swift; path = DeviceCapabilitiesDiscoveryProtocolMessages.swift; sourceTree = "<group>"; };
		C48E16172791CE8D00A5CF9C /* DeviceCapabilitiesDiscoveryProtocolSteps.swift */ = {isa = PBXFileReference; lastKnownFileType = sourcecode.swift; path = DeviceCapabilitiesDiscoveryProtocolSteps.swift; sourceTree = "<group>"; };
		C49684132965A8A9002C34DE /* ContactOwnedIdentityDeletionSignatureReceived.swift */ = {isa = PBXFileReference; lastKnownFileType = sourcecode.swift; path = ContactOwnedIdentityDeletionSignatureReceived.swift; sourceTree = "<group>"; };
		C4A7568A201B643B00A7F1D1 /* ObvProtocolManager.framework */ = {isa = PBXFileReference; explicitFileType = wrapper.framework; includeInIndex = 0; path = ObvProtocolManager.framework; sourceTree = BUILT_PRODUCTS_DIR; };
		C4A7568D201B643B00A7F1D1 /* ObvProtocolManager.h */ = {isa = PBXFileReference; lastKnownFileType = sourcecode.c.h; path = ObvProtocolManager.h; sourceTree = "<group>"; };
		C4A7568E201B643B00A7F1D1 /* Info.plist */ = {isa = PBXFileReference; lastKnownFileType = text.plist.xml; path = Info.plist; sourceTree = "<group>"; };
		C4A9F6E020DCF30D00306839 /* TrustEstablishmentProtocolStates.swift */ = {isa = PBXFileReference; lastKnownFileType = sourcecode.swift; path = TrustEstablishmentProtocolStates.swift; sourceTree = "<group>"; };
		C4A9F6E220DCF5B200306839 /* TrustEstablishmentProtocolMessages.swift */ = {isa = PBXFileReference; lastKnownFileType = sourcecode.swift; path = TrustEstablishmentProtocolMessages.swift; sourceTree = "<group>"; };
		C4A9F6E420DCFBA000306839 /* TrustEstablishmentProtocolSteps.swift */ = {isa = PBXFileReference; lastKnownFileType = sourcecode.swift; path = TrustEstablishmentProtocolSteps.swift; sourceTree = "<group>"; };
		C4ACF729205A863E00F44105 /* ProtocolStarterCoordinator.swift */ = {isa = PBXFileReference; lastKnownFileType = sourcecode.swift; path = ProtocolStarterCoordinator.swift; sourceTree = "<group>"; };
		C4ACF735205A960800F44105 /* ProtocolStarterDelegate.swift */ = {isa = PBXFileReference; lastKnownFileType = sourcecode.swift; path = ProtocolStarterDelegate.swift; sourceTree = "<group>"; };
		C4AF0F002023A64B00E6C2FE /* ObvChannelProtocolMessageToSendGenerator.swift */ = {isa = PBXFileReference; lastKnownFileType = sourcecode.swift; path = ObvChannelProtocolMessageToSendGenerator.swift; sourceTree = "<group>"; };
		C4AF0F0C2023A69900E6C2FE /* GenericProtocolMessageToSendGenerator.swift */ = {isa = PBXFileReference; lastKnownFileType = sourcecode.swift; path = GenericProtocolMessageToSendGenerator.swift; sourceTree = "<group>"; };
		C4AF0F0E2023C9E300E6C2FE /* CoreProtocolMessage.swift */ = {isa = PBXFileReference; lastKnownFileType = sourcecode.swift; path = CoreProtocolMessage.swift; sourceTree = "<group>"; };
		C4B23EAC2923BEB500E0163C /* DeleteObsoleteReceivedMessagesOperation.swift */ = {isa = PBXFileReference; lastKnownFileType = sourcecode.swift; path = DeleteObsoleteReceivedMessagesOperation.swift; sourceTree = "<group>"; };
		C4B8EA982216CC3500FA0BC7 /* ProtocolInstanceWaitingForContactUpgradeToOneToOne.swift */ = {isa = PBXFileReference; lastKnownFileType = sourcecode.swift; path = ProtocolInstanceWaitingForContactUpgradeToOneToOne.swift; sourceTree = "<group>"; };
		C4B8EADA2216E97D00FA0BC7 /* ContactTrustLevelWatcher.swift */ = {isa = PBXFileReference; lastKnownFileType = sourcecode.swift; path = ContactTrustLevelWatcher.swift; sourceTree = "<group>"; };
		C4BA68D72811851D008FC95E /* GroupV2SignatureReceived.swift */ = {isa = PBXFileReference; lastKnownFileType = sourcecode.swift; path = GroupV2SignatureReceived.swift; sourceTree = "<group>"; };
		C4C9E350203DC5CE0006932A /* ChildToParentProtocolMessageInputs.swift */ = {isa = PBXFileReference; lastKnownFileType = sourcecode.swift; path = ChildToParentProtocolMessageInputs.swift; sourceTree = "<group>"; };
		C4CB7B8221FB09130010228A /* DownloadIdentityPhotoChildProtocol.swift */ = {isa = PBXFileReference; lastKnownFileType = sourcecode.swift; path = DownloadIdentityPhotoChildProtocol.swift; sourceTree = "<group>"; };
		C4CB7B8421FB091A0010228A /* DownloadIdentityPhotoChildProtocolSteps.swift */ = {isa = PBXFileReference; lastKnownFileType = sourcecode.swift; path = DownloadIdentityPhotoChildProtocolSteps.swift; sourceTree = "<group>"; };
		C4CB7B8621FB09210010228A /* DownloadIdentityPhotoChildProtocolMessages.swift */ = {isa = PBXFileReference; lastKnownFileType = sourcecode.swift; path = DownloadIdentityPhotoChildProtocolMessages.swift; sourceTree = "<group>"; };
		C4CB7B8821FB092A0010228A /* DownloadIdentityPhotoChildProtocolStates.swift */ = {isa = PBXFileReference; lastKnownFileType = sourcecode.swift; path = DownloadIdentityPhotoChildProtocolStates.swift; sourceTree = "<group>"; };
		C4D0143E292FAF450021940A /* OwnedIdentityDeletionProtocol.swift */ = {isa = PBXFileReference; lastKnownFileType = sourcecode.swift; path = OwnedIdentityDeletionProtocol.swift; sourceTree = "<group>"; };
		C4D01440292FAFBA0021940A /* OwnedIdentityDeletionProtocolMessages.swift */ = {isa = PBXFileReference; lastKnownFileType = sourcecode.swift; path = OwnedIdentityDeletionProtocolMessages.swift; sourceTree = "<group>"; };
		C4D01442292FB18C0021940A /* OwnedIdentityDeletionProtocolStates.swift */ = {isa = PBXFileReference; lastKnownFileType = sourcecode.swift; path = OwnedIdentityDeletionProtocolStates.swift; sourceTree = "<group>"; };
		C4D01444292FB2130021940A /* OwnedIdentityDeletionProtocolSteps.swift */ = {isa = PBXFileReference; lastKnownFileType = sourcecode.swift; path = OwnedIdentityDeletionProtocolSteps.swift; sourceTree = "<group>"; };
		C4DCD986201B6BE7004FF917 /* CoreData.framework */ = {isa = PBXFileReference; lastKnownFileType = wrapper.framework; name = CoreData.framework; path = System/Library/Frameworks/CoreData.framework; sourceTree = SDKROOT; };
		C4DCD990201B9963004FF917 /* ProtocolInstance.swift */ = {isa = PBXFileReference; lastKnownFileType = sourcecode.swift; path = ProtocolInstance.swift; sourceTree = "<group>"; };
		C4DCD992201B9B0B004FF917 /* ReceivedMessage.swift */ = {isa = PBXFileReference; lastKnownFileType = sourcecode.swift; path = ReceivedMessage.swift; sourceTree = "<group>"; };
		C4E4B6A420DBCA45007B46E2 /* TrustEstablishmentProtocol.swift */ = {isa = PBXFileReference; lastKnownFileType = sourcecode.swift; path = TrustEstablishmentProtocol.swift; sourceTree = "<group>"; };
		C4E9A6AD21FA206700DAD46F /* IdentityDetailsPublicationProtocolStates.swift */ = {isa = PBXFileReference; lastKnownFileType = sourcecode.swift; path = IdentityDetailsPublicationProtocolStates.swift; sourceTree = "<group>"; };
		C4E9A6B021FA208200DAD46F /* IdentityDetailsPublicationProtocol.swift */ = {isa = PBXFileReference; lastKnownFileType = sourcecode.swift; path = IdentityDetailsPublicationProtocol.swift; sourceTree = "<group>"; };
		C4E9A6B221FA218300DAD46F /* IdentityDetailsPublicationProtocolSteps.swift */ = {isa = PBXFileReference; lastKnownFileType = sourcecode.swift; path = IdentityDetailsPublicationProtocolSteps.swift; sourceTree = "<group>"; };
		C4E9A6B421FA218C00DAD46F /* IdentityDetailsPublicationProtocolMessages.swift */ = {isa = PBXFileReference; lastKnownFileType = sourcecode.swift; path = IdentityDetailsPublicationProtocolMessages.swift; sourceTree = "<group>"; };
		C4EE42F1201E7FAF00637081 /* GenericProtocolMessages.swift */ = {isa = PBXFileReference; lastKnownFileType = sourcecode.swift; path = GenericProtocolMessages.swift; sourceTree = "<group>"; };
		C4EE42FD201E8D7700637081 /* ObvProtocolManager.swift */ = {isa = PBXFileReference; lastKnownFileType = sourcecode.swift; path = ObvProtocolManager.swift; sourceTree = "<group>"; };
		C4EE42FF201E8E1C00637081 /* ObvProtocolDelegateManager.swift */ = {isa = PBXFileReference; lastKnownFileType = sourcecode.swift; path = ObvProtocolDelegateManager.swift; sourceTree = "<group>"; };
		C4EE4302201E927F00637081 /* ReceivedMessageDelegate.swift */ = {isa = PBXFileReference; lastKnownFileType = sourcecode.swift; path = ReceivedMessageDelegate.swift; sourceTree = "<group>"; };
		C4EE4305201E930D00637081 /* ReceivedMessageCoordinator.swift */ = {isa = PBXFileReference; lastKnownFileType = sourcecode.swift; path = ReceivedMessageCoordinator.swift; sourceTree = "<group>"; };
		C4EF524F22D362C500B505B0 /* ContactManagementProtocol.swift */ = {isa = PBXFileReference; lastKnownFileType = sourcecode.swift; path = ContactManagementProtocol.swift; sourceTree = "<group>"; };
		C4EF525122D363B800B505B0 /* ContactManagementProtocolSteps.swift */ = {isa = PBXFileReference; lastKnownFileType = sourcecode.swift; path = ContactManagementProtocolSteps.swift; sourceTree = "<group>"; };
		C4EF525322D363BE00B505B0 /* ContactManagementProtocolMessages.swift */ = {isa = PBXFileReference; lastKnownFileType = sourcecode.swift; path = ContactManagementProtocolMessages.swift; sourceTree = "<group>"; };
		C4EF525522D363C400B505B0 /* ContactManagementProtocolStates.swift */ = {isa = PBXFileReference; lastKnownFileType = sourcecode.swift; path = ContactManagementProtocolStates.swift; sourceTree = "<group>"; };
		C4FC8E1F20E1345700467BE8 /* ChannelCreationWithContactDeviceProtocol.swift */ = {isa = PBXFileReference; lastKnownFileType = sourcecode.swift; path = ChannelCreationWithContactDeviceProtocol.swift; sourceTree = "<group>"; };
		C4FC8E2120E1348400467BE8 /* ChannelCreationWithContactDeviceProtocolStates.swift */ = {isa = PBXFileReference; lastKnownFileType = sourcecode.swift; path = ChannelCreationWithContactDeviceProtocolStates.swift; sourceTree = "<group>"; };
		C4FC8E2320E1396300467BE8 /* ChannelCreationWithContactDeviceProtocolMessages.swift */ = {isa = PBXFileReference; lastKnownFileType = sourcecode.swift; path = ChannelCreationWithContactDeviceProtocolMessages.swift; sourceTree = "<group>"; };
		C4FC8E2520E13DDA00467BE8 /* ChannelCreationWithContactDeviceProtocolSteps.swift */ = {isa = PBXFileReference; lastKnownFileType = sourcecode.swift; path = ChannelCreationWithContactDeviceProtocolSteps.swift; sourceTree = "<group>"; };
		C4FDA72C228C383F0050B49F /* GroupManagementProtocol.swift */ = {isa = PBXFileReference; lastKnownFileType = sourcecode.swift; path = GroupManagementProtocol.swift; sourceTree = "<group>"; };
		C4FDA72E228C39950050B49F /* GroupManagementProtocolSteps.swift */ = {isa = PBXFileReference; lastKnownFileType = sourcecode.swift; path = GroupManagementProtocolSteps.swift; sourceTree = "<group>"; };
		C4FDA730228C399B0050B49F /* GroupManagementProtocolMessages.swift */ = {isa = PBXFileReference; lastKnownFileType = sourcecode.swift; path = GroupManagementProtocolMessages.swift; sourceTree = "<group>"; };
		C4FDA732228C39A10050B49F /* GroupManagementProtocolStates.swift */ = {isa = PBXFileReference; lastKnownFileType = sourcecode.swift; path = GroupManagementProtocolStates.swift; sourceTree = "<group>"; };
		C4FF1694203D858E00A51E3F /* LinkBetweenProtocolInstances.swift */ = {isa = PBXFileReference; lastKnownFileType = sourcecode.swift; path = LinkBetweenProtocolInstances.swift; sourceTree = "<group>"; };
/* End PBXFileReference section */

/* Begin PBXFrameworksBuildPhase section */
		C4A75686201B643B00A7F1D1 /* Frameworks */ = {
			isa = PBXFrameworksBuildPhase;
			buildActionMask = 2147483647;
			files = (
				C40262BA21A08F1A008AFEFC /* ObvOperation.framework in Frameworks */,
				C4D25D912747BE17005BAB17 /* JWS.framework in Frameworks */,
				C40262B221A08EFA008AFEFC /* ObvMetaManager.framework in Frameworks */,
				C44686CF26AD8A8100762CC8 /* OlvidUtils.framework in Frameworks */,
			);
			runOnlyForDeploymentPostprocessing = 0;
		};
/* End PBXFrameworksBuildPhase section */

/* Begin PBXGroup section */
		C09D9FDB25F779F000CDCB5F /* KeycloakContactAdditionProtocol */ = {
			isa = PBXGroup;
			children = (
				C09DA07125F7B75D00CDCB5F /* KeycloakContactAdditionProtocol.swift */,
				C09DA07525F7BA1700CDCB5F /* KeycloakContactAdditionProtocolSteps.swift */,
				C09DA07825F7BA2400CDCB5F /* KeycloakContactAdditionProtocolMessages.swift */,
				C09DA07B25F7BA3000CDCB5F /* KeycloakContactAdditionProtocolStates.swift */,
			);
			path = KeycloakContactAdditionProtocol;
			sourceTree = "<group>";
		};
		C0AFFDE6259E1BDC00653FE9 /* DownloadGroupPhotoProtocol */ = {
			isa = PBXGroup;
			children = (
				C0AFFDE9259E1DBC00653FE9 /* DownloadGroupPhotoChildProtocol.swift */,
				C0AFFDED259E1EAA00653FE9 /* DownloadGroupPhotoChildProtocolSteps.swift */,
				C0AFFDF0259E1F3B00653FE9 /* DownloadGroupPhotoChildProtocolMessages.swift */,
				C0AFFDF3259E1F8600653FE9 /* DownloadGroupPhotoChildProtocolStates.swift */,
			);
			path = DownloadGroupPhotoProtocol;
			sourceTree = "<group>";
		};
		C40262A521A08EF4008AFEFC /* Products */ = {
			isa = PBXGroup;
			children = (
				C40262B121A08EF4008AFEFC /* ObvMetaManager.framework */,
			);
			name = Products;
			sourceTree = "<group>";
		};
		C40262B421A08F16008AFEFC /* Products */ = {
			isa = PBXGroup;
			children = (
				C40262B921A08F16008AFEFC /* ObvOperation.framework */,
			);
			name = Products;
			sourceTree = "<group>";
		};
		C40F7A84201C91AA0049AE43 /* Protocol Engine */ = {
			isa = PBXGroup;
			children = (
				C47693492022230D008E2E28 /* ConcreteCryptoProtocol.swift */,
				C476934B2022233B008E2E28 /* ConcreteProtocolState.swift */,
				C488DD162028ADBF00B6B811 /* ConcreteProtocolInitialState.swift */,
				C476934D202223FC008E2E28 /* ConcreteProtocolMessage.swift */,
				C476934F2022241A008E2E28 /* ConcreteProtocolStep.swift */,
				C4AF0F0E2023C9E300E6C2FE /* CoreProtocolMessage.swift */,
				C4C9E350203DC5CE0006932A /* ChildToParentProtocolMessageInputs.swift */,
			);
			path = "Protocol Engine";
			sourceTree = "<group>";
		};
		C4121D65262E46D300CD07AF /* Products */ = {
			isa = PBXGroup;
			children = (
				C4121D69262E46D300CD07AF /* JWS.framework */,
			);
			name = Products;
			sourceTree = "<group>";
		};
		C41220C6201F10CD00AE66CE /* Operations */ = {
			isa = PBXGroup;
			children = (
				C41220D1201F10E600AE66CE /* ProtocolOperation.swift */,
				C486A9A220237DDE00DCDDA3 /* ProtocolStep.swift */,
				C475AC9828F09116000A3045 /* DeleteProtocolInstancesInAFinalStateOperation.swift */,
				C4B23EAC2923BEB500E0163C /* DeleteObsoleteReceivedMessagesOperation.swift */,
			);
			path = Operations;
			sourceTree = "<group>";
		};
		C41220D3201F56A100AE66CE /* Protocols */ = {
			isa = PBXGroup;
			children = (
				C46C2D8227A448B300525761 /* OneToOneContactInvitationProtocol */,
				C47693512022243F008E2E28 /* CryptoProtocolId.swift */,
				C41220D4201F56B800AE66CE /* DeviceDiscoveryForContactIdentityProtocol.swift */,
				C40B6E1420F8C77700DC18FA /* DeviceDiscoveryForRemoteIdentityProtocol.swift */,
				C4FC8E1E20E1344600467BE8 /* ChannelCreationWithContactDeviceProtocol */,
				C461DAE5210685B600A936FA /* ContactMutualIntroductionProtocol */,
				C4CB7B7F21FB09030010228A /* DownloadIdentityPhotoProtocol */,
				C4744F69228ABE8A003312D9 /* GroupProtocols */,
				C4E9A6AA21FA205400DAD46F /* IdentityDetailsPublicationProtocol */,
				C4EF524C22D362A000B505B0 /* ContactManagementProtocol */,
				C4A9F6D920DCF2F900306839 /* TrustEstablishmentProtocol */,
				C4808C492361C91000BF98E5 /* TrustEstablishmentWithSAS */,
				C4224DCA243CB2E4008E43B8 /* FullRatchetProtocol */,
				C09D9FDB25F779F000CDCB5F /* KeycloakContactAdditionProtocol */,
				C44686C326AD790200762CC8 /* TrustEstablishmentWithMutualScanProtocol */,
				C425FBFC2791BFE9005B2710 /* DeviceCapabilitiesDiscoveryProtocol */,
				C4D01439292FAF2C0021940A /* OwnedIdentityDeletionProtocol */,
			);
			path = Protocols;
			sourceTree = "<group>";
		};
		C416509327F7362F00ECF472 /* GroupV2Protocols */ = {
			isa = PBXGroup;
			children = (
				C41F43E12840CE9E00AE3E21 /* GroupV2Protocol */,
				C41F43E22840CEBA00AE3E21 /* DownloadGroupV2PhotoProtocol */,
			);
			path = GroupV2Protocols;
			sourceTree = "<group>";
		};
		C41F43DC2840CE6900AE3E21 /* GroupV1Protocols */ = {
			isa = PBXGroup;
			children = (
				C4FDA729228C38350050B49F /* GroupManagementProtocol */,
				C4744F6A228ABE9C003312D9 /* GroupInvitationProtocol */,
				C0AFFDE6259E1BDC00653FE9 /* DownloadGroupPhotoProtocol */,
			);
			path = GroupV1Protocols;
			sourceTree = "<group>";
		};
		C41F43E12840CE9E00AE3E21 /* GroupV2Protocol */ = {
			isa = PBXGroup;
			children = (
				C416509827F7364300ECF472 /* GroupV2Protocol.swift */,
				C416509A27F7369300ECF472 /* GroupV2ProtocolSteps.swift */,
				C416509C27F7369A00ECF472 /* GroupV2ProtocolMessages.swift */,
				C416509E27F736A100ECF472 /* GroupV2ProtocolStates.swift */,
			);
			path = GroupV2Protocol;
			sourceTree = "<group>";
		};
		C41F43E22840CEBA00AE3E21 /* DownloadGroupV2PhotoProtocol */ = {
			isa = PBXGroup;
			children = (
				C41F43E32840CEC900AE3E21 /* DownloadGroupV2PhotoProtocol.swift */,
				C41F43E928414D3500AE3E21 /* DownloadGroupV2PhotoProtocolSteps.swift */,
				C41F43E72841489900AE3E21 /* DownloadGroupV2PhotoProtocolMessages.swift */,
				C41F43E52840CF9300AE3E21 /* DownloadGroupV2PhotoProtocolStates.swift */,
			);
			path = DownloadGroupV2PhotoProtocol;
			sourceTree = "<group>";
		};
		C4224DCA243CB2E4008E43B8 /* FullRatchetProtocol */ = {
			isa = PBXGroup;
			children = (
				C4224DCD243CB2FF008E43B8 /* FullRatchetProtocol.swift */,
				C4224DCF243CB308008E43B8 /* FullRatchetProtocolSteps.swift */,
				C4224DD1243CB313008E43B8 /* FullRatchetProtocolMessages.swift */,
				C4224DD3243CB31A008E43B8 /* FullRatchetProtocolStates.swift */,
			);
			path = FullRatchetProtocol;
			sourceTree = "<group>";
		};
		C425FBFC2791BFE9005B2710 /* DeviceCapabilitiesDiscoveryProtocol */ = {
			isa = PBXGroup;
			children = (
				C48E160D2791C05B00A5CF9C /* DeviceCapabilitiesDiscoveryProtocol.swift */,
				C48E16172791CE8D00A5CF9C /* DeviceCapabilitiesDiscoveryProtocolSteps.swift */,
				C48E16152791C15500A5CF9C /* DeviceCapabilitiesDiscoveryProtocolMessages.swift */,
				C48E16132791C0E300A5CF9C /* DeviceCapabilitiesDiscoveryProtocolStates.swift */,
			);
			path = DeviceCapabilitiesDiscoveryProtocol;
			sourceTree = "<group>";
		};
		C44686C326AD790200762CC8 /* TrustEstablishmentWithMutualScanProtocol */ = {
			isa = PBXGroup;
			children = (
				C44686C726AD792000762CC8 /* TrustEstablishmentWithMutualScanProtocol.swift */,
				C44686D626AD975700762CC8 /* TrustEstablishmentWithMutualScanProtocolMessagesSteps.swift */,
				C44686D426AD8C5B00762CC8 /* TrustEstablishmentWithMutualScanProtocolMessages.swift */,
				C44686D226AD8AE300762CC8 /* TrustEstablishmentWithMutualScanProtocolStates.swift */,
			);
			path = TrustEstablishmentWithMutualScanProtocol;
			sourceTree = "<group>";
		};
		C44686CA26AD8A7A00762CC8 /* Products */ = {
			isa = PBXGroup;
			children = (
				C44686CE26AD8A7A00762CC8 /* OlvidUtils.framework */,
			);
			name = Products;
			sourceTree = "<group>";
		};
		C461DAE5210685B600A936FA /* ContactMutualIntroductionProtocol */ = {
			isa = PBXGroup;
			children = (
				C461DAEC210685D300A936FA /* ContactMutualIntroductionProtocol.swift */,
				C461DAEE210688A100A936FA /* ContactMutualIntroductionProtocolSteps.swift */,
				C461DAF021068A5500A936FA /* ContactMutualIntroductionProtocolMessages.swift */,
				C461DAF221068A5C00A936FA /* ContactMutualIntroductionProtocolStates.swift */,
			);
			path = ContactMutualIntroductionProtocol;
			sourceTree = "<group>";
		};
		C46C2D8227A448B300525761 /* OneToOneContactInvitationProtocol */ = {
			isa = PBXGroup;
			children = (
				C46C2D8327A448C300525761 /* OneToOneContactInvitationProtocol.swift */,
				C46C2D8527A4492500525761 /* OneToOneContactInvitationProtocolSteps.swift */,
				C46C2D8727A4493D00525761 /* OneToOneContactInvitationProtocolMessages.swift */,
				C46C2D8927A4495700525761 /* OneToOneContactInvitationProtocolStates.swift */,
			);
			path = OneToOneContactInvitationProtocol;
			sourceTree = "<group>";
		};
		C4744F69228ABE8A003312D9 /* GroupProtocols */ = {
			isa = PBXGroup;
			children = (
				C41F43DC2840CE6900AE3E21 /* GroupV1Protocols */,
				C416509327F7362F00ECF472 /* GroupV2Protocols */,
			);
			path = GroupProtocols;
			sourceTree = "<group>";
		};
		C4744F6A228ABE9C003312D9 /* GroupInvitationProtocol */ = {
			isa = PBXGroup;
			children = (
				C4744F6B228ABEBD003312D9 /* GroupInvitationProtocol.swift */,
				C4744F6D228ABF4F003312D9 /* GroupInvitationProtocolSteps.swift */,
				C4744F6F228ABF58003312D9 /* GroupInvitationProtocolMessages.swift */,
				C4744F71228ABF5F003312D9 /* GroupInvitationProtocolStates.swift */,
			);
			path = GroupInvitationProtocol;
			sourceTree = "<group>";
		};
		C4808C492361C91000BF98E5 /* TrustEstablishmentWithSAS */ = {
			isa = PBXGroup;
			children = (
				C4808C4C2361C92800BF98E5 /* TrustEstablishmentWithSASProtocol.swift */,
				C4808C4E2361C93000BF98E5 /* TrustEstablishmentWithSASProtocolSteps.swift */,
				C4808C502361C93700BF98E5 /* TrustEstablishmentWithSASProtocolMessages.swift */,
				C4808C522361C94000BF98E5 /* TrustEstablishmentWithSASProtocolStates.swift */,
			);
			path = TrustEstablishmentWithSAS;
			sourceTree = "<group>";
		};
		C4A75680201B643B00A7F1D1 = {
			isa = PBXGroup;
			children = (
				C0B4A500276F7D9B00816D8D /* .swiftlint.yml */,
				C4A7568C201B643B00A7F1D1 /* ObvProtocolManager */,
				C4A7568B201B643B00A7F1D1 /* Products */,
				C4A756C1201B648300A7F1D1 /* Frameworks */,
			);
			sourceTree = "<group>";
		};
		C4A7568B201B643B00A7F1D1 /* Products */ = {
			isa = PBXGroup;
			children = (
				C4A7568A201B643B00A7F1D1 /* ObvProtocolManager.framework */,
			);
			name = Products;
			sourceTree = "<group>";
		};
		C4A7568C201B643B00A7F1D1 /* ObvProtocolManager */ = {
			isa = PBXGroup;
			children = (
				C4EE42FF201E8E1C00637081 /* ObvProtocolDelegateManager.swift */,
				C4EE42FD201E8D7700637081 /* ObvProtocolManager.swift */,
				C417627121AD86FC008D2F29 /* ObvProtocolManagerDummy.swift */,
				C4EE42F1201E7FAF00637081 /* GenericProtocolMessages.swift */,
				C4EE4301201E924000637081 /* Internal Delegates */,
				C4EE4304201E92DC00637081 /* Coordinators */,
				C41220C6201F10CD00AE66CE /* Operations */,
				C40F7A84201C91AA0049AE43 /* Protocol Engine */,
				C41220D3201F56A100AE66CE /* Protocols */,
				C4A756C6201B64E300A7F1D1 /* CoreData */,
				C4A7568D201B643B00A7F1D1 /* ObvProtocolManager.h */,
				C4A7568E201B643B00A7F1D1 /* Info.plist */,
			);
			path = ObvProtocolManager;
			sourceTree = "<group>";
		};
		C4A756C1201B648300A7F1D1 /* Frameworks */ = {
			isa = PBXGroup;
			children = (
				C44686C926AD8A7A00762CC8 /* OlvidUtils.xcodeproj */,
				C4121D64262E46D300CD07AF /* JWS.xcodeproj */,
				C028A2EC260A3FF50024AFF7 /* JWS.framework */,
				C40262B321A08F16008AFEFC /* ObvOperation.xcodeproj */,
				C40262A421A08EF4008AFEFC /* ObvMetaManager.xcodeproj */,
				C4DCD986201B6BE7004FF917 /* CoreData.framework */,
			);
			name = Frameworks;
			sourceTree = "<group>";
		};
		C4A756C6201B64E300A7F1D1 /* CoreData */ = {
			isa = PBXGroup;
			children = (
				C4255A2F25B586AF00DBDA39 /* ChannelCreationPingSignatureReceived.swift */,
				C421EF8F207D1E560039B9DE /* ChannelCreationWithContactDeviceProtocolInstance.swift */,
				C4FF1694203D858E00A51E3F /* LinkBetweenProtocolInstances.swift */,
				C4DCD990201B9963004FF917 /* ProtocolInstance.swift */,
				C4DCD992201B9B0B004FF917 /* ReceivedMessage.swift */,
				C486261425B9B3D800788B96 /* TrustEstablishmentCommitmentReceived.swift */,
				C4B8EA982216CC3500FA0BC7 /* ProtocolInstanceWaitingForContactUpgradeToOneToOne.swift */,
				C44687BE26ADBFF500762CC8 /* MutualScanSignatureReceived.swift */,
				C4BA68D72811851D008FC95E /* GroupV2SignatureReceived.swift */,
				C49684132965A8A9002C34DE /* ContactOwnedIdentityDeletionSignatureReceived.swift */,
			);
			path = CoreData;
			sourceTree = "<group>";
		};
		C4A9F6D920DCF2F900306839 /* TrustEstablishmentProtocol */ = {
			isa = PBXGroup;
			children = (
				C4E4B6A420DBCA45007B46E2 /* TrustEstablishmentProtocol.swift */,
				C4A9F6E420DCFBA000306839 /* TrustEstablishmentProtocolSteps.swift */,
				C4A9F6E220DCF5B200306839 /* TrustEstablishmentProtocolMessages.swift */,
				C4A9F6E020DCF30D00306839 /* TrustEstablishmentProtocolStates.swift */,
			);
			path = TrustEstablishmentProtocol;
			sourceTree = "<group>";
		};
		C4CB7B7F21FB09030010228A /* DownloadIdentityPhotoProtocol */ = {
			isa = PBXGroup;
			children = (
				C4CB7B8221FB09130010228A /* DownloadIdentityPhotoChildProtocol.swift */,
				C4CB7B8421FB091A0010228A /* DownloadIdentityPhotoChildProtocolSteps.swift */,
				C4CB7B8621FB09210010228A /* DownloadIdentityPhotoChildProtocolMessages.swift */,
				C4CB7B8821FB092A0010228A /* DownloadIdentityPhotoChildProtocolStates.swift */,
			);
			path = DownloadIdentityPhotoProtocol;
			sourceTree = "<group>";
		};
		C4D01439292FAF2C0021940A /* OwnedIdentityDeletionProtocol */ = {
			isa = PBXGroup;
			children = (
				C4D0143E292FAF450021940A /* OwnedIdentityDeletionProtocol.swift */,
				C4D01444292FB2130021940A /* OwnedIdentityDeletionProtocolSteps.swift */,
				C4D01440292FAFBA0021940A /* OwnedIdentityDeletionProtocolMessages.swift */,
				C4D01442292FB18C0021940A /* OwnedIdentityDeletionProtocolStates.swift */,
			);
			path = OwnedIdentityDeletionProtocol;
			sourceTree = "<group>";
		};
		C4E9A6AA21FA205400DAD46F /* IdentityDetailsPublicationProtocol */ = {
			isa = PBXGroup;
			children = (
				C4E9A6B021FA208200DAD46F /* IdentityDetailsPublicationProtocol.swift */,
				C4E9A6B221FA218300DAD46F /* IdentityDetailsPublicationProtocolSteps.swift */,
				C4E9A6B421FA218C00DAD46F /* IdentityDetailsPublicationProtocolMessages.swift */,
				C4E9A6AD21FA206700DAD46F /* IdentityDetailsPublicationProtocolStates.swift */,
			);
			path = IdentityDetailsPublicationProtocol;
			sourceTree = "<group>";
		};
		C4EE4301201E924000637081 /* Internal Delegates */ = {
			isa = PBXGroup;
			children = (
				C4EE4302201E927F00637081 /* ReceivedMessageDelegate.swift */,
				C4AF0F002023A64B00E6C2FE /* ObvChannelProtocolMessageToSendGenerator.swift */,
				C4AF0F0C2023A69900E6C2FE /* GenericProtocolMessageToSendGenerator.swift */,
				C4ACF735205A960800F44105 /* ProtocolStarterDelegate.swift */,
			);
			path = "Internal Delegates";
			sourceTree = "<group>";
		};
		C4EE4304201E92DC00637081 /* Coordinators */ = {
			isa = PBXGroup;
			children = (
				C4EE4305201E930D00637081 /* ReceivedMessageCoordinator.swift */,
				C4ACF729205A863E00F44105 /* ProtocolStarterCoordinator.swift */,
				C4B8EADA2216E97D00FA0BC7 /* ContactTrustLevelWatcher.swift */,
			);
			path = Coordinators;
			sourceTree = "<group>";
		};
		C4EF524C22D362A000B505B0 /* ContactManagementProtocol */ = {
			isa = PBXGroup;
			children = (
				C4EF524F22D362C500B505B0 /* ContactManagementProtocol.swift */,
				C4EF525122D363B800B505B0 /* ContactManagementProtocolSteps.swift */,
				C4EF525322D363BE00B505B0 /* ContactManagementProtocolMessages.swift */,
				C4EF525522D363C400B505B0 /* ContactManagementProtocolStates.swift */,
			);
			path = ContactManagementProtocol;
			sourceTree = "<group>";
		};
		C4FC8E1E20E1344600467BE8 /* ChannelCreationWithContactDeviceProtocol */ = {
			isa = PBXGroup;
			children = (
				C4FC8E1F20E1345700467BE8 /* ChannelCreationWithContactDeviceProtocol.swift */,
				C4FC8E2520E13DDA00467BE8 /* ChannelCreationWithContactDeviceProtocolSteps.swift */,
				C4FC8E2320E1396300467BE8 /* ChannelCreationWithContactDeviceProtocolMessages.swift */,
				C4FC8E2120E1348400467BE8 /* ChannelCreationWithContactDeviceProtocolStates.swift */,
			);
			path = ChannelCreationWithContactDeviceProtocol;
			sourceTree = "<group>";
		};
		C4FDA729228C38350050B49F /* GroupManagementProtocol */ = {
			isa = PBXGroup;
			children = (
				C4FDA72C228C383F0050B49F /* GroupManagementProtocol.swift */,
				C4FDA72E228C39950050B49F /* GroupManagementProtocolSteps.swift */,
				C4FDA730228C399B0050B49F /* GroupManagementProtocolMessages.swift */,
				C4FDA732228C39A10050B49F /* GroupManagementProtocolStates.swift */,
			);
			path = GroupManagementProtocol;
			sourceTree = "<group>";
		};
/* End PBXGroup section */

/* Begin PBXHeadersBuildPhase section */
		C4A75687201B643B00A7F1D1 /* Headers */ = {
			isa = PBXHeadersBuildPhase;
			buildActionMask = 2147483647;
			files = (
				C4A7568F201B643B00A7F1D1 /* ObvProtocolManager.h in Headers */,
			);
			runOnlyForDeploymentPostprocessing = 0;
		};
/* End PBXHeadersBuildPhase section */

/* Begin PBXNativeTarget section */
		C4A75689201B643B00A7F1D1 /* ObvProtocolManager */ = {
			isa = PBXNativeTarget;
			buildConfigurationList = C4A75692201B643B00A7F1D1 /* Build configuration list for PBXNativeTarget "ObvProtocolManager" */;
			buildPhases = (
				C4A75687201B643B00A7F1D1 /* Headers */,
				C4A75685201B643B00A7F1D1 /* Sources */,
				C4A75686201B643B00A7F1D1 /* Frameworks */,
				C0B4A506276F7DAD00816D8D /* ShellScript */,
			);
			buildRules = (
			);
			dependencies = (
			);
			name = ObvProtocolManager;
			productName = ObvProtocolManager;
			productReference = C4A7568A201B643B00A7F1D1 /* ObvProtocolManager.framework */;
			productType = "com.apple.product-type.framework";
		};
/* End PBXNativeTarget section */

/* Begin PBXProject section */
		C4A75681201B643B00A7F1D1 /* Project object */ = {
			isa = PBXProject;
			attributes = {
				LastUpgradeCheck = 1320;
				ORGANIZATIONNAME = Olvid;
				TargetAttributes = {
					C4A75689201B643B00A7F1D1 = {
						CreatedOnToolsVersion = 9.2;
						LastSwiftMigration = 1020;
						ProvisioningStyle = Automatic;
					};
				};
			};
			buildConfigurationList = C4A75684201B643B00A7F1D1 /* Build configuration list for PBXProject "ObvProtocolManager" */;
			compatibilityVersion = "Xcode 8.0";
			developmentRegion = en;
			hasScannedForEncodings = 0;
			knownRegions = (
				en,
				Base,
			);
			mainGroup = C4A75680201B643B00A7F1D1;
			productRefGroup = C4A7568B201B643B00A7F1D1 /* Products */;
			projectDirPath = "";
			projectReferences = (
				{
					ProductGroup = C4121D65262E46D300CD07AF /* Products */;
					ProjectRef = C4121D64262E46D300CD07AF /* JWS.xcodeproj */;
				},
				{
					ProductGroup = C40262A521A08EF4008AFEFC /* Products */;
					ProjectRef = C40262A421A08EF4008AFEFC /* ObvMetaManager.xcodeproj */;
				},
				{
					ProductGroup = C40262B421A08F16008AFEFC /* Products */;
					ProjectRef = C40262B321A08F16008AFEFC /* ObvOperation.xcodeproj */;
				},
				{
					ProductGroup = C44686CA26AD8A7A00762CC8 /* Products */;
					ProjectRef = C44686C926AD8A7A00762CC8 /* OlvidUtils.xcodeproj */;
				},
			);
			projectRoot = "";
			targets = (
				C4A75689201B643B00A7F1D1 /* ObvProtocolManager */,
			);
		};
/* End PBXProject section */

/* Begin PBXReferenceProxy section */
		C40262B121A08EF4008AFEFC /* ObvMetaManager.framework */ = {
			isa = PBXReferenceProxy;
			fileType = wrapper.framework;
			path = ObvMetaManager.framework;
			remoteRef = C40262B021A08EF4008AFEFC /* PBXContainerItemProxy */;
			sourceTree = BUILT_PRODUCTS_DIR;
		};
		C40262B921A08F16008AFEFC /* ObvOperation.framework */ = {
			isa = PBXReferenceProxy;
			fileType = wrapper.framework;
			path = ObvOperation.framework;
			remoteRef = C40262B821A08F16008AFEFC /* PBXContainerItemProxy */;
			sourceTree = BUILT_PRODUCTS_DIR;
		};
		C4121D69262E46D300CD07AF /* JWS.framework */ = {
			isa = PBXReferenceProxy;
			fileType = wrapper.framework;
			path = JWS.framework;
			remoteRef = C4121D68262E46D300CD07AF /* PBXContainerItemProxy */;
			sourceTree = BUILT_PRODUCTS_DIR;
		};
		C44686CE26AD8A7A00762CC8 /* OlvidUtils.framework */ = {
			isa = PBXReferenceProxy;
			fileType = wrapper.framework;
			path = OlvidUtils.framework;
			remoteRef = C44686CD26AD8A7A00762CC8 /* PBXContainerItemProxy */;
			sourceTree = BUILT_PRODUCTS_DIR;
		};
/* End PBXReferenceProxy section */

/* Begin PBXShellScriptBuildPhase section */
		C0B4A506276F7DAD00816D8D /* ShellScript */ = {
			isa = PBXShellScriptBuildPhase;
			alwaysOutOfDate = 1;
			buildActionMask = 2147483647;
			files = (
			);
			inputFileListPaths = (
			);
			inputPaths = (
			);
			outputFileListPaths = (
			);
			outputPaths = (
			);
			runOnlyForDeploymentPostprocessing = 0;
			shellPath = /bin/sh;
			shellScript = "PATH=${PATH}:~/.mint/bin/\nif which swiftlint >/dev/null; then\n  swiftlint\nelse\n  echo \"warning: SwiftLint not installed, download from https://github.com/realm/SwiftLint\"\nfi\n";
		};
/* End PBXShellScriptBuildPhase section */

/* Begin PBXSourcesBuildPhase section */
		C4A75685201B643B00A7F1D1 /* Sources */ = {
			isa = PBXSourcesBuildPhase;
			buildActionMask = 2147483647;
			files = (
				C4EE4300201E8E1C00637081 /* ObvProtocolDelegateManager.swift in Sources */,
				C4FC8E2020E1345700467BE8 /* ChannelCreationWithContactDeviceProtocol.swift in Sources */,
				C461DAF321068A5C00A936FA /* ContactMutualIntroductionProtocolStates.swift in Sources */,
				C44686D326AD8AE300762CC8 /* TrustEstablishmentWithMutualScanProtocolStates.swift in Sources */,
				C0AFFDEE259E1EAA00653FE9 /* DownloadGroupPhotoChildProtocolSteps.swift in Sources */,
				C4CB7B8321FB09130010228A /* DownloadIdentityPhotoChildProtocol.swift in Sources */,
				C4DCD991201B9963004FF917 /* ProtocolInstance.swift in Sources */,
				C416509D27F7369A00ECF472 /* GroupV2ProtocolMessages.swift in Sources */,
				C476934E202223FC008E2E28 /* ConcreteProtocolMessage.swift in Sources */,
				C0AFFDEA259E1DBC00653FE9 /* DownloadGroupPhotoChildProtocol.swift in Sources */,
				C4FDA731228C399B0050B49F /* GroupManagementProtocolMessages.swift in Sources */,
				C41F43E82841489900AE3E21 /* DownloadGroupV2PhotoProtocolMessages.swift in Sources */,
				C4808C4D2361C92800BF98E5 /* TrustEstablishmentWithSASProtocol.swift in Sources */,
				C4ACF72A205A863E00F44105 /* ProtocolStarterCoordinator.swift in Sources */,
				C44686D526AD8C5B00762CC8 /* TrustEstablishmentWithMutualScanProtocolMessages.swift in Sources */,
				C4EE4306201E930D00637081 /* ReceivedMessageCoordinator.swift in Sources */,
				C4AF0F0D2023A69900E6C2FE /* GenericProtocolMessageToSendGenerator.swift in Sources */,
				C4B8EADB2216E97D00FA0BC7 /* ContactTrustLevelWatcher.swift in Sources */,
				C41220D5201F56B800AE66CE /* DeviceDiscoveryForContactIdentityProtocol.swift in Sources */,
				C421EF90207D1E560039B9DE /* ChannelCreationWithContactDeviceProtocolInstance.swift in Sources */,
				C4744F6E228ABF4F003312D9 /* GroupInvitationProtocolSteps.swift in Sources */,
				C4E9A6B321FA218300DAD46F /* IdentityDetailsPublicationProtocolSteps.swift in Sources */,
				C46C2D8427A448C300525761 /* OneToOneContactInvitationProtocol.swift in Sources */,
				C486A9A320237DDE00DCDDA3 /* ProtocolStep.swift in Sources */,
				C41220D2201F10E600AE66CE /* ProtocolOperation.swift in Sources */,
				C4224DD4243CB31A008E43B8 /* FullRatchetProtocolStates.swift in Sources */,
				C4EE42F2201E7FAF00637081 /* GenericProtocolMessages.swift in Sources */,
				C4E9A6B121FA208200DAD46F /* IdentityDetailsPublicationProtocol.swift in Sources */,
				C4EF525222D363B800B505B0 /* ContactManagementProtocolSteps.swift in Sources */,
				C4EE42FE201E8D7700637081 /* ObvProtocolManager.swift in Sources */,
				C4B23EAD2923BEB500E0163C /* DeleteObsoleteReceivedMessagesOperation.swift in Sources */,
				C41F43E42840CEC900AE3E21 /* DownloadGroupV2PhotoProtocol.swift in Sources */,
				C4FDA733228C39A10050B49F /* GroupManagementProtocolStates.swift in Sources */,
				C4D01445292FB2130021940A /* OwnedIdentityDeletionProtocolSteps.swift in Sources */,
				C4E4B6A520DBCA45007B46E2 /* TrustEstablishmentProtocol.swift in Sources */,
				C4E9A6B521FA218C00DAD46F /* IdentityDetailsPublicationProtocolMessages.swift in Sources */,
				C416509927F7364300ECF472 /* GroupV2Protocol.swift in Sources */,
				C4744F70228ABF58003312D9 /* GroupInvitationProtocolMessages.swift in Sources */,
				C4744F6C228ABEBD003312D9 /* GroupInvitationProtocol.swift in Sources */,
				C4FF1695203D858E00A51E3F /* LinkBetweenProtocolInstances.swift in Sources */,
				C4EE4303201E927F00637081 /* ReceivedMessageDelegate.swift in Sources */,
				C461DAED210685D300A936FA /* ContactMutualIntroductionProtocol.swift in Sources */,
				C4BA68D82811851D008FC95E /* GroupV2SignatureReceived.swift in Sources */,
				C09DA07625F7BA1800CDCB5F /* KeycloakContactAdditionProtocolSteps.swift in Sources */,
				C4808C4F2361C93000BF98E5 /* TrustEstablishmentWithSASProtocolSteps.swift in Sources */,
				C461DAEF210688A100A936FA /* ContactMutualIntroductionProtocolSteps.swift in Sources */,
				C4224DD0243CB308008E43B8 /* FullRatchetProtocolSteps.swift in Sources */,
				C46C2D8827A4493D00525761 /* OneToOneContactInvitationProtocolMessages.swift in Sources */,
				C44686D726AD975700762CC8 /* TrustEstablishmentWithMutualScanProtocolMessagesSteps.swift in Sources */,
				C4C9E351203DC5CE0006932A /* ChildToParentProtocolMessageInputs.swift in Sources */,
				C4FDA72D228C383F0050B49F /* GroupManagementProtocol.swift in Sources */,
				C41F43E62840CF9400AE3E21 /* DownloadGroupV2PhotoProtocolStates.swift in Sources */,
				C417627221AD86FC008D2F29 /* ObvProtocolManagerDummy.swift in Sources */,
				C4D01443292FB18C0021940A /* OwnedIdentityDeletionProtocolStates.swift in Sources */,
				C0AFFDF4259E1F8600653FE9 /* DownloadGroupPhotoChildProtocolStates.swift in Sources */,
				C4A9F6E120DCF30D00306839 /* TrustEstablishmentProtocolStates.swift in Sources */,
				C486261525B9B3D800788B96 /* TrustEstablishmentCommitmentReceived.swift in Sources */,
				C488DD172028ADBF00B6B811 /* ConcreteProtocolInitialState.swift in Sources */,
				C48E16162791C15500A5CF9C /* DeviceCapabilitiesDiscoveryProtocolMessages.swift in Sources */,
				C4EF525422D363BE00B505B0 /* ContactManagementProtocolMessages.swift in Sources */,
				C49684142965A8A9002C34DE /* ContactOwnedIdentityDeletionSignatureReceived.swift in Sources */,
				C09DA07C25F7BA3000CDCB5F /* KeycloakContactAdditionProtocolStates.swift in Sources */,
				C4EF525022D362C500B505B0 /* ContactManagementProtocol.swift in Sources */,
				C4224DD2243CB313008E43B8 /* FullRatchetProtocolMessages.swift in Sources */,
				C475AC9928F09116000A3045 /* DeleteProtocolInstancesInAFinalStateOperation.swift in Sources */,
				C476934A2022230D008E2E28 /* ConcreteCryptoProtocol.swift in Sources */,
				C4FC8E2420E1396300467BE8 /* ChannelCreationWithContactDeviceProtocolMessages.swift in Sources */,
				C461DAF121068A5500A936FA /* ContactMutualIntroductionProtocolMessages.swift in Sources */,
				C0AFFDF1259E1F3B00653FE9 /* DownloadGroupPhotoChildProtocolMessages.swift in Sources */,
				C44687BF26ADBFF500762CC8 /* MutualScanSignatureReceived.swift in Sources */,
				C4A9F6E520DCFBA000306839 /* TrustEstablishmentProtocolSteps.swift in Sources */,
				C41F43EA28414D3500AE3E21 /* DownloadGroupV2PhotoProtocolSteps.swift in Sources */,
				C09DA07225F7B75D00CDCB5F /* KeycloakContactAdditionProtocol.swift in Sources */,
				C4EF525622D363C400B505B0 /* ContactManagementProtocolStates.swift in Sources */,
				C4808C532361C94000BF98E5 /* TrustEstablishmentWithSASProtocolStates.swift in Sources */,
				C4224DCE243CB2FF008E43B8 /* FullRatchetProtocol.swift in Sources */,
				C4AF0F012023A64B00E6C2FE /* ObvChannelProtocolMessageToSendGenerator.swift in Sources */,
				C48E16182791CE8D00A5CF9C /* DeviceCapabilitiesDiscoveryProtocolSteps.swift in Sources */,
				C4744F72228ABF5F003312D9 /* GroupInvitationProtocolStates.swift in Sources */,
				C46C2D8627A4492500525761 /* OneToOneContactInvitationProtocolSteps.swift in Sources */,
				C4A9F6E320DCF5B200306839 /* TrustEstablishmentProtocolMessages.swift in Sources */,
				C4CB7B8721FB09210010228A /* DownloadIdentityPhotoChildProtocolMessages.swift in Sources */,
				C48E160E2791C05B00A5CF9C /* DeviceCapabilitiesDiscoveryProtocol.swift in Sources */,
				C48E16142791C0E300A5CF9C /* DeviceCapabilitiesDiscoveryProtocolStates.swift in Sources */,
				C4FDA72F228C39950050B49F /* GroupManagementProtocolSteps.swift in Sources */,
				C4D0143F292FAF450021940A /* OwnedIdentityDeletionProtocol.swift in Sources */,
				C47693502022241A008E2E28 /* ConcreteProtocolStep.swift in Sources */,
				C4AF0F0F2023C9E300E6C2FE /* CoreProtocolMessage.swift in Sources */,
				C476934C2022233B008E2E28 /* ConcreteProtocolState.swift in Sources */,
				C4ACF736205A960800F44105 /* ProtocolStarterDelegate.swift in Sources */,
				C44686C826AD792000762CC8 /* TrustEstablishmentWithMutualScanProtocol.swift in Sources */,
				C4E9A6AE21FA206700DAD46F /* IdentityDetailsPublicationProtocolStates.swift in Sources */,
				C46C2D8A27A4495700525761 /* OneToOneContactInvitationProtocolStates.swift in Sources */,
				C09DA07925F7BA2400CDCB5F /* KeycloakContactAdditionProtocolMessages.swift in Sources */,
				C4D01441292FAFBA0021940A /* OwnedIdentityDeletionProtocolMessages.swift in Sources */,
				C4808C512361C93700BF98E5 /* TrustEstablishmentWithSASProtocolMessages.swift in Sources */,
				C4B8EA992216CC3500FA0BC7 /* ProtocolInstanceWaitingForContactUpgradeToOneToOne.swift in Sources */,
				C4CB7B8521FB091A0010228A /* DownloadIdentityPhotoChildProtocolSteps.swift in Sources */,
				C416509B27F7369300ECF472 /* GroupV2ProtocolSteps.swift in Sources */,
				C47693522022243F008E2E28 /* CryptoProtocolId.swift in Sources */,
				C4DCD993201B9B0B004FF917 /* ReceivedMessage.swift in Sources */,
				C4CB7B8921FB092A0010228A /* DownloadIdentityPhotoChildProtocolStates.swift in Sources */,
				C4FC8E2620E13DDA00467BE8 /* ChannelCreationWithContactDeviceProtocolSteps.swift in Sources */,
				C40B6E1520F8C77700DC18FA /* DeviceDiscoveryForRemoteIdentityProtocol.swift in Sources */,
				C4255A3025B586AF00DBDA39 /* ChannelCreationPingSignatureReceived.swift in Sources */,
				C416509F27F736A100ECF472 /* GroupV2ProtocolStates.swift in Sources */,
				C4FC8E2220E1348400467BE8 /* ChannelCreationWithContactDeviceProtocolStates.swift in Sources */,
			);
			runOnlyForDeploymentPostprocessing = 0;
		};
/* End PBXSourcesBuildPhase section */

/* Begin XCBuildConfiguration section */
		C4A75690201B643B00A7F1D1 /* Debug */ = {
			isa = XCBuildConfiguration;
			buildSettings = {
				ALWAYS_SEARCH_USER_PATHS = NO;
				CLANG_ANALYZER_NONNULL = YES;
				CLANG_ANALYZER_NUMBER_OBJECT_CONVERSION = YES_AGGRESSIVE;
				CLANG_CXX_LANGUAGE_STANDARD = "gnu++14";
				CLANG_CXX_LIBRARY = "libc++";
				CLANG_ENABLE_MODULES = YES;
				CLANG_ENABLE_OBJC_ARC = YES;
				CLANG_WARN_BLOCK_CAPTURE_AUTORELEASING = YES;
				CLANG_WARN_BOOL_CONVERSION = YES;
				CLANG_WARN_COMMA = YES;
				CLANG_WARN_CONSTANT_CONVERSION = YES;
				CLANG_WARN_DEPRECATED_OBJC_IMPLEMENTATIONS = YES;
				CLANG_WARN_DIRECT_OBJC_ISA_USAGE = YES_ERROR;
				CLANG_WARN_DOCUMENTATION_COMMENTS = YES;
				CLANG_WARN_EMPTY_BODY = YES;
				CLANG_WARN_ENUM_CONVERSION = YES;
				CLANG_WARN_INFINITE_RECURSION = YES;
				CLANG_WARN_INT_CONVERSION = YES;
				CLANG_WARN_NON_LITERAL_NULL_CONVERSION = YES;
				CLANG_WARN_OBJC_IMPLICIT_RETAIN_SELF = YES;
				CLANG_WARN_OBJC_LITERAL_CONVERSION = YES;
				CLANG_WARN_OBJC_ROOT_CLASS = YES_ERROR;
				CLANG_WARN_QUOTED_INCLUDE_IN_FRAMEWORK_HEADER = YES;
				CLANG_WARN_RANGE_LOOP_ANALYSIS = YES;
				CLANG_WARN_STRICT_PROTOTYPES = YES;
				CLANG_WARN_SUSPICIOUS_MOVE = YES;
				CLANG_WARN_UNGUARDED_AVAILABILITY = YES_AGGRESSIVE;
				CLANG_WARN_UNREACHABLE_CODE = YES;
				CLANG_WARN__DUPLICATE_METHOD_MATCH = YES;
				CODE_SIGN_IDENTITY = "iPhone Developer";
				COPY_PHASE_STRIP = NO;
				CURRENT_PROJECT_VERSION = 1;
				DEBUG_INFORMATION_FORMAT = dwarf;
				ENABLE_STRICT_OBJC_MSGSEND = YES;
				ENABLE_TESTABILITY = YES;
				GCC_C_LANGUAGE_STANDARD = gnu11;
				GCC_DYNAMIC_NO_PIC = NO;
				GCC_NO_COMMON_BLOCKS = YES;
				GCC_OPTIMIZATION_LEVEL = 0;
				GCC_PREPROCESSOR_DEFINITIONS = (
					"DEBUG=1",
					"$(inherited)",
				);
				GCC_WARN_64_TO_32_BIT_CONVERSION = YES;
				GCC_WARN_ABOUT_RETURN_TYPE = YES_ERROR;
				GCC_WARN_UNDECLARED_SELECTOR = YES;
				GCC_WARN_UNINITIALIZED_AUTOS = YES_AGGRESSIVE;
				GCC_WARN_UNUSED_FUNCTION = YES;
				GCC_WARN_UNUSED_VARIABLE = YES;
				IPHONEOS_DEPLOYMENT_TARGET = 13.0;
				MTL_ENABLE_DEBUG_INFO = YES;
				ONLY_ACTIVE_ARCH = YES;
				SDKROOT = iphoneos;
				SWIFT_ACTIVE_COMPILATION_CONDITIONS = DEBUG;
				SWIFT_OPTIMIZATION_LEVEL = "-Onone";
				VERSIONING_SYSTEM = "apple-generic";
				VERSION_INFO_PREFIX = "";
			};
			name = Debug;
		};
		C4A75691201B643B00A7F1D1 /* Release */ = {
			isa = XCBuildConfiguration;
			buildSettings = {
				ALWAYS_SEARCH_USER_PATHS = NO;
				CLANG_ANALYZER_NONNULL = YES;
				CLANG_ANALYZER_NUMBER_OBJECT_CONVERSION = YES_AGGRESSIVE;
				CLANG_CXX_LANGUAGE_STANDARD = "gnu++14";
				CLANG_CXX_LIBRARY = "libc++";
				CLANG_ENABLE_MODULES = YES;
				CLANG_ENABLE_OBJC_ARC = YES;
				CLANG_WARN_BLOCK_CAPTURE_AUTORELEASING = YES;
				CLANG_WARN_BOOL_CONVERSION = YES;
				CLANG_WARN_COMMA = YES;
				CLANG_WARN_CONSTANT_CONVERSION = YES;
				CLANG_WARN_DEPRECATED_OBJC_IMPLEMENTATIONS = YES;
				CLANG_WARN_DIRECT_OBJC_ISA_USAGE = YES_ERROR;
				CLANG_WARN_DOCUMENTATION_COMMENTS = YES;
				CLANG_WARN_EMPTY_BODY = YES;
				CLANG_WARN_ENUM_CONVERSION = YES;
				CLANG_WARN_INFINITE_RECURSION = YES;
				CLANG_WARN_INT_CONVERSION = YES;
				CLANG_WARN_NON_LITERAL_NULL_CONVERSION = YES;
				CLANG_WARN_OBJC_IMPLICIT_RETAIN_SELF = YES;
				CLANG_WARN_OBJC_LITERAL_CONVERSION = YES;
				CLANG_WARN_OBJC_ROOT_CLASS = YES_ERROR;
				CLANG_WARN_QUOTED_INCLUDE_IN_FRAMEWORK_HEADER = YES;
				CLANG_WARN_RANGE_LOOP_ANALYSIS = YES;
				CLANG_WARN_STRICT_PROTOTYPES = YES;
				CLANG_WARN_SUSPICIOUS_MOVE = YES;
				CLANG_WARN_UNGUARDED_AVAILABILITY = YES_AGGRESSIVE;
				CLANG_WARN_UNREACHABLE_CODE = YES;
				CLANG_WARN__DUPLICATE_METHOD_MATCH = YES;
				CODE_SIGN_IDENTITY = "iPhone Developer";
				COPY_PHASE_STRIP = NO;
				CURRENT_PROJECT_VERSION = 1;
				DEBUG_INFORMATION_FORMAT = "dwarf-with-dsym";
				ENABLE_NS_ASSERTIONS = NO;
				ENABLE_STRICT_OBJC_MSGSEND = YES;
				GCC_C_LANGUAGE_STANDARD = gnu11;
				GCC_NO_COMMON_BLOCKS = YES;
				GCC_WARN_64_TO_32_BIT_CONVERSION = YES;
				GCC_WARN_ABOUT_RETURN_TYPE = YES_ERROR;
				GCC_WARN_UNDECLARED_SELECTOR = YES;
				GCC_WARN_UNINITIALIZED_AUTOS = YES_AGGRESSIVE;
				GCC_WARN_UNUSED_FUNCTION = YES;
				GCC_WARN_UNUSED_VARIABLE = YES;
				IPHONEOS_DEPLOYMENT_TARGET = 13.0;
				MTL_ENABLE_DEBUG_INFO = NO;
				SDKROOT = iphoneos;
				SWIFT_COMPILATION_MODE = wholemodule;
				SWIFT_OPTIMIZATION_LEVEL = "-O";
				VALIDATE_PRODUCT = YES;
				VERSIONING_SYSTEM = "apple-generic";
				VERSION_INFO_PREFIX = "";
			};
			name = Release;
		};
		C4A75693201B643B00A7F1D1 /* Debug */ = {
			isa = XCBuildConfiguration;
			buildSettings = {
				APPLICATION_EXTENSION_API_ONLY = YES;
				CLANG_ENABLE_MODULES = YES;
				CODE_SIGN_IDENTITY = "";
				CODE_SIGN_STYLE = Automatic;
				DEFINES_MODULE = YES;
				DEVELOPMENT_TEAM = 4879F8N45X;
				DYLIB_COMPATIBILITY_VERSION = 1;
				DYLIB_CURRENT_VERSION = 1;
				DYLIB_INSTALL_NAME_BASE = "@rpath";
				INFOPLIST_FILE = ObvProtocolManager/Info.plist;
				INSTALL_PATH = "$(LOCAL_LIBRARY_DIR)/Frameworks";
				IPHONEOS_DEPLOYMENT_TARGET = 13.0;
				LD_RUNPATH_SEARCH_PATHS = (
					"$(inherited)",
					"@executable_path/Frameworks",
					"@loader_path/Frameworks",
				);
				PRODUCT_BUNDLE_IDENTIFIER = io.olvid.ObvProtocolManager;
				PRODUCT_NAME = "$(TARGET_NAME:c99extidentifier)";
				SKIP_INSTALL = YES;
				SWIFT_OPTIMIZATION_LEVEL = "-Onone";
				SWIFT_VERSION = 5.0;
				TARGETED_DEVICE_FAMILY = "1,2";
			};
			name = Debug;
		};
		C4A75694201B643B00A7F1D1 /* Release */ = {
			isa = XCBuildConfiguration;
			buildSettings = {
				APPLICATION_EXTENSION_API_ONLY = YES;
				CLANG_ENABLE_MODULES = YES;
				CODE_SIGN_IDENTITY = "";
				CODE_SIGN_STYLE = Automatic;
				DEFINES_MODULE = YES;
				DEVELOPMENT_TEAM = 4879F8N45X;
				DYLIB_COMPATIBILITY_VERSION = 1;
				DYLIB_CURRENT_VERSION = 1;
				DYLIB_INSTALL_NAME_BASE = "@rpath";
				INFOPLIST_FILE = ObvProtocolManager/Info.plist;
				INSTALL_PATH = "$(LOCAL_LIBRARY_DIR)/Frameworks";
				IPHONEOS_DEPLOYMENT_TARGET = 13.0;
				LD_RUNPATH_SEARCH_PATHS = (
					"$(inherited)",
					"@executable_path/Frameworks",
					"@loader_path/Frameworks",
				);
				PRODUCT_BUNDLE_IDENTIFIER = io.olvid.ObvProtocolManager;
				PRODUCT_NAME = "$(TARGET_NAME:c99extidentifier)";
				SKIP_INSTALL = YES;
				SWIFT_VERSION = 5.0;
				TARGETED_DEVICE_FAMILY = "1,2";
			};
			name = Release;
		};
/* End XCBuildConfiguration section */

/* Begin XCConfigurationList section */
		C4A75684201B643B00A7F1D1 /* Build configuration list for PBXProject "ObvProtocolManager" */ = {
			isa = XCConfigurationList;
			buildConfigurations = (
				C4A75690201B643B00A7F1D1 /* Debug */,
				C4A75691201B643B00A7F1D1 /* Release */,
			);
			defaultConfigurationIsVisible = 0;
			defaultConfigurationName = Release;
		};
		C4A75692201B643B00A7F1D1 /* Build configuration list for PBXNativeTarget "ObvProtocolManager" */ = {
			isa = XCConfigurationList;
			buildConfigurations = (
				C4A75693201B643B00A7F1D1 /* Debug */,
				C4A75694201B643B00A7F1D1 /* Release */,
			);
			defaultConfigurationIsVisible = 0;
			defaultConfigurationName = Release;
		};
/* End XCConfigurationList section */
	};
	rootObject = C4A75681201B643B00A7F1D1 /* Project object */;
}
