// !$*UTF8*$!
{
	archiveVersion = 1;
	classes = {
	};
	objectVersion = 56;
	objects = {

/* Begin PBXBuildFile section */
		C46088DB2AA916CF00D1E942 /* SimpleImageViewerViewController.swift in Sources */ = {isa = PBXBuildFile; fileRef = C46088DA2AA916CF00D1E942 /* SimpleImageViewerViewController.swift */; };
		C46088DD2AA916F700D1E942 /* ObvImageEditorViewController.swift in Sources */ = {isa = PBXBuildFile; fileRef = C46088DC2AA916F700D1E942 /* ObvImageEditorViewController.swift */; };
		C462DAFB2AA9163E008CBE9F /* AppDelegate.swift in Sources */ = {isa = PBXBuildFile; fileRef = C462DAFA2AA9163E008CBE9F /* AppDelegate.swift */; };
		C462DAFD2AA9163E008CBE9F /* SceneDelegate.swift in Sources */ = {isa = PBXBuildFile; fileRef = C462DAFC2AA9163E008CBE9F /* SceneDelegate.swift */; };
		C462DAFF2AA9163E008CBE9F /* ViewController.swift in Sources */ = {isa = PBXBuildFile; fileRef = C462DAFE2AA9163E008CBE9F /* ViewController.swift */; };
		C462DB022AA9163E008CBE9F /* Main.storyboard in Resources */ = {isa = PBXBuildFile; fileRef = C462DB002AA9163E008CBE9F /* Main.storyboard */; };
		C462DB042AA9163F008CBE9F /* Assets.xcassets in Resources */ = {isa = PBXBuildFile; fileRef = C462DB032AA9163F008CBE9F /* Assets.xcassets */; };
		C462DB072AA9163F008CBE9F /* LaunchScreen.storyboard in Resources */ = {isa = PBXBuildFile; fileRef = C462DB052AA9163F008CBE9F /* LaunchScreen.storyboard */; };
/* End PBXBuildFile section */

/* Begin PBXFileReference section */
		C46088DA2AA916CF00D1E942 /* SimpleImageViewerViewController.swift */ = {isa = PBXFileReference; fileEncoding = 4; lastKnownFileType = sourcecode.swift; path = SimpleImageViewerViewController.swift; sourceTree = "<group>"; };
		C46088DC2AA916F700D1E942 /* ObvImageEditorViewController.swift */ = {isa = PBXFileReference; fileEncoding = 4; lastKnownFileType = sourcecode.swift; name = ObvImageEditorViewController.swift; path = ../../Sources/ObvImageEditorViewController.swift; sourceTree = "<group>"; };
		C462DAF72AA9163E008CBE9F /* ObvImageEditorViewControllerExample.app */ = {isa = PBXFileReference; explicitFileType = wrapper.application; includeInIndex = 0; path = ObvImageEditorViewControllerExample.app; sourceTree = BUILT_PRODUCTS_DIR; };
		C462DAFA2AA9163E008CBE9F /* AppDelegate.swift */ = {isa = PBXFileReference; lastKnownFileType = sourcecode.swift; path = AppDelegate.swift; sourceTree = "<group>"; };
		C462DAFC2AA9163E008CBE9F /* SceneDelegate.swift */ = {isa = PBXFileReference; lastKnownFileType = sourcecode.swift; path = SceneDelegate.swift; sourceTree = "<group>"; };
		C462DAFE2AA9163E008CBE9F /* ViewController.swift */ = {isa = PBXFileReference; lastKnownFileType = sourcecode.swift; path = ViewController.swift; sourceTree = "<group>"; };
		C462DB012AA9163E008CBE9F /* Base */ = {isa = PBXFileReference; lastKnownFileType = file.storyboard; name = Base; path = Base.lproj/Main.storyboard; sourceTree = "<group>"; };
		C462DB032AA9163F008CBE9F /* Assets.xcassets */ = {isa = PBXFileReference; lastKnownFileType = folder.assetcatalog; path = Assets.xcassets; sourceTree = "<group>"; };
		C462DB062AA9163F008CBE9F /* Base */ = {isa = PBXFileReference; lastKnownFileType = file.storyboard; name = Base; path = Base.lproj/LaunchScreen.storyboard; sourceTree = "<group>"; };
		C462DB082AA9163F008CBE9F /* Info.plist */ = {isa = PBXFileReference; lastKnownFileType = text.plist.xml; path = Info.plist; sourceTree = "<group>"; };
/* End PBXFileReference section */

/* Begin PBXFrameworksBuildPhase section */
		C462DAF42AA9163E008CBE9F /* Frameworks */ = {
			isa = PBXFrameworksBuildPhase;
			buildActionMask = 2147483647;
			files = (
			);
			runOnlyForDeploymentPostprocessing = 0;
		};
/* End PBXFrameworksBuildPhase section */

/* Begin PBXGroup section */
		C462DAEE2AA9163E008CBE9F = {
			isa = PBXGroup;
			children = (
				C46088DC2AA916F700D1E942 /* ObvImageEditorViewController.swift */,
				C462DAF92AA9163E008CBE9F /* ObvImageEditorViewControllerExample */,
				C462DAF82AA9163E008CBE9F /* Products */,
			);
			sourceTree = "<group>";
		};
		C462DAF82AA9163E008CBE9F /* Products */ = {
			isa = PBXGroup;
			children = (
				C462DAF72AA9163E008CBE9F /* ObvImageEditorViewControllerExample.app */,
			);
			name = Products;
			sourceTree = "<group>";
		};
		C462DAF92AA9163E008CBE9F /* ObvImageEditorViewControllerExample */ = {
			isa = PBXGroup;
			children = (
				C46088DA2AA916CF00D1E942 /* SimpleImageViewerViewController.swift */,
				C462DAFA2AA9163E008CBE9F /* AppDelegate.swift */,
				C462DAFC2AA9163E008CBE9F /* SceneDelegate.swift */,
				C462DAFE2AA9163E008CBE9F /* ViewController.swift */,
				C462DB002AA9163E008CBE9F /* Main.storyboard */,
				C462DB032AA9163F008CBE9F /* Assets.xcassets */,
				C462DB052AA9163F008CBE9F /* LaunchScreen.storyboard */,
				C462DB082AA9163F008CBE9F /* Info.plist */,
			);
			path = ObvImageEditorViewControllerExample;
			sourceTree = "<group>";
		};
/* End PBXGroup section */

/* Begin PBXNativeTarget section */
		C462DAF62AA9163E008CBE9F /* ObvImageEditorViewControllerExample */ = {
			isa = PBXNativeTarget;
			buildConfigurationList = C462DB0B2AA9163F008CBE9F /* Build configuration list for PBXNativeTarget "ObvImageEditorViewControllerExample" */;
			buildPhases = (
				C462DAF32AA9163E008CBE9F /* Sources */,
				C462DAF42AA9163E008CBE9F /* Frameworks */,
				C462DAF52AA9163E008CBE9F /* Resources */,
			);
			buildRules = (
			);
			dependencies = (
			);
			name = ObvImageEditorViewControllerExample;
			productName = ObvImageEditorViewControllerExample;
			productReference = C462DAF72AA9163E008CBE9F /* ObvImageEditorViewControllerExample.app */;
			productType = "com.apple.product-type.application";
		};
/* End PBXNativeTarget section */

/* Begin PBXProject section */
		C462DAEF2AA9163E008CBE9F /* Project object */ = {
			isa = PBXProject;
			attributes = {
				BuildIndependentTargetsInParallel = 1;
				LastSwiftUpdateCheck = 1430;
				LastUpgradeCheck = 1430;
				TargetAttributes = {
					C462DAF62AA9163E008CBE9F = {
						CreatedOnToolsVersion = 14.3.1;
					};
				};
			};
			buildConfigurationList = C462DAF22AA9163E008CBE9F /* Build configuration list for PBXProject "ObvImageEditorViewControllerExample" */;
			compatibilityVersion = "Xcode 14.0";
			developmentRegion = en;
			hasScannedForEncodings = 0;
			knownRegions = (
				en,
				Base,
			);
			mainGroup = C462DAEE2AA9163E008CBE9F;
			productRefGroup = C462DAF82AA9163E008CBE9F /* Products */;
			projectDirPath = "";
			projectRoot = "";
			targets = (
				C462DAF62AA9163E008CBE9F /* ObvImageEditorViewControllerExample */,
			);
		};
/* End PBXProject section */

/* Begin PBXResourcesBuildPhase section */
		C462DAF52AA9163E008CBE9F /* Resources */ = {
			isa = PBXResourcesBuildPhase;
			buildActionMask = 2147483647;
			files = (
				C462DB072AA9163F008CBE9F /* LaunchScreen.storyboard in Resources */,
				C462DB042AA9163F008CBE9F /* Assets.xcassets in Resources */,
				C462DB022AA9163E008CBE9F /* Main.storyboard in Resources */,
			);
			runOnlyForDeploymentPostprocessing = 0;
		};
/* End PBXResourcesBuildPhase section */

/* Begin PBXSourcesBuildPhase section */
		C462DAF32AA9163E008CBE9F /* Sources */ = {
			isa = PBXSourcesBuildPhase;
			buildActionMask = 2147483647;
			files = (
				C46088DD2AA916F700D1E942 /* ObvImageEditorViewController.swift in Sources */,
				C462DAFF2AA9163E008CBE9F /* ViewController.swift in Sources */,
				C462DAFB2AA9163E008CBE9F /* AppDelegate.swift in Sources */,
				C46088DB2AA916CF00D1E942 /* SimpleImageViewerViewController.swift in Sources */,
				C462DAFD2AA9163E008CBE9F /* SceneDelegate.swift in Sources */,
			);
			runOnlyForDeploymentPostprocessing = 0;
		};
/* End PBXSourcesBuildPhase section */

/* Begin PBXVariantGroup section */
		C462DB002AA9163E008CBE9F /* Main.storyboard */ = {
			isa = PBXVariantGroup;
			children = (
				C462DB012AA9163E008CBE9F /* Base */,
			);
			name = Main.storyboard;
			sourceTree = "<group>";
		};
		C462DB052AA9163F008CBE9F /* LaunchScreen.storyboard */ = {
			isa = PBXVariantGroup;
			children = (
				C462DB062AA9163F008CBE9F /* Base */,
			);
			name = LaunchScreen.storyboard;
			sourceTree = "<group>";
		};
/* End PBXVariantGroup section */

/* Begin XCBuildConfiguration section */
		C462DB092AA9163F008CBE9F /* Debug */ = {
			isa = XCBuildConfiguration;
			buildSettings = {
				ALWAYS_SEARCH_USER_PATHS = NO;
				CLANG_ANALYZER_NONNULL = YES;
				CLANG_ANALYZER_NUMBER_OBJECT_CONVERSION = YES_AGGRESSIVE;
				CLANG_CXX_LANGUAGE_STANDARD = "gnu++20";
				CLANG_ENABLE_MODULES = YES;
				CLANG_ENABLE_OBJC_ARC = YES;
				CLANG_ENABLE_OBJC_WEAK = YES;
				CLANG_WARN_BLOCK_CAPTURE_AUTORELEASING = YES;
				CLANG_WARN_BOOL_CONVERSION = YES;
				CLANG_WARN_COMMA = YES;
				CLANG_WARN_CONSTANT_CONVERSION = YES;
				CLANG_WARN_DEPRECATED_OBJC_IMPLEMENTATIONS = YES;
				CLANG_WARN_DIRECT_OBJC_ISA_USAGE = YES_ERROR;
				CLANG_WARN_DOCUMENTATION_COMMENTS = YES;
				CLANG_WARN_EMPTY_BODY = YES;
				CLANG_WARN_ENUM_CONVERSION = YES;
				CLANG_WARN_INFINITE_RECURSION = YES;
				CLANG_WARN_INT_CONVERSION = YES;
				CLANG_WARN_NON_LITERAL_NULL_CONVERSION = YES;
				CLANG_WARN_OBJC_IMPLICIT_RETAIN_SELF = YES;
				CLANG_WARN_OBJC_LITERAL_CONVERSION = YES;
				CLANG_WARN_OBJC_ROOT_CLASS = YES_ERROR;
				CLANG_WARN_QUOTED_INCLUDE_IN_FRAMEWORK_HEADER = YES;
				CLANG_WARN_RANGE_LOOP_ANALYSIS = YES;
				CLANG_WARN_STRICT_PROTOTYPES = YES;
				CLANG_WARN_SUSPICIOUS_MOVE = YES;
				CLANG_WARN_UNGUARDED_AVAILABILITY = YES_AGGRESSIVE;
				CLANG_WARN_UNREACHABLE_CODE = YES;
				CLANG_WARN__DUPLICATE_METHOD_MATCH = YES;
				COPY_PHASE_STRIP = NO;
				DEBUG_INFORMATION_FORMAT = dwarf;
				ENABLE_STRICT_OBJC_MSGSEND = YES;
				ENABLE_TESTABILITY = YES;
				GCC_C_LANGUAGE_STANDARD = gnu11;
				GCC_DYNAMIC_NO_PIC = NO;
				GCC_NO_COMMON_BLOCKS = YES;
				GCC_OPTIMIZATION_LEVEL = 0;
				GCC_PREPROCESSOR_DEFINITIONS = (
					"DEBUG=1",
					"$(inherited)",
				);
				GCC_WARN_64_TO_32_BIT_CONVERSION = YES;
				GCC_WARN_ABOUT_RETURN_TYPE = YES_ERROR;
				GCC_WARN_UNDECLARED_SELECTOR = YES;
				GCC_WARN_UNINITIALIZED_AUTOS = YES_AGGRESSIVE;
				GCC_WARN_UNUSED_FUNCTION = YES;
				GCC_WARN_UNUSED_VARIABLE = YES;
				IPHONEOS_DEPLOYMENT_TARGET = 16.4;
				MTL_ENABLE_DEBUG_INFO = INCLUDE_SOURCE;
				MTL_FAST_MATH = YES;
				ONLY_ACTIVE_ARCH = YES;
				SDKROOT = iphoneos;
				SWIFT_ACTIVE_COMPILATION_CONDITIONS = DEBUG;
				SWIFT_OPTIMIZATION_LEVEL = "-Onone";
			};
			name = Debug;
		};
		C462DB0A2AA9163F008CBE9F /* Release */ = {
			isa = XCBuildConfiguration;
			buildSettings = {
				ALWAYS_SEARCH_USER_PATHS = NO;
				CLANG_ANALYZER_NONNULL = YES;
				CLANG_ANALYZER_NUMBER_OBJECT_CONVERSION = YES_AGGRESSIVE;
				CLANG_CXX_LANGUAGE_STANDARD = "gnu++20";
				CLANG_ENABLE_MODULES = YES;
				CLANG_ENABLE_OBJC_ARC = YES;
				CLANG_ENABLE_OBJC_WEAK = YES;
				CLANG_WARN_BLOCK_CAPTURE_AUTORELEASING = YES;
				CLANG_WARN_BOOL_CONVERSION = YES;
				CLANG_WARN_COMMA = YES;
				CLANG_WARN_CONSTANT_CONVERSION = YES;
				CLANG_WARN_DEPRECATED_OBJC_IMPLEMENTATIONS = YES;
				CLANG_WARN_DIRECT_OBJC_ISA_USAGE = YES_ERROR;
				CLANG_WARN_DOCUMENTATION_COMMENTS = YES;
				CLANG_WARN_EMPTY_BODY = YES;
				CLANG_WARN_ENUM_CONVERSION = YES;
				CLANG_WARN_INFINITE_RECURSION = YES;
				CLANG_WARN_INT_CONVERSION = YES;
				CLANG_WARN_NON_LITERAL_NULL_CONVERSION = YES;
				CLANG_WARN_OBJC_IMPLICIT_RETAIN_SELF = YES;
				CLANG_WARN_OBJC_LITERAL_CONVERSION = YES;
				CLANG_WARN_OBJC_ROOT_CLASS = YES_ERROR;
				CLANG_WARN_QUOTED_INCLUDE_IN_FRAMEWORK_HEADER = YES;
				CLANG_WARN_RANGE_LOOP_ANALYSIS = YES;
				CLANG_WARN_STRICT_PROTOTYPES = YES;
				CLANG_WARN_SUSPICIOUS_MOVE = YES;
				CLANG_WARN_UNGUARDED_AVAILABILITY = YES_AGGRESSIVE;
				CLANG_WARN_UNREACHABLE_CODE = YES;
				CLANG_WARN__DUPLICATE_METHOD_MATCH = YES;
				COPY_PHASE_STRIP = NO;
				DEBUG_INFORMATION_FORMAT = "dwarf-with-dsym";
				ENABLE_NS_ASSERTIONS = NO;
				ENABLE_STRICT_OBJC_MSGSEND = YES;
				GCC_C_LANGUAGE_STANDARD = gnu11;
				GCC_NO_COMMON_BLOCKS = YES;
				GCC_WARN_64_TO_32_BIT_CONVERSION = YES;
				GCC_WARN_ABOUT_RETURN_TYPE = YES_ERROR;
				GCC_WARN_UNDECLARED_SELECTOR = YES;
				GCC_WARN_UNINITIALIZED_AUTOS = YES_AGGRESSIVE;
				GCC_WARN_UNUSED_FUNCTION = YES;
				GCC_WARN_UNUSED_VARIABLE = YES;
				IPHONEOS_DEPLOYMENT_TARGET = 16.4;
				MTL_ENABLE_DEBUG_INFO = NO;
				MTL_FAST_MATH = YES;
				SDKROOT = iphoneos;
				SWIFT_COMPILATION_MODE = wholemodule;
				SWIFT_OPTIMIZATION_LEVEL = "-O";
				VALIDATE_PRODUCT = YES;
			};
			name = Release;
		};
		C462DB0C2AA9163F008CBE9F /* Debug */ = {
			isa = XCBuildConfiguration;
			buildSettings = {
				ASSETCATALOG_COMPILER_APPICON_NAME = AppIcon;
				ASSETCATALOG_COMPILER_GLOBAL_ACCENT_COLOR_NAME = AccentColor;
				CODE_SIGN_STYLE = Automatic;
				CURRENT_PROJECT_VERSION = 1;
				DEVELOPMENT_TEAM = VMDQ4PU27W;
				GENERATE_INFOPLIST_FILE = YES;
				INFOPLIST_FILE = ObvImageEditorViewControllerExample/Info.plist;
				INFOPLIST_KEY_UIApplicationSupportsIndirectInputEvents = YES;
				INFOPLIST_KEY_UILaunchStoryboardName = LaunchScreen;
				INFOPLIST_KEY_UIMainStoryboardFile = Main;
				INFOPLIST_KEY_UISupportedInterfaceOrientations_iPad = "UIInterfaceOrientationPortrait UIInterfaceOrientationPortraitUpsideDown UIInterfaceOrientationLandscapeLeft UIInterfaceOrientationLandscapeRight";
				INFOPLIST_KEY_UISupportedInterfaceOrientations_iPhone = "UIInterfaceOrientationPortrait UIInterfaceOrientationLandscapeLeft UIInterfaceOrientationLandscapeRight";
				LD_RUNPATH_SEARCH_PATHS = (
					"$(inherited)",
					"@executable_path/Frameworks",
				);
				MARKETING_VERSION = 1.0;
				PRODUCT_BUNDLE_IDENTIFIER = io.olvid.ObvImageEditorViewControllerExample;
				PRODUCT_NAME = "$(TARGET_NAME)";
				SWIFT_EMIT_LOC_STRINGS = YES;
				SWIFT_VERSION = 5.0;
				TARGETED_DEVICE_FAMILY = "1,2";
			};
			name = Debug;
		};
		C462DB0D2AA9163F008CBE9F /* Release */ = {
			isa = XCBuildConfiguration;
			buildSettings = {
				ASSETCATALOG_COMPILER_APPICON_NAME = AppIcon;
				ASSETCATALOG_COMPILER_GLOBAL_ACCENT_COLOR_NAME = AccentColor;
				CODE_SIGN_STYLE = Automatic;
				CURRENT_PROJECT_VERSION = 1;
				DEVELOPMENT_TEAM = VMDQ4PU27W;
				GENERATE_INFOPLIST_FILE = YES;
				INFOPLIST_FILE = ObvImageEditorViewControllerExample/Info.plist;
				INFOPLIST_KEY_UIApplicationSupportsIndirectInputEvents = YES;
				INFOPLIST_KEY_UILaunchStoryboardName = LaunchScreen;
				INFOPLIST_KEY_UIMainStoryboardFile = Main;
				INFOPLIST_KEY_UISupportedInterfaceOrientations_iPad = "UIInterfaceOrientationPortrait UIInterfaceOrientationPortraitUpsideDown UIInterfaceOrientationLandscapeLeft UIInterfaceOrientationLandscapeRight";
				INFOPLIST_KEY_UISupportedInterfaceOrientations_iPhone = "UIInterfaceOrientationPortrait UIInterfaceOrientationLandscapeLeft UIInterfaceOrientationLandscapeRight";
				LD_RUNPATH_SEARCH_PATHS = (
					"$(inherited)",
					"@executable_path/Frameworks",
				);
				MARKETING_VERSION = 1.0;
				PRODUCT_BUNDLE_IDENTIFIER = io.olvid.ObvImageEditorViewControllerExample;
				PRODUCT_NAME = "$(TARGET_NAME)";
				SWIFT_EMIT_LOC_STRINGS = YES;
				SWIFT_VERSION = 5.0;
				TARGETED_DEVICE_FAMILY = "1,2";
			};
			name = Release;
		};
/* End XCBuildConfiguration section */

/* Begin XCConfigurationList section */
		C462DAF22AA9163E008CBE9F /* Build configuration list for PBXProject "ObvImageEditorViewControllerExample" */ = {
			isa = XCConfigurationList;
			buildConfigurations = (
				C462DB092AA9163F008CBE9F /* Debug */,
				C462DB0A2AA9163F008CBE9F /* Release */,
			);
			defaultConfigurationIsVisible = 0;
			defaultConfigurationName = Release;
		};
		C462DB0B2AA9163F008CBE9F /* Build configuration list for PBXNativeTarget "ObvImageEditorViewControllerExample" */ = {
			isa = XCConfigurationList;
			buildConfigurations = (
				C462DB0C2AA9163F008CBE9F /* Debug */,
				C462DB0D2AA9163F008CBE9F /* Release */,
			);
			defaultConfigurationIsVisible = 0;
			defaultConfigurationName = Release;
		};
/* End XCConfigurationList section */
	};
	rootObject = C462DAEF2AA9163E008CBE9F /* Project object */;
}
