// !$*UTF8*$!
{
	archiveVersion = 1;
	classes = {
	};
	objectVersion = 54;
	objects = {

/* Begin PBXBuildFile section */
		C4051775250BD94F00B660DC /* MarkAttachmentAsCancelledOperation.swift in Sources */ = {isa = PBXBuildFile; fileRef = C4051774250BD94F00B660DC /* MarkAttachmentAsCancelledOperation.swift */; };
		C40A354B24701C3700F539E7 /* BootstrapWorker.swift in Sources */ = {isa = PBXBuildFile; fileRef = C40A354A24701C3700F539E7 /* BootstrapWorker.swift */; };
		C4175AF02177E84300B7213F /* UploadAttachmentChunksCoordinator.swift in Sources */ = {isa = PBXBuildFile; fileRef = C4175AEF2177E84300B7213F /* UploadAttachmentChunksCoordinator.swift */; };
		C420071721DD87350084E04C /* ObvNetworkSendManagerImplementationDummy.swift in Sources */ = {isa = PBXBuildFile; fileRef = C420071621DD87350084E04C /* ObvNetworkSendManagerImplementationDummy.swift */; };
		C428A2181FA36BDA002F1538 /* ObvNetworkSendManager.h in Headers */ = {isa = PBXBuildFile; fileRef = C428A20A1FA36BDA002F1538 /* ObvNetworkSendManager.h */; settings = {ATTRIBUTES = (Public, ); }; };
		C428A2371FA38598002F1538 /* OutboxMessage.swift in Sources */ = {isa = PBXBuildFile; fileRef = C428A2361FA38598002F1538 /* OutboxMessage.swift */; };
		C434EDF8248C4C4B002BBB4C /* FinalizePostAttachmentUploadRequestOperation.swift in Sources */ = {isa = PBXBuildFile; fileRef = C434EDF7248C4C4B002BBB4C /* FinalizePostAttachmentUploadRequestOperation.swift */; };
		C43E2A9C26A7172300982C5E /* OlvidUtils.framework in Frameworks */ = {isa = PBXBuildFile; fileRef = C43E2A9B26A7171C00982C5E /* OlvidUtils.framework */; };
		C441D5DD24A3BE3000B2E3B0 /* DeletedOutboxMessage.swift in Sources */ = {isa = PBXBuildFile; fileRef = C441D5DC24A3BE3000B2E3B0 /* DeletedOutboxMessage.swift */; };
		C446B9212493D147003E0151 /* InternalNotification.swift in Sources */ = {isa = PBXBuildFile; fileRef = C446B9202493D147003E0151 /* InternalNotification.swift */; };
		C457060420C132BF00AC9E23 /* NetworkSendFlowCoordinator.swift in Sources */ = {isa = PBXBuildFile; fileRef = C457060320C132BF00AC9E23 /* NetworkSendFlowCoordinator.swift */; };
		C457060E20C132DC00AC9E23 /* NetworkSendFlowDelegate.swift in Sources */ = {isa = PBXBuildFile; fileRef = C457060D20C132DC00AC9E23 /* NetworkSendFlowDelegate.swift */; };
		C468891A250C248A00EE0754 /* CancelAllTasksAndInvalidateURLSessionOperation.swift in Sources */ = {isa = PBXBuildFile; fileRef = C4688919250C248A00EE0754 /* CancelAllTasksAndInvalidateURLSessionOperation.swift */; };
		C46EE39C200E0E9200A76F50 /* ObvNetworkSendDelegateManager.swift in Sources */ = {isa = PBXBuildFile; fileRef = C46EE39B200E0E9200A76F50 /* ObvNetworkSendDelegateManager.swift */; };
		C48535812178983C0059A150 /* UploadAttachmentChunksDelegate.swift in Sources */ = {isa = PBXBuildFile; fileRef = C48535802178983C0059A150 /* UploadAttachmentChunksDelegate.swift */; };
		C486DCA024902BCC000B9597 /* RecreatingURLSessionForCallingUIKitCompletionHandlerOperation.swift in Sources */ = {isa = PBXBuildFile; fileRef = C486DC9F24902BCC000B9597 /* RecreatingURLSessionForCallingUIKitCompletionHandlerOperation.swift */; };
		C48FE95722E9FE8700CC6BBE /* FailedFetchAttemptsCounterManager.swift in Sources */ = {isa = PBXBuildFile; fileRef = C48FE95622E9FE8700CC6BBE /* FailedFetchAttemptsCounterManager.swift */; };
		C494A3981FE43833004F248D /* ObvNetworkSendManagerImplementation.swift in Sources */ = {isa = PBXBuildFile; fileRef = C494A3971FE43833004F248D /* ObvNetworkSendManagerImplementation.swift */; };
		C49D930B20F50910006DF0DD /* UploadMessageAndGetUidsCoordinator.swift in Sources */ = {isa = PBXBuildFile; fileRef = C49D930A20F50910006DF0DD /* UploadMessageAndGetUidsCoordinator.swift */; };
		C49D931520F50B00006DF0DD /* UploadMessageAndGetUidDelegate.swift in Sources */ = {isa = PBXBuildFile; fileRef = C49D931420F50B00006DF0DD /* UploadMessageAndGetUidDelegate.swift */; };
		C4A1690920C42C6B00DC605C /* TryToDeleteMessageAndAttachmentsCoordinator.swift in Sources */ = {isa = PBXBuildFile; fileRef = C4A1690820C42C6B00DC605C /* TryToDeleteMessageAndAttachmentsCoordinator.swift */; };
		C4A1691320C42C9A00DC605C /* TryToDeleteMessageAndAttachmentsDelegate.swift in Sources */ = {isa = PBXBuildFile; fileRef = C4A1691220C42C9A00DC605C /* TryToDeleteMessageAndAttachmentsDelegate.swift */; };
		C4AC7C831FA3FE2500E2AEC3 /* OutboxAttachment.swift in Sources */ = {isa = PBXBuildFile; fileRef = C4AC7C821FA3FE2500E2AEC3 /* OutboxAttachment.swift */; };
		C4AC7C8B1FA3FF5F00E2AEC3 /* MessageHeader.swift in Sources */ = {isa = PBXBuildFile; fileRef = C4AC7C8A1FA3FF5F00E2AEC3 /* MessageHeader.swift */; };
		C4B4C272249138ED00431673 /* ManuallyAcknowledgeChunksThenInvalidateAndCancelAndDeleteOutboxAttachmentSessionOperation.swift in Sources */ = {isa = PBXBuildFile; fileRef = C4B4C271249138ED00431673 /* ManuallyAcknowledgeChunksThenInvalidateAndCancelAndDeleteOutboxAttachmentSessionOperation.swift */; };
		C4B910E123DA4AC100949EF6 /* SendRetryManager.swift in Sources */ = {isa = PBXBuildFile; fileRef = C4B910E023DA4AC100949EF6 /* SendRetryManager.swift */; };
		C4BEEDF222E5D3D400F01BAD /* DownloadPrivateURLsForAttachmentChunksUploadDelegate.swift in Sources */ = {isa = PBXBuildFile; fileRef = C4BEEDF122E5D3D400F01BAD /* DownloadPrivateURLsForAttachmentChunksUploadDelegate.swift */; };
		C4BF0D5D219F6C760042F9B8 /* ObvCrypto.framework in Frameworks */ = {isa = PBXBuildFile; fileRef = C4BF0D5C219F6C730042F9B8 /* ObvCrypto.framework */; };
		C4BF0D67219F6CAF0042F9B8 /* ObvServerInterface.framework in Frameworks */ = {isa = PBXBuildFile; fileRef = C4BF0D66219F6C9E0042F9B8 /* ObvServerInterface.framework */; };
		C4BF0D6F219F6CC20042F9B8 /* ObvOperation.framework in Frameworks */ = {isa = PBXBuildFile; fileRef = C4BF0D6E219F6CBF0042F9B8 /* ObvOperation.framework */; };
		C4BF0D79219F6CD30042F9B8 /* ObvMetaManager.framework in Frameworks */ = {isa = PBXBuildFile; fileRef = C4BF0D78219F6CD00042F9B8 /* ObvMetaManager.framework */; };
		C4C3780A248866CA00ACC141 /* OutboxAttachmentChunk.swift in Sources */ = {isa = PBXBuildFile; fileRef = C4C37809248866CA00ACC141 /* OutboxAttachmentChunk.swift */; };
		C4C62DF6248ADF7100287601 /* UploadAttachmentChunksSessionDelegate.swift in Sources */ = {isa = PBXBuildFile; fileRef = C4C62DF5248ADF7100287601 /* UploadAttachmentChunksSessionDelegate.swift */; };
		C4C62EB3248AFF0200287601 /* ReCreateURLSessionWithNewDelegateForAttachmentUploadOperation.swift in Sources */ = {isa = PBXBuildFile; fileRef = C4C62EB2248AFF0200287601 /* ReCreateURLSessionWithNewDelegateForAttachmentUploadOperation.swift */; };
		C4C62EB9248B05CB00287601 /* EncryptAttachmentChunkOperation.swift in Sources */ = {isa = PBXBuildFile; fileRef = C4C62EB8248B05CB00287601 /* EncryptAttachmentChunkOperation.swift */; };
		C4C62EBB248B0D9600287601 /* ResumeEncryptedChunkUploadTasksIfRequiredOperation.swift in Sources */ = {isa = PBXBuildFile; fileRef = C4C62EBA248B0D9600287601 /* ResumeEncryptedChunkUploadTasksIfRequiredOperation.swift */; };
		C4C62EE2248BC5DA00287601 /* OutboxAttachmentSession.swift in Sources */ = {isa = PBXBuildFile; fileRef = C4C62EE1248BC5DA00287601 /* OutboxAttachmentSession.swift */; };
		C4CA735E248D5E0700EB559B /* GetSignedURLsSessionDelegate.swift in Sources */ = {isa = PBXBuildFile; fileRef = C4CA735D248D5E0700EB559B /* GetSignedURLsSessionDelegate.swift */; };
		C4CA7377248D62C800EB559B /* DeletePreviousAttachmentSignedURLsOperation.swift in Sources */ = {isa = PBXBuildFile; fileRef = C4CA7376248D62C800EB559B /* DeletePreviousAttachmentSignedURLsOperation.swift */; };
		C4CA737B248D640C00EB559B /* ResumeTaskForGettingAttachmentSignedURLsOperation.swift in Sources */ = {isa = PBXBuildFile; fileRef = C4CA737A248D640C00EB559B /* ResumeTaskForGettingAttachmentSignedURLsOperation.swift */; };
		C4DD461525101C3600C4666E /* DeleteOutboxAttachmentSessionOperation.swift in Sources */ = {isa = PBXBuildFile; fileRef = C4DD461425101C3600C4666E /* DeleteOutboxAttachmentSessionOperation.swift */; };
		C4E9B8F724A9E6740075BAE6 /* QueryServerForAttachmentsProgressesSentByShareExtensionOperation.swift in Sources */ = {isa = PBXBuildFile; fileRef = C4E9B8F624A9E6740075BAE6 /* QueryServerForAttachmentsProgressesSentByShareExtensionOperation.swift */; };
/* End PBXBuildFile section */

/* Begin PBXContainerItemProxy section */
		C43E2A9A26A7171C00982C5E /* PBXContainerItemProxy */ = {
			isa = PBXContainerItemProxy;
			containerPortal = C43E2A9226A7171C00982C5E /* OlvidUtils.xcodeproj */;
			proxyType = 2;
			remoteGlobalIDString = C49AA9EE261F4A9100E055F9;
			remoteInfo = OlvidUtils;
		};
		C4BF0D5B219F6C730042F9B8 /* PBXContainerItemProxy */ = {
			isa = PBXContainerItemProxy;
			containerPortal = C4BF0D52219F6C730042F9B8 /* ObvCrypto.xcodeproj */;
			proxyType = 2;
			remoteGlobalIDString = C47BB4FA1F6952C900B6E189;
			remoteInfo = ObvCrypto;
		};
		C4BF0D65219F6C9E0042F9B8 /* PBXContainerItemProxy */ = {
			isa = PBXContainerItemProxy;
			containerPortal = C4BF0D5E219F6C9E0042F9B8 /* ObvServerInterface.xcodeproj */;
			proxyType = 2;
			remoteGlobalIDString = C4B0DB921FB343BA00136E8F;
			remoteInfo = ObvServerInterface;
		};
		C4BF0D6D219F6CBF0042F9B8 /* PBXContainerItemProxy */ = {
			isa = PBXContainerItemProxy;
			containerPortal = C4BF0D68219F6CBF0042F9B8 /* ObvOperation.xcodeproj */;
			proxyType = 2;
			remoteGlobalIDString = C4F0C8711F9F386E00EE88F4;
			remoteInfo = ObvOperation;
		};
		C4BF0D77219F6CD00042F9B8 /* PBXContainerItemProxy */ = {
			isa = PBXContainerItemProxy;
			containerPortal = C4BF0D70219F6CD00042F9B8 /* ObvMetaManager.xcodeproj */;
			proxyType = 2;
			remoteGlobalIDString = C4E76FE4200CEC600026D9A3;
			remoteInfo = ObvMetaManager;
		};
/* End PBXContainerItemProxy section */

/* Begin PBXFileReference section */
		C0B4A4F5276F5B2800816D8D /* .swiftlint.yml */ = {isa = PBXFileReference; lastKnownFileType = text.yaml; path = .swiftlint.yml; sourceTree = "<group>"; };
		C4051774250BD94F00B660DC /* MarkAttachmentAsCancelledOperation.swift */ = {isa = PBXFileReference; lastKnownFileType = sourcecode.swift; path = MarkAttachmentAsCancelledOperation.swift; sourceTree = "<group>"; };
		C40A354A24701C3700F539E7 /* BootstrapWorker.swift */ = {isa = PBXFileReference; lastKnownFileType = sourcecode.swift; path = BootstrapWorker.swift; sourceTree = "<group>"; };
		C4175AEF2177E84300B7213F /* UploadAttachmentChunksCoordinator.swift */ = {isa = PBXFileReference; lastKnownFileType = sourcecode.swift; path = UploadAttachmentChunksCoordinator.swift; sourceTree = "<group>"; };
		C420071621DD87350084E04C /* ObvNetworkSendManagerImplementationDummy.swift */ = {isa = PBXFileReference; lastKnownFileType = sourcecode.swift; path = ObvNetworkSendManagerImplementationDummy.swift; sourceTree = "<group>"; };
		C428A2071FA36BDA002F1538 /* ObvNetworkSendManager.framework */ = {isa = PBXFileReference; explicitFileType = wrapper.framework; includeInIndex = 0; path = ObvNetworkSendManager.framework; sourceTree = BUILT_PRODUCTS_DIR; };
		C428A20A1FA36BDA002F1538 /* ObvNetworkSendManager.h */ = {isa = PBXFileReference; lastKnownFileType = sourcecode.c.h; path = ObvNetworkSendManager.h; sourceTree = "<group>"; };
		C428A20B1FA36BDA002F1538 /* Info.plist */ = {isa = PBXFileReference; lastKnownFileType = text.plist.xml; path = Info.plist; sourceTree = "<group>"; };
		C428A2361FA38598002F1538 /* OutboxMessage.swift */ = {isa = PBXFileReference; lastKnownFileType = sourcecode.swift; path = OutboxMessage.swift; sourceTree = "<group>"; };
		C434EDF7248C4C4B002BBB4C /* FinalizePostAttachmentUploadRequestOperation.swift */ = {isa = PBXFileReference; lastKnownFileType = sourcecode.swift; path = FinalizePostAttachmentUploadRequestOperation.swift; sourceTree = "<group>"; };
		C43E2A9226A7171C00982C5E /* OlvidUtils.xcodeproj */ = {isa = PBXFileReference; lastKnownFileType = "wrapper.pb-project"; name = OlvidUtils.xcodeproj; path = ../../OlvidUtils/OlvidUtils.xcodeproj; sourceTree = "<group>"; };
		C441D5DC24A3BE3000B2E3B0 /* DeletedOutboxMessage.swift */ = {isa = PBXFileReference; lastKnownFileType = sourcecode.swift; path = DeletedOutboxMessage.swift; sourceTree = "<group>"; };
		C446B9202493D147003E0151 /* InternalNotification.swift */ = {isa = PBXFileReference; lastKnownFileType = sourcecode.swift; path = InternalNotification.swift; sourceTree = "<group>"; };
		C457060320C132BF00AC9E23 /* NetworkSendFlowCoordinator.swift */ = {isa = PBXFileReference; lastKnownFileType = sourcecode.swift; path = NetworkSendFlowCoordinator.swift; sourceTree = "<group>"; };
		C457060D20C132DC00AC9E23 /* NetworkSendFlowDelegate.swift */ = {isa = PBXFileReference; lastKnownFileType = sourcecode.swift; path = NetworkSendFlowDelegate.swift; sourceTree = "<group>"; };
		C4688919250C248A00EE0754 /* CancelAllTasksAndInvalidateURLSessionOperation.swift */ = {isa = PBXFileReference; lastKnownFileType = sourcecode.swift; path = CancelAllTasksAndInvalidateURLSessionOperation.swift; sourceTree = "<group>"; };
		C46EE39B200E0E9200A76F50 /* ObvNetworkSendDelegateManager.swift */ = {isa = PBXFileReference; lastKnownFileType = sourcecode.swift; path = ObvNetworkSendDelegateManager.swift; sourceTree = "<group>"; };
		C48535802178983C0059A150 /* UploadAttachmentChunksDelegate.swift */ = {isa = PBXFileReference; lastKnownFileType = sourcecode.swift; path = UploadAttachmentChunksDelegate.swift; sourceTree = "<group>"; };
		C486DC9F24902BCC000B9597 /* RecreatingURLSessionForCallingUIKitCompletionHandlerOperation.swift */ = {isa = PBXFileReference; lastKnownFileType = sourcecode.swift; path = RecreatingURLSessionForCallingUIKitCompletionHandlerOperation.swift; sourceTree = "<group>"; };
		C48FE95622E9FE8700CC6BBE /* FailedFetchAttemptsCounterManager.swift */ = {isa = PBXFileReference; lastKnownFileType = sourcecode.swift; path = FailedFetchAttemptsCounterManager.swift; sourceTree = "<group>"; };
		C494A3971FE43833004F248D /* ObvNetworkSendManagerImplementation.swift */ = {isa = PBXFileReference; lastKnownFileType = sourcecode.swift; path = ObvNetworkSendManagerImplementation.swift; sourceTree = "<group>"; };
		C49D930A20F50910006DF0DD /* UploadMessageAndGetUidsCoordinator.swift */ = {isa = PBXFileReference; lastKnownFileType = sourcecode.swift; path = UploadMessageAndGetUidsCoordinator.swift; sourceTree = "<group>"; };
		C49D931420F50B00006DF0DD /* UploadMessageAndGetUidDelegate.swift */ = {isa = PBXFileReference; lastKnownFileType = sourcecode.swift; path = UploadMessageAndGetUidDelegate.swift; sourceTree = "<group>"; };
		C4A1690820C42C6B00DC605C /* TryToDeleteMessageAndAttachmentsCoordinator.swift */ = {isa = PBXFileReference; lastKnownFileType = sourcecode.swift; path = TryToDeleteMessageAndAttachmentsCoordinator.swift; sourceTree = "<group>"; };
		C4A1691220C42C9A00DC605C /* TryToDeleteMessageAndAttachmentsDelegate.swift */ = {isa = PBXFileReference; lastKnownFileType = sourcecode.swift; path = TryToDeleteMessageAndAttachmentsDelegate.swift; sourceTree = "<group>"; };
		C4AC7C821FA3FE2500E2AEC3 /* OutboxAttachment.swift */ = {isa = PBXFileReference; lastKnownFileType = sourcecode.swift; path = OutboxAttachment.swift; sourceTree = "<group>"; };
		C4AC7C8A1FA3FF5F00E2AEC3 /* MessageHeader.swift */ = {isa = PBXFileReference; lastKnownFileType = sourcecode.swift; path = MessageHeader.swift; sourceTree = "<group>"; };
		C4B4C271249138ED00431673 /* ManuallyAcknowledgeChunksThenInvalidateAndCancelAndDeleteOutboxAttachmentSessionOperation.swift */ = {isa = PBXFileReference; lastKnownFileType = sourcecode.swift; path = ManuallyAcknowledgeChunksThenInvalidateAndCancelAndDeleteOutboxAttachmentSessionOperation.swift; sourceTree = "<group>"; };
		C4B910E023DA4AC100949EF6 /* SendRetryManager.swift */ = {isa = PBXFileReference; lastKnownFileType = sourcecode.swift; path = SendRetryManager.swift; sourceTree = "<group>"; };
		C4BEEDF122E5D3D400F01BAD /* DownloadPrivateURLsForAttachmentChunksUploadDelegate.swift */ = {isa = PBXFileReference; lastKnownFileType = sourcecode.swift; path = DownloadPrivateURLsForAttachmentChunksUploadDelegate.swift; sourceTree = "<group>"; };
		C4BF0D52219F6C730042F9B8 /* ObvCrypto.xcodeproj */ = {isa = PBXFileReference; lastKnownFileType = "wrapper.pb-project"; name = ObvCrypto.xcodeproj; path = ../ObvCrypto/ObvCrypto.xcodeproj; sourceTree = "<group>"; };
		C4BF0D5E219F6C9E0042F9B8 /* ObvServerInterface.xcodeproj */ = {isa = PBXFileReference; lastKnownFileType = "wrapper.pb-project"; name = ObvServerInterface.xcodeproj; path = ../ObvServerInterface/ObvServerInterface.xcodeproj; sourceTree = "<group>"; };
		C4BF0D68219F6CBF0042F9B8 /* ObvOperation.xcodeproj */ = {isa = PBXFileReference; lastKnownFileType = "wrapper.pb-project"; name = ObvOperation.xcodeproj; path = ../ObvOperation/ObvOperation.xcodeproj; sourceTree = "<group>"; };
		C4BF0D70219F6CD00042F9B8 /* ObvMetaManager.xcodeproj */ = {isa = PBXFileReference; lastKnownFileType = "wrapper.pb-project"; name = ObvMetaManager.xcodeproj; path = ../ObvMetaManager/ObvMetaManager.xcodeproj; sourceTree = "<group>"; };
		C4C37809248866CA00ACC141 /* OutboxAttachmentChunk.swift */ = {isa = PBXFileReference; lastKnownFileType = sourcecode.swift; path = OutboxAttachmentChunk.swift; sourceTree = "<group>"; };
		C4C62DF5248ADF7100287601 /* UploadAttachmentChunksSessionDelegate.swift */ = {isa = PBXFileReference; lastKnownFileType = sourcecode.swift; path = UploadAttachmentChunksSessionDelegate.swift; sourceTree = "<group>"; };
		C4C62EB2248AFF0200287601 /* ReCreateURLSessionWithNewDelegateForAttachmentUploadOperation.swift */ = {isa = PBXFileReference; lastKnownFileType = sourcecode.swift; path = ReCreateURLSessionWithNewDelegateForAttachmentUploadOperation.swift; sourceTree = "<group>"; };
		C4C62EB8248B05CB00287601 /* EncryptAttachmentChunkOperation.swift */ = {isa = PBXFileReference; lastKnownFileType = sourcecode.swift; path = EncryptAttachmentChunkOperation.swift; sourceTree = "<group>"; };
		C4C62EBA248B0D9600287601 /* ResumeEncryptedChunkUploadTasksIfRequiredOperation.swift */ = {isa = PBXFileReference; lastKnownFileType = sourcecode.swift; path = ResumeEncryptedChunkUploadTasksIfRequiredOperation.swift; sourceTree = "<group>"; };
		C4C62EE1248BC5DA00287601 /* OutboxAttachmentSession.swift */ = {isa = PBXFileReference; lastKnownFileType = sourcecode.swift; path = OutboxAttachmentSession.swift; sourceTree = "<group>"; };
		C4CA735D248D5E0700EB559B /* GetSignedURLsSessionDelegate.swift */ = {isa = PBXFileReference; lastKnownFileType = sourcecode.swift; path = GetSignedURLsSessionDelegate.swift; sourceTree = "<group>"; };
		C4CA7376248D62C800EB559B /* DeletePreviousAttachmentSignedURLsOperation.swift */ = {isa = PBXFileReference; lastKnownFileType = sourcecode.swift; path = DeletePreviousAttachmentSignedURLsOperation.swift; sourceTree = "<group>"; };
		C4CA737A248D640C00EB559B /* ResumeTaskForGettingAttachmentSignedURLsOperation.swift */ = {isa = PBXFileReference; lastKnownFileType = sourcecode.swift; path = ResumeTaskForGettingAttachmentSignedURLsOperation.swift; sourceTree = "<group>"; };
		C4DD461425101C3600C4666E /* DeleteOutboxAttachmentSessionOperation.swift */ = {isa = PBXFileReference; lastKnownFileType = sourcecode.swift; path = DeleteOutboxAttachmentSessionOperation.swift; sourceTree = "<group>"; };
		C4E9B8F624A9E6740075BAE6 /* QueryServerForAttachmentsProgressesSentByShareExtensionOperation.swift */ = {isa = PBXFileReference; lastKnownFileType = sourcecode.swift; path = QueryServerForAttachmentsProgressesSentByShareExtensionOperation.swift; sourceTree = "<group>"; };
/* End PBXFileReference section */

/* Begin PBXFrameworksBuildPhase section */
		C428A2031FA36BDA002F1538 /* Frameworks */ = {
			isa = PBXFrameworksBuildPhase;
			buildActionMask = 2147483647;
			files = (
				C4BF0D79219F6CD30042F9B8 /* ObvMetaManager.framework in Frameworks */,
				C43E2A9C26A7172300982C5E /* OlvidUtils.framework in Frameworks */,
				C4BF0D6F219F6CC20042F9B8 /* ObvOperation.framework in Frameworks */,
				C4BF0D67219F6CAF0042F9B8 /* ObvServerInterface.framework in Frameworks */,
				C4BF0D5D219F6C760042F9B8 /* ObvCrypto.framework in Frameworks */,
			);
			runOnlyForDeploymentPostprocessing = 0;
		};
/* End PBXFrameworksBuildPhase section */

/* Begin PBXGroup section */
		C405177C250BDEAE00B660DC /* CancellingAttachmentUploadOperations */ = {
			isa = PBXGroup;
			children = (
				C4051774250BD94F00B660DC /* MarkAttachmentAsCancelledOperation.swift */,
				C4688919250C248A00EE0754 /* CancelAllTasksAndInvalidateURLSessionOperation.swift */,
				C4DD461425101C3600C4666E /* DeleteOutboxAttachmentSessionOperation.swift */,
			);
			path = CancellingAttachmentUploadOperations;
			sourceTree = "<group>";
		};
		C428A1FD1FA36BDA002F1538 = {
			isa = PBXGroup;
			children = (
				C0B4A4F5276F5B2800816D8D /* .swiftlint.yml */,
				C428A2091FA36BDA002F1538 /* ObvNetworkSendManager */,
				C428A2081FA36BDA002F1538 /* Products */,
				C428A2331FA38558002F1538 /* Frameworks */,
			);
			sourceTree = "<group>";
		};
		C428A2081FA36BDA002F1538 /* Products */ = {
			isa = PBXGroup;
			children = (
				C428A2071FA36BDA002F1538 /* ObvNetworkSendManager.framework */,
			);
			name = Products;
			sourceTree = "<group>";
		};
		C428A2091FA36BDA002F1538 /* ObvNetworkSendManager */ = {
			isa = PBXGroup;
			children = (
				C46EE39B200E0E9200A76F50 /* ObvNetworkSendDelegateManager.swift */,
				C494A3971FE43833004F248D /* ObvNetworkSendManagerImplementation.swift */,
				C420071621DD87350084E04C /* ObvNetworkSendManagerImplementationDummy.swift */,
				C48FE95622E9FE8700CC6BBE /* FailedFetchAttemptsCounterManager.swift */,
				C4B910E023DA4AC100949EF6 /* SendRetryManager.swift */,
				C40A354A24701C3700F539E7 /* BootstrapWorker.swift */,
				C446B9202493D147003E0151 /* InternalNotification.swift */,
				C46EE3AB200E0FB800A76F50 /* InternalDelegates */,
				C489A2EA20C0477700EE6B1C /* Coordinators */,
				C4AC7C8C1FA3FFC400E2AEC3 /* CoreData */,
				C428A20A1FA36BDA002F1538 /* ObvNetworkSendManager.h */,
				C428A20B1FA36BDA002F1538 /* Info.plist */,
			);
			path = ObvNetworkSendManager;
			sourceTree = "<group>";
		};
		C428A2331FA38558002F1538 /* Frameworks */ = {
			isa = PBXGroup;
			children = (
				C43E2A9226A7171C00982C5E /* OlvidUtils.xcodeproj */,
				C4BF0D70219F6CD00042F9B8 /* ObvMetaManager.xcodeproj */,
				C4BF0D68219F6CBF0042F9B8 /* ObvOperation.xcodeproj */,
				C4BF0D5E219F6C9E0042F9B8 /* ObvServerInterface.xcodeproj */,
				C4BF0D52219F6C730042F9B8 /* ObvCrypto.xcodeproj */,
			);
			name = Frameworks;
			sourceTree = "<group>";
		};
		C43E2A9326A7171C00982C5E /* Products */ = {
			isa = PBXGroup;
			children = (
				C43E2A9B26A7171C00982C5E /* OlvidUtils.framework */,
			);
			name = Products;
			sourceTree = "<group>";
		};
		C46EE3AB200E0FB800A76F50 /* InternalDelegates */ = {
			isa = PBXGroup;
			children = (
				C457060D20C132DC00AC9E23 /* NetworkSendFlowDelegate.swift */,
				C49D931420F50B00006DF0DD /* UploadMessageAndGetUidDelegate.swift */,
				C48535802178983C0059A150 /* UploadAttachmentChunksDelegate.swift */,
				C4A1691220C42C9A00DC605C /* TryToDeleteMessageAndAttachmentsDelegate.swift */,
				C4BEEDF122E5D3D400F01BAD /* DownloadPrivateURLsForAttachmentChunksUploadDelegate.swift */,
			);
			path = InternalDelegates;
			sourceTree = "<group>";
		};
		C486DC9A24902B99000B9597 /* CallingURLSessionCompletionHandlerFromUIKit */ = {
			isa = PBXGroup;
			children = (
				C486DC9F24902BCC000B9597 /* RecreatingURLSessionForCallingUIKitCompletionHandlerOperation.swift */,
			);
			path = CallingURLSessionCompletionHandlerFromUIKit;
			sourceTree = "<group>";
		};
		C489A2EA20C0477700EE6B1C /* Coordinators */ = {
			isa = PBXGroup;
			children = (
				C457060320C132BF00AC9E23 /* NetworkSendFlowCoordinator.swift */,
				C49D930A20F50910006DF0DD /* UploadMessageAndGetUidsCoordinator.swift */,
				C4A1690820C42C6B00DC605C /* TryToDeleteMessageAndAttachmentsCoordinator.swift */,
				C4CA7406248E435600EB559B /* UploadAttachmentChunksCoordinator */,
			);
			path = Coordinators;
			sourceTree = "<group>";
		};
		C4AC7C8C1FA3FFC400E2AEC3 /* CoreData */ = {
			isa = PBXGroup;
			children = (
				C4AC7C8A1FA3FF5F00E2AEC3 /* MessageHeader.swift */,
				C4AC7C821FA3FE2500E2AEC3 /* OutboxAttachment.swift */,
				C4C37809248866CA00ACC141 /* OutboxAttachmentChunk.swift */,
				C4C62EE1248BC5DA00287601 /* OutboxAttachmentSession.swift */,
				C428A2361FA38598002F1538 /* OutboxMessage.swift */,
				C441D5DC24A3BE3000B2E3B0 /* DeletedOutboxMessage.swift */,
			);
			path = CoreData;
			sourceTree = "<group>";
		};
		C4B4C26C249136E800431673 /* CleanExistingOutboxAttachmentSessions */ = {
			isa = PBXGroup;
			children = (
				C4B4C271249138ED00431673 /* ManuallyAcknowledgeChunksThenInvalidateAndCancelAndDeleteOutboxAttachmentSessionOperation.swift */,
			);
			path = CleanExistingOutboxAttachmentSessions;
			sourceTree = "<group>";
		};
		C4BF0D53219F6C730042F9B8 /* Products */ = {
			isa = PBXGroup;
			children = (
				C4BF0D5C219F6C730042F9B8 /* ObvCrypto.framework */,
			);
			name = Products;
			sourceTree = "<group>";
		};
		C4BF0D5F219F6C9E0042F9B8 /* Products */ = {
			isa = PBXGroup;
			children = (
				C4BF0D66219F6C9E0042F9B8 /* ObvServerInterface.framework */,
			);
			name = Products;
			sourceTree = "<group>";
		};
		C4BF0D69219F6CBF0042F9B8 /* Products */ = {
			isa = PBXGroup;
			children = (
				C4BF0D6E219F6CBF0042F9B8 /* ObvOperation.framework */,
			);
			name = Products;
			sourceTree = "<group>";
		};
		C4BF0D71219F6CD00042F9B8 /* Products */ = {
			isa = PBXGroup;
			children = (
				C4BF0D78219F6CD00042F9B8 /* ObvMetaManager.framework */,
			);
			name = Products;
			sourceTree = "<group>";
		};
		C4CA7375248D621B00EB559B /* GettingAttachmentSignedURLs */ = {
			isa = PBXGroup;
			children = (
				C4CA7376248D62C800EB559B /* DeletePreviousAttachmentSignedURLsOperation.swift */,
				C4CA737A248D640C00EB559B /* ResumeTaskForGettingAttachmentSignedURLsOperation.swift */,
			);
			path = GettingAttachmentSignedURLs;
			sourceTree = "<group>";
		};
		C4CA7406248E435600EB559B /* UploadAttachmentChunksCoordinator */ = {
			isa = PBXGroup;
			children = (
				C4175AEF2177E84300B7213F /* UploadAttachmentChunksCoordinator.swift */,
				C4CA740C248E442000EB559B /* Operations */,
				C4CA740D248E442B00EB559B /* SessionDelegates */,
			);
			path = UploadAttachmentChunksCoordinator;
			sourceTree = "<group>";
		};
		C4CA740B248E436600EB559B /* UploadingChunksOperations */ = {
			isa = PBXGroup;
			children = (
				C4C62EB2248AFF0200287601 /* ReCreateURLSessionWithNewDelegateForAttachmentUploadOperation.swift */,
				C4C62EB8248B05CB00287601 /* EncryptAttachmentChunkOperation.swift */,
				C4C62EBA248B0D9600287601 /* ResumeEncryptedChunkUploadTasksIfRequiredOperation.swift */,
				C434EDF7248C4C4B002BBB4C /* FinalizePostAttachmentUploadRequestOperation.swift */,
			);
			path = UploadingChunksOperations;
			sourceTree = "<group>";
		};
		C4CA740C248E442000EB559B /* Operations */ = {
			isa = PBXGroup;
			children = (
				C4E9B8F124A9E5F90075BAE6 /* QueryServerForAttachmentsProgressesSentByShareExtension */,
				C4B4C26C249136E800431673 /* CleanExistingOutboxAttachmentSessions */,
				C4CA7375248D621B00EB559B /* GettingAttachmentSignedURLs */,
				C4CA740B248E436600EB559B /* UploadingChunksOperations */,
				C486DC9A24902B99000B9597 /* CallingURLSessionCompletionHandlerFromUIKit */,
				C405177C250BDEAE00B660DC /* CancellingAttachmentUploadOperations */,
			);
			path = Operations;
			sourceTree = "<group>";
		};
		C4CA740D248E442B00EB559B /* SessionDelegates */ = {
			isa = PBXGroup;
			children = (
				C4CA735D248D5E0700EB559B /* GetSignedURLsSessionDelegate.swift */,
				C4C62DF5248ADF7100287601 /* UploadAttachmentChunksSessionDelegate.swift */,
			);
			path = SessionDelegates;
			sourceTree = "<group>";
		};
		C4E9B8F124A9E5F90075BAE6 /* QueryServerForAttachmentsProgressesSentByShareExtension */ = {
			isa = PBXGroup;
			children = (
				C4E9B8F624A9E6740075BAE6 /* QueryServerForAttachmentsProgressesSentByShareExtensionOperation.swift */,
			);
			path = QueryServerForAttachmentsProgressesSentByShareExtension;
			sourceTree = "<group>";
		};
/* End PBXGroup section */

/* Begin PBXHeadersBuildPhase section */
		C428A2041FA36BDA002F1538 /* Headers */ = {
			isa = PBXHeadersBuildPhase;
			buildActionMask = 2147483647;
			files = (
				C428A2181FA36BDA002F1538 /* ObvNetworkSendManager.h in Headers */,
			);
			runOnlyForDeploymentPostprocessing = 0;
		};
/* End PBXHeadersBuildPhase section */

/* Begin PBXNativeTarget section */
		C428A2061FA36BDA002F1538 /* ObvNetworkSendManager */ = {
			isa = PBXNativeTarget;
			buildConfigurationList = C428A21B1FA36BDA002F1538 /* Build configuration list for PBXNativeTarget "ObvNetworkSendManager" */;
			buildPhases = (
				C428A2041FA36BDA002F1538 /* Headers */,
				C428A2021FA36BDA002F1538 /* Sources */,
				C428A2031FA36BDA002F1538 /* Frameworks */,
				C428A2051FA36BDA002F1538 /* Resources */,
				C0B4A4FC276F5B4200816D8D /* ShellScript */,
			);
			buildRules = (
			);
			dependencies = (
			);
			name = ObvNetworkSendManager;
			productName = ObvNetworkSendManager;
			productReference = C428A2071FA36BDA002F1538 /* ObvNetworkSendManager.framework */;
			productType = "com.apple.product-type.framework";
		};
/* End PBXNativeTarget section */

/* Begin PBXProject section */
		C428A1FE1FA36BDA002F1538 /* Project object */ = {
			isa = PBXProject;
			attributes = {
				LastSwiftUpdateCheck = 0900;
				LastUpgradeCheck = 1320;
				ORGANIZATIONNAME = Olvid;
				TargetAttributes = {
					C428A2061FA36BDA002F1538 = {
						CreatedOnToolsVersion = 9.0.1;
						LastSwiftMigration = 1020;
						ProvisioningStyle = Automatic;
					};
				};
			};
			buildConfigurationList = C428A2011FA36BDA002F1538 /* Build configuration list for PBXProject "ObvNetworkSendManager" */;
			compatibilityVersion = "Xcode 8.0";
			developmentRegion = en;
			hasScannedForEncodings = 0;
			knownRegions = (
				en,
				Base,
			);
			mainGroup = C428A1FD1FA36BDA002F1538;
			productRefGroup = C428A2081FA36BDA002F1538 /* Products */;
			projectDirPath = "";
			projectReferences = (
				{
					ProductGroup = C4BF0D53219F6C730042F9B8 /* Products */;
					ProjectRef = C4BF0D52219F6C730042F9B8 /* ObvCrypto.xcodeproj */;
				},
				{
					ProductGroup = C4BF0D71219F6CD00042F9B8 /* Products */;
					ProjectRef = C4BF0D70219F6CD00042F9B8 /* ObvMetaManager.xcodeproj */;
				},
				{
					ProductGroup = C4BF0D69219F6CBF0042F9B8 /* Products */;
					ProjectRef = C4BF0D68219F6CBF0042F9B8 /* ObvOperation.xcodeproj */;
				},
				{
					ProductGroup = C4BF0D5F219F6C9E0042F9B8 /* Products */;
					ProjectRef = C4BF0D5E219F6C9E0042F9B8 /* ObvServerInterface.xcodeproj */;
				},
				{
					ProductGroup = C43E2A9326A7171C00982C5E /* Products */;
					ProjectRef = C43E2A9226A7171C00982C5E /* OlvidUtils.xcodeproj */;
				},
			);
			projectRoot = "";
			targets = (
				C428A2061FA36BDA002F1538 /* ObvNetworkSendManager */,
			);
		};
/* End PBXProject section */

/* Begin PBXReferenceProxy section */
		C43E2A9B26A7171C00982C5E /* OlvidUtils.framework */ = {
			isa = PBXReferenceProxy;
			fileType = wrapper.framework;
			path = OlvidUtils.framework;
			remoteRef = C43E2A9A26A7171C00982C5E /* PBXContainerItemProxy */;
			sourceTree = BUILT_PRODUCTS_DIR;
		};
		C4BF0D5C219F6C730042F9B8 /* ObvCrypto.framework */ = {
			isa = PBXReferenceProxy;
			fileType = wrapper.framework;
			path = ObvCrypto.framework;
			remoteRef = C4BF0D5B219F6C730042F9B8 /* PBXContainerItemProxy */;
			sourceTree = BUILT_PRODUCTS_DIR;
		};
		C4BF0D66219F6C9E0042F9B8 /* ObvServerInterface.framework */ = {
			isa = PBXReferenceProxy;
			fileType = wrapper.framework;
			path = ObvServerInterface.framework;
			remoteRef = C4BF0D65219F6C9E0042F9B8 /* PBXContainerItemProxy */;
			sourceTree = BUILT_PRODUCTS_DIR;
		};
		C4BF0D6E219F6CBF0042F9B8 /* ObvOperation.framework */ = {
			isa = PBXReferenceProxy;
			fileType = wrapper.framework;
			path = ObvOperation.framework;
			remoteRef = C4BF0D6D219F6CBF0042F9B8 /* PBXContainerItemProxy */;
			sourceTree = BUILT_PRODUCTS_DIR;
		};
		C4BF0D78219F6CD00042F9B8 /* ObvMetaManager.framework */ = {
			isa = PBXReferenceProxy;
			fileType = wrapper.framework;
			path = ObvMetaManager.framework;
			remoteRef = C4BF0D77219F6CD00042F9B8 /* PBXContainerItemProxy */;
			sourceTree = BUILT_PRODUCTS_DIR;
		};
/* End PBXReferenceProxy section */

/* Begin PBXResourcesBuildPhase section */
		C428A2051FA36BDA002F1538 /* Resources */ = {
			isa = PBXResourcesBuildPhase;
			buildActionMask = 2147483647;
			files = (
			);
			runOnlyForDeploymentPostprocessing = 0;
		};
/* End PBXResourcesBuildPhase section */

/* Begin PBXShellScriptBuildPhase section */
		C0B4A4FC276F5B4200816D8D /* ShellScript */ = {
			isa = PBXShellScriptBuildPhase;
			alwaysOutOfDate = 1;
			buildActionMask = 2147483647;
			files = (
			);
			inputFileListPaths = (
			);
			inputPaths = (
			);
			outputFileListPaths = (
			);
			outputPaths = (
			);
			runOnlyForDeploymentPostprocessing = 0;
			shellPath = /bin/sh;
			shellScript = "PATH=${PATH}:~/.mint/bin/\nif which swiftlint >/dev/null; then\n  swiftlint\nelse\n  echo \"warning: SwiftLint not installed, download from https://github.com/realm/SwiftLint\"\nfi\n";
		};
/* End PBXShellScriptBuildPhase section */

/* Begin PBXSourcesBuildPhase section */
		C428A2021FA36BDA002F1538 /* Sources */ = {
			isa = PBXSourcesBuildPhase;
			buildActionMask = 2147483647;
			files = (
				C4C62EB9248B05CB00287601 /* EncryptAttachmentChunkOperation.swift in Sources */,
				C4BEEDF222E5D3D400F01BAD /* DownloadPrivateURLsForAttachmentChunksUploadDelegate.swift in Sources */,
				C441D5DD24A3BE3000B2E3B0 /* DeletedOutboxMessage.swift in Sources */,
				C457060420C132BF00AC9E23 /* NetworkSendFlowCoordinator.swift in Sources */,
				C49D931520F50B00006DF0DD /* UploadMessageAndGetUidDelegate.swift in Sources */,
				C4B4C272249138ED00431673 /* ManuallyAcknowledgeChunksThenInvalidateAndCancelAndDeleteOutboxAttachmentSessionOperation.swift in Sources */,
				C4C62EE2248BC5DA00287601 /* OutboxAttachmentSession.swift in Sources */,
				C40A354B24701C3700F539E7 /* BootstrapWorker.swift in Sources */,
				C49D930B20F50910006DF0DD /* UploadMessageAndGetUidsCoordinator.swift in Sources */,
				C468891A250C248A00EE0754 /* CancelAllTasksAndInvalidateURLSessionOperation.swift in Sources */,
				C4CA737B248D640C00EB559B /* ResumeTaskForGettingAttachmentSignedURLsOperation.swift in Sources */,
				C4C62EBB248B0D9600287601 /* ResumeEncryptedChunkUploadTasksIfRequiredOperation.swift in Sources */,
				C457060E20C132DC00AC9E23 /* NetworkSendFlowDelegate.swift in Sources */,
				C486DCA024902BCC000B9597 /* RecreatingURLSessionForCallingUIKitCompletionHandlerOperation.swift in Sources */,
				C48535812178983C0059A150 /* UploadAttachmentChunksDelegate.swift in Sources */,
				C4C62EB3248AFF0200287601 /* ReCreateURLSessionWithNewDelegateForAttachmentUploadOperation.swift in Sources */,
				C48FE95722E9FE8700CC6BBE /* FailedFetchAttemptsCounterManager.swift in Sources */,
				C4C3780A248866CA00ACC141 /* OutboxAttachmentChunk.swift in Sources */,
				C420071721DD87350084E04C /* ObvNetworkSendManagerImplementationDummy.swift in Sources */,
				C4AC7C8B1FA3FF5F00E2AEC3 /* MessageHeader.swift in Sources */,
				C4AC7C831FA3FE2500E2AEC3 /* OutboxAttachment.swift in Sources */,
				C46EE39C200E0E9200A76F50 /* ObvNetworkSendDelegateManager.swift in Sources */,
				C494A3981FE43833004F248D /* ObvNetworkSendManagerImplementation.swift in Sources */,
				C4175AF02177E84300B7213F /* UploadAttachmentChunksCoordinator.swift in Sources */,
				C4DD461525101C3600C4666E /* DeleteOutboxAttachmentSessionOperation.swift in Sources */,
				C4CA735E248D5E0700EB559B /* GetSignedURLsSessionDelegate.swift in Sources */,
				C4E9B8F724A9E6740075BAE6 /* QueryServerForAttachmentsProgressesSentByShareExtensionOperation.swift in Sources */,
				C4A1690920C42C6B00DC605C /* TryToDeleteMessageAndAttachmentsCoordinator.swift in Sources */,
				C4051775250BD94F00B660DC /* MarkAttachmentAsCancelledOperation.swift in Sources */,
				C428A2371FA38598002F1538 /* OutboxMessage.swift in Sources */,
				C434EDF8248C4C4B002BBB4C /* FinalizePostAttachmentUploadRequestOperation.swift in Sources */,
				C4C62DF6248ADF7100287601 /* UploadAttachmentChunksSessionDelegate.swift in Sources */,
				C4CA7377248D62C800EB559B /* DeletePreviousAttachmentSignedURLsOperation.swift in Sources */,
				C446B9212493D147003E0151 /* InternalNotification.swift in Sources */,
				C4A1691320C42C9A00DC605C /* TryToDeleteMessageAndAttachmentsDelegate.swift in Sources */,
				C4B910E123DA4AC100949EF6 /* SendRetryManager.swift in Sources */,
			);
			runOnlyForDeploymentPostprocessing = 0;
		};
/* End PBXSourcesBuildPhase section */

/* Begin XCBuildConfiguration section */
		C428A2191FA36BDA002F1538 /* Debug */ = {
			isa = XCBuildConfiguration;
			buildSettings = {
				ALWAYS_SEARCH_USER_PATHS = NO;
				CLANG_ANALYZER_NONNULL = YES;
				CLANG_ANALYZER_NUMBER_OBJECT_CONVERSION = YES_AGGRESSIVE;
				CLANG_CXX_LANGUAGE_STANDARD = "gnu++14";
				CLANG_CXX_LIBRARY = "libc++";
				CLANG_ENABLE_MODULES = YES;
				CLANG_ENABLE_OBJC_ARC = YES;
				CLANG_WARN_BLOCK_CAPTURE_AUTORELEASING = YES;
				CLANG_WARN_BOOL_CONVERSION = YES;
				CLANG_WARN_COMMA = YES;
				CLANG_WARN_CONSTANT_CONVERSION = YES;
				CLANG_WARN_DEPRECATED_OBJC_IMPLEMENTATIONS = YES;
				CLANG_WARN_DIRECT_OBJC_ISA_USAGE = YES_ERROR;
				CLANG_WARN_DOCUMENTATION_COMMENTS = YES;
				CLANG_WARN_EMPTY_BODY = YES;
				CLANG_WARN_ENUM_CONVERSION = YES;
				CLANG_WARN_INFINITE_RECURSION = YES;
				CLANG_WARN_INT_CONVERSION = YES;
				CLANG_WARN_NON_LITERAL_NULL_CONVERSION = YES;
				CLANG_WARN_OBJC_IMPLICIT_RETAIN_SELF = YES;
				CLANG_WARN_OBJC_LITERAL_CONVERSION = YES;
				CLANG_WARN_OBJC_ROOT_CLASS = YES_ERROR;
				CLANG_WARN_QUOTED_INCLUDE_IN_FRAMEWORK_HEADER = YES;
				CLANG_WARN_RANGE_LOOP_ANALYSIS = YES;
				CLANG_WARN_STRICT_PROTOTYPES = YES;
				CLANG_WARN_SUSPICIOUS_MOVE = YES;
				CLANG_WARN_UNGUARDED_AVAILABILITY = YES_AGGRESSIVE;
				CLANG_WARN_UNREACHABLE_CODE = YES;
				CLANG_WARN__DUPLICATE_METHOD_MATCH = YES;
				CODE_SIGN_IDENTITY = "iPhone Developer";
				COPY_PHASE_STRIP = NO;
				CURRENT_PROJECT_VERSION = 1;
				DEBUG_INFORMATION_FORMAT = dwarf;
				ENABLE_STRICT_OBJC_MSGSEND = YES;
				ENABLE_TESTABILITY = YES;
				GCC_C_LANGUAGE_STANDARD = gnu11;
				GCC_DYNAMIC_NO_PIC = NO;
				GCC_NO_COMMON_BLOCKS = YES;
				GCC_OPTIMIZATION_LEVEL = 0;
				GCC_PREPROCESSOR_DEFINITIONS = (
					"DEBUG=1",
					"$(inherited)",
				);
				GCC_WARN_64_TO_32_BIT_CONVERSION = YES;
				GCC_WARN_ABOUT_RETURN_TYPE = YES_ERROR;
				GCC_WARN_UNDECLARED_SELECTOR = YES;
				GCC_WARN_UNINITIALIZED_AUTOS = YES_AGGRESSIVE;
				GCC_WARN_UNUSED_FUNCTION = YES;
				GCC_WARN_UNUSED_VARIABLE = YES;
				IPHONEOS_DEPLOYMENT_TARGET = 13.0;
				MTL_ENABLE_DEBUG_INFO = YES;
				ONLY_ACTIVE_ARCH = YES;
				SDKROOT = iphoneos;
				SWIFT_ACTIVE_COMPILATION_CONDITIONS = DEBUG;
				SWIFT_OPTIMIZATION_LEVEL = "-Onone";
				VERSIONING_SYSTEM = "apple-generic";
				VERSION_INFO_PREFIX = "";
			};
			name = Debug;
		};
		C428A21A1FA36BDA002F1538 /* Release */ = {
			isa = XCBuildConfiguration;
			buildSettings = {
				ALWAYS_SEARCH_USER_PATHS = NO;
				CLANG_ANALYZER_NONNULL = YES;
				CLANG_ANALYZER_NUMBER_OBJECT_CONVERSION = YES_AGGRESSIVE;
				CLANG_CXX_LANGUAGE_STANDARD = "gnu++14";
				CLANG_CXX_LIBRARY = "libc++";
				CLANG_ENABLE_MODULES = YES;
				CLANG_ENABLE_OBJC_ARC = YES;
				CLANG_WARN_BLOCK_CAPTURE_AUTORELEASING = YES;
				CLANG_WARN_BOOL_CONVERSION = YES;
				CLANG_WARN_COMMA = YES;
				CLANG_WARN_CONSTANT_CONVERSION = YES;
				CLANG_WARN_DEPRECATED_OBJC_IMPLEMENTATIONS = YES;
				CLANG_WARN_DIRECT_OBJC_ISA_USAGE = YES_ERROR;
				CLANG_WARN_DOCUMENTATION_COMMENTS = YES;
				CLANG_WARN_EMPTY_BODY = YES;
				CLANG_WARN_ENUM_CONVERSION = YES;
				CLANG_WARN_INFINITE_RECURSION = YES;
				CLANG_WARN_INT_CONVERSION = YES;
				CLANG_WARN_NON_LITERAL_NULL_CONVERSION = YES;
				CLANG_WARN_OBJC_IMPLICIT_RETAIN_SELF = YES;
				CLANG_WARN_OBJC_LITERAL_CONVERSION = YES;
				CLANG_WARN_OBJC_ROOT_CLASS = YES_ERROR;
				CLANG_WARN_QUOTED_INCLUDE_IN_FRAMEWORK_HEADER = YES;
				CLANG_WARN_RANGE_LOOP_ANALYSIS = YES;
				CLANG_WARN_STRICT_PROTOTYPES = YES;
				CLANG_WARN_SUSPICIOUS_MOVE = YES;
				CLANG_WARN_UNGUARDED_AVAILABILITY = YES_AGGRESSIVE;
				CLANG_WARN_UNREACHABLE_CODE = YES;
				CLANG_WARN__DUPLICATE_METHOD_MATCH = YES;
				CODE_SIGN_IDENTITY = "iPhone Developer";
				COPY_PHASE_STRIP = NO;
				CURRENT_PROJECT_VERSION = 1;
				DEBUG_INFORMATION_FORMAT = "dwarf-with-dsym";
				ENABLE_NS_ASSERTIONS = NO;
				ENABLE_STRICT_OBJC_MSGSEND = YES;
				GCC_C_LANGUAGE_STANDARD = gnu11;
				GCC_NO_COMMON_BLOCKS = YES;
				GCC_WARN_64_TO_32_BIT_CONVERSION = YES;
				GCC_WARN_ABOUT_RETURN_TYPE = YES_ERROR;
				GCC_WARN_UNDECLARED_SELECTOR = YES;
				GCC_WARN_UNINITIALIZED_AUTOS = YES_AGGRESSIVE;
				GCC_WARN_UNUSED_FUNCTION = YES;
				GCC_WARN_UNUSED_VARIABLE = YES;
				IPHONEOS_DEPLOYMENT_TARGET = 13.0;
				MTL_ENABLE_DEBUG_INFO = NO;
				SDKROOT = iphoneos;
				SWIFT_COMPILATION_MODE = wholemodule;
				SWIFT_OPTIMIZATION_LEVEL = "-O";
				VALIDATE_PRODUCT = YES;
				VERSIONING_SYSTEM = "apple-generic";
				VERSION_INFO_PREFIX = "";
			};
			name = Release;
		};
		C428A21C1FA36BDA002F1538 /* Debug */ = {
			isa = XCBuildConfiguration;
			buildSettings = {
				APPLICATION_EXTENSION_API_ONLY = YES;
				CLANG_ENABLE_MODULES = YES;
				CODE_SIGN_IDENTITY = "";
				CODE_SIGN_STYLE = Automatic;
				DEFINES_MODULE = YES;
				DEVELOPMENT_TEAM = "";
				DYLIB_COMPATIBILITY_VERSION = 1;
				DYLIB_CURRENT_VERSION = 1;
				DYLIB_INSTALL_NAME_BASE = "@rpath";
				INFOPLIST_FILE = ObvNetworkSendManager/Info.plist;
				INSTALL_PATH = "$(LOCAL_LIBRARY_DIR)/Frameworks";
				IPHONEOS_DEPLOYMENT_TARGET = 13.0;
				LD_RUNPATH_SEARCH_PATHS = (
					"$(inherited)",
					"@executable_path/Frameworks",
					"@loader_path/Frameworks",
				);
				PRODUCT_BUNDLE_IDENTIFIER = io.olvid.ObvNetworkSendManager;
				PRODUCT_NAME = "$(TARGET_NAME:c99extidentifier)";
				SKIP_INSTALL = YES;
				SWIFT_OPTIMIZATION_LEVEL = "-Onone";
				SWIFT_VERSION = 5.0;
				TARGETED_DEVICE_FAMILY = "1,2";
			};
			name = Debug;
		};
		C428A21D1FA36BDA002F1538 /* Release */ = {
			isa = XCBuildConfiguration;
			buildSettings = {
				APPLICATION_EXTENSION_API_ONLY = YES;
				CLANG_ENABLE_MODULES = YES;
				CODE_SIGN_IDENTITY = "";
				CODE_SIGN_STYLE = Automatic;
				DEFINES_MODULE = YES;
				DEVELOPMENT_TEAM = "";
				DYLIB_COMPATIBILITY_VERSION = 1;
				DYLIB_CURRENT_VERSION = 1;
				DYLIB_INSTALL_NAME_BASE = "@rpath";
				INFOPLIST_FILE = ObvNetworkSendManager/Info.plist;
				INSTALL_PATH = "$(LOCAL_LIBRARY_DIR)/Frameworks";
				IPHONEOS_DEPLOYMENT_TARGET = 13.0;
				LD_RUNPATH_SEARCH_PATHS = (
					"$(inherited)",
					"@executable_path/Frameworks",
					"@loader_path/Frameworks",
				);
				PRODUCT_BUNDLE_IDENTIFIER = io.olvid.ObvNetworkSendManager;
				PRODUCT_NAME = "$(TARGET_NAME:c99extidentifier)";
				SKIP_INSTALL = YES;
				SWIFT_VERSION = 5.0;
				TARGETED_DEVICE_FAMILY = "1,2";
			};
			name = Release;
		};
/* End XCBuildConfiguration section */

/* Begin XCConfigurationList section */
		C428A2011FA36BDA002F1538 /* Build configuration list for PBXProject "ObvNetworkSendManager" */ = {
			isa = XCConfigurationList;
			buildConfigurations = (
				C428A2191FA36BDA002F1538 /* Debug */,
				C428A21A1FA36BDA002F1538 /* Release */,
			);
			defaultConfigurationIsVisible = 0;
			defaultConfigurationName = Release;
		};
		C428A21B1FA36BDA002F1538 /* Build configuration list for PBXNativeTarget "ObvNetworkSendManager" */ = {
			isa = XCConfigurationList;
			buildConfigurations = (
				C428A21C1FA36BDA002F1538 /* Debug */,
				C428A21D1FA36BDA002F1538 /* Release */,
			);
			defaultConfigurationIsVisible = 0;
			defaultConfigurationName = Release;
		};
/* End XCConfigurationList section */
	};
	rootObject = C428A1FE1FA36BDA002F1538 /* Project object */;
}
